// !$*UTF8*$!
{
	archiveVersion = 1;
	classes = {
	};
	objectVersion = 46;
	objects = {

/* Begin PBXAggregateTarget section */
		2CA668A718218334003D0AF1 /* Loopy Framework */ = {
			isa = PBXAggregateTarget;
			buildConfigurationList = 2CA668AA18218334003D0AF1 /* Build configuration list for PBXAggregateTarget "Loopy Framework" */;
			buildPhases = (
				2CA668AB182184EE003D0AF1 /* ShellScript */,
				2CA668AC18218516003D0AF1 /* ShellScript */,
			);
			dependencies = (
			);
			name = "Loopy Framework";
			productName = "Loopy Framework";
		};
/* End PBXAggregateTarget section */

/* Begin PBXBuildFile section */
		1CB707645259CAD0D62685AF /* libPods-IntegrationTests.a in Frameworks */ = {isa = PBXBuildFile; fileRef = 85B62D1EB89700DDAFB7D12F /* libPods-IntegrationTests.a */; };
		2C05A934193928F70010CA08 /* STIdentifierFactory.h in Headers */ = {isa = PBXBuildFile; fileRef = 2C05A932193928F70010CA08 /* STIdentifierFactory.h */; };
		2C05A935193928F70010CA08 /* STIdentifierFactory.m in Sources */ = {isa = PBXBuildFile; fileRef = 2C05A933193928F70010CA08 /* STIdentifierFactory.m */; };
		2C11FCE018FF34F7004733C5 /* STDevice.h in Headers */ = {isa = PBXBuildFile; fileRef = 2C11FCDE18FF34F7004733C5 /* STDevice.h */; };
		2C11FCE118FF34F7004733C5 /* STDevice.m in Sources */ = {isa = PBXBuildFile; fileRef = 2C11FCDF18FF34F7004733C5 /* STDevice.m */; };
		2C11FCE418FF3794004733C5 /* STGeo.h in Headers */ = {isa = PBXBuildFile; fileRef = 2C11FCE218FF3794004733C5 /* STGeo.h */; };
		2C11FCE518FF3794004733C5 /* STGeo.m in Sources */ = {isa = PBXBuildFile; fileRef = 2C11FCE318FF3794004733C5 /* STGeo.m */; };
		2C11FCE818FF390D004733C5 /* STApp.h in Headers */ = {isa = PBXBuildFile; fileRef = 2C11FCE618FF390D004733C5 /* STApp.h */; };
		2C11FCE918FF390D004733C5 /* STApp.m in Sources */ = {isa = PBXBuildFile; fileRef = 2C11FCE718FF390D004733C5 /* STApp.m */; };
		2C11FCEC18FF3A9F004733C5 /* STInstall.h in Headers */ = {isa = PBXBuildFile; fileRef = 2C11FCEA18FF3A9F004733C5 /* STInstall.h */; };
		2C11FCED18FF3A9F004733C5 /* STInstall.m in Sources */ = {isa = PBXBuildFile; fileRef = 2C11FCEB18FF3A9F004733C5 /* STInstall.m */; };
		2C11FCF018FF3DEA004733C5 /* STClient.h in Headers */ = {isa = PBXBuildFile; fileRef = 2C11FCEE18FF3DEA004733C5 /* STClient.h */; };
		2C11FCF118FF3DEA004733C5 /* STClient.m in Sources */ = {isa = PBXBuildFile; fileRef = 2C11FCEF18FF3DEA004733C5 /* STClient.m */; };
		2C11FCF418FF486D004733C5 /* STOpen.h in Headers */ = {isa = PBXBuildFile; fileRef = 2C11FCF218FF486D004733C5 /* STOpen.h */; };
		2C11FCF518FF486D004733C5 /* STOpen.m in Sources */ = {isa = PBXBuildFile; fileRef = 2C11FCF318FF486D004733C5 /* STOpen.m */; };
		2C11FD0C18FF50E9004733C5 /* STObject.h in Headers */ = {isa = PBXBuildFile; fileRef = 2C11FD0A18FF50E9004733C5 /* STObject.h */; };
		2C11FD1018FF50E9004733C5 /* STObject.m in Sources */ = {isa = PBXBuildFile; fileRef = 2C11FD0B18FF50E9004733C5 /* STObject.m */; };
		2C11FD1B19005990004733C5 /* STShare.h in Headers */ = {isa = PBXBuildFile; fileRef = 2C11FD1919005990004733C5 /* STShare.h */; };
		2C11FD1F19005990004733C5 /* STShare.m in Sources */ = {isa = PBXBuildFile; fileRef = 2C11FD1A19005990004733C5 /* STShare.m */; };
		2C11FD2219007192004733C5 /* STShortlink.h in Headers */ = {isa = PBXBuildFile; fileRef = 2C11FD2019007192004733C5 /* STShortlink.h */; };
		2C11FD2619007192004733C5 /* STShortlink.m in Sources */ = {isa = PBXBuildFile; fileRef = 2C11FD2119007192004733C5 /* STShortlink.m */; };
		2C11FD29190071DC004733C5 /* STItem.h in Headers */ = {isa = PBXBuildFile; fileRef = 2C11FD27190071DC004733C5 /* STItem.h */; };
		2C11FD2D190071DC004733C5 /* STItem.m in Sources */ = {isa = PBXBuildFile; fileRef = 2C11FD28190071DC004733C5 /* STItem.m */; };
		2C11FD3719008C75004733C5 /* STSharelink.h in Headers */ = {isa = PBXBuildFile; fileRef = 2C11FD3519008C75004733C5 /* STSharelink.h */; };
		2C11FD3B19008C75004733C5 /* STSharelink.m in Sources */ = {isa = PBXBuildFile; fileRef = 2C11FD3619008C75004733C5 /* STSharelink.m */; };
		2C11FD4919009A9E004733C5 /* STLog.h in Headers */ = {isa = PBXBuildFile; fileRef = 2C11FD4719009A9E004733C5 /* STLog.h */; };
		2C11FD4D19009A9E004733C5 /* STLog.m in Sources */ = {isa = PBXBuildFile; fileRef = 2C11FD4819009A9E004733C5 /* STLog.m */; };
		2C11FD5019009BCB004733C5 /* STEvent.h in Headers */ = {isa = PBXBuildFile; fileRef = 2C11FD4E19009BCB004733C5 /* STEvent.h */; };
		2C11FD5419009BCB004733C5 /* STEvent.m in Sources */ = {isa = PBXBuildFile; fileRef = 2C11FD4F19009BCB004733C5 /* STEvent.m */; };
		2C1B5B9817E2783D00855D0D /* Foundation.framework in Frameworks */ = {isa = PBXBuildFile; fileRef = 2C48EAF417DF87F200181C3E /* Foundation.framework */; };
		2C1B5B9917E2783D00855D0D /* CoreGraphics.framework in Frameworks */ = {isa = PBXBuildFile; fileRef = 2C48EAF617DF87F200181C3E /* CoreGraphics.framework */; };
		2C1B5B9A17E2783D00855D0D /* UIKit.framework in Frameworks */ = {isa = PBXBuildFile; fileRef = 2C48EAF217DF87F200181C3E /* UIKit.framework */; };
		2C1B5BCE17E278FC00855D0D /* main.m in Sources */ = {isa = PBXBuildFile; fileRef = 2C1B5BCD17E278FC00855D0D /* main.m */; };
		2C1B5BD517E2793000855D0D /* InfoPlist.strings in Resources */ = {isa = PBXBuildFile; fileRef = 2C1B5BD317E2793000855D0D /* InfoPlist.strings */; };
		2C250E2C1804C8EC00A788AC /* STRootViewController.m in Sources */ = {isa = PBXBuildFile; fileRef = 2C250E2A1804C8EC00A788AC /* STRootViewController.m */; };
		2C250E2D1804C8EC00A788AC /* STRootViewController.xib in Resources */ = {isa = PBXBuildFile; fileRef = 2C250E2B1804C8EC00A788AC /* STRootViewController.xib */; };
		2C314A0917E13143003CA1A0 /* STAPIClientTests.m in Sources */ = {isa = PBXBuildFile; fileRef = 2C314A0817E13143003CA1A0 /* STAPIClientTests.m */; };
		2C314A1317E1354A003CA1A0 /* OpenJSONTest.txt in Resources */ = {isa = PBXBuildFile; fileRef = 2C314A1217E1354A003CA1A0 /* OpenJSONTest.txt */; };
		2C34326C17FB40E10039A2D8 /* STAPIEndpointTests.m in Sources */ = {isa = PBXBuildFile; fileRef = 2C34326B17FB40E10039A2D8 /* STAPIEndpointTests.m */; };
		2C3C15EA1819C1FB00793F9B /* STActivityTests.m in Sources */ = {isa = PBXBuildFile; fileRef = 2C3C15E91819C1FB00793F9B /* STActivityTests.m */; };
		2C3C15ED1819C71E00793F9B /* STShareCallbackTests.m in Sources */ = {isa = PBXBuildFile; fileRef = 2C3C15EC1819C71E00793F9B /* STShareCallbackTests.m */; };
		2C3E069217FA26B700FF751B /* STJSONUtilsTests.m in Sources */ = {isa = PBXBuildFile; fileRef = 2C3E069117FA26B700FF751B /* STJSONUtilsTests.m */; };
		2C3E069517FA418C00FF751B /* STTestUtils.m in Sources */ = {isa = PBXBuildFile; fileRef = 2C3E069417FA418C00FF751B /* STTestUtils.m */; };
		2C44DDDA182036400026938A /* Social.framework in Frameworks */ = {isa = PBXBuildFile; fileRef = 2C698F5318173F5E003643B0 /* Social.framework */; };
		2C44DDDB182036470026938A /* Social.framework in Frameworks */ = {isa = PBXBuildFile; fileRef = 2C698F5318173F5E003643B0 /* Social.framework */; };
		2C44DDE118207EC20026938A /* Foundation.framework in Frameworks */ = {isa = PBXBuildFile; fileRef = 2C48EAF417DF87F200181C3E /* Foundation.framework */; };
		2C44DDE618207EC20026938A /* Loopy.h in Headers */ = {isa = PBXBuildFile; fileRef = 2C44DDE518207EC20026938A /* Loopy.h */; settings = {ATTRIBUTES = (Public, ); }; };
		2C44DE0318207FDC0026938A /* STConstants.h in Headers */ = {isa = PBXBuildFile; fileRef = 2C0ECE9418174C46005965D0 /* STConstants.h */; settings = {ATTRIBUTES = (Public, ); }; };
		2C44DE0418207FE80026938A /* STShareActivityUI.h in Headers */ = {isa = PBXBuildFile; fileRef = 2C5ADD4618185FE700BAC4DC /* STShareActivityUI.h */; settings = {ATTRIBUTES = (Public, ); }; };
		2C44DE0D1820808B0026938A /* STFacebookActivity.h in Headers */ = {isa = PBXBuildFile; fileRef = 2CA3DCEA1811E8AD005E9159 /* STFacebookActivity.h */; settings = {ATTRIBUTES = (Public, ); }; };
		2C44DE0E182080900026938A /* STTwitterActivity.h in Headers */ = {isa = PBXBuildFile; fileRef = 2CA3DCEE1811E8AD005E9159 /* STTwitterActivity.h */; settings = {ATTRIBUTES = (Public, ); }; };
		2C44DE0F1820809B0026938A /* STAPIClient.h in Headers */ = {isa = PBXBuildFile; fileRef = 2C8C1E0C17E10BB80075B527 /* STAPIClient.h */; settings = {ATTRIBUTES = (Public, ); }; };
		2C44DE10182080A40026938A /* STJSONUtils.h in Headers */ = {isa = PBXBuildFile; fileRef = 2C6D367217E3AD0300CF1199 /* STJSONUtils.h */; settings = {ATTRIBUTES = (Public, ); }; };
		2C44DE11182081210026938A /* STConstants.m in Sources */ = {isa = PBXBuildFile; fileRef = 2C0ECE9518174C46005965D0 /* STConstants.m */; };
		2C44DE12182081240026938A /* STShareActivityUI.m in Sources */ = {isa = PBXBuildFile; fileRef = 2C5ADD4718185FE700BAC4DC /* STShareActivityUI.m */; };
		2C44DE13182081260026938A /* STFacebookActivity.m in Sources */ = {isa = PBXBuildFile; fileRef = 2CA3DCEB1811E8AD005E9159 /* STFacebookActivity.m */; };
		2C44DE141820812A0026938A /* STTwitterActivity.m in Sources */ = {isa = PBXBuildFile; fileRef = 2CA3DCEF1811E8AD005E9159 /* STTwitterActivity.m */; };
		2C44DE151820812E0026938A /* STAPIClient.m in Sources */ = {isa = PBXBuildFile; fileRef = 2C8C1E0D17E10BB80075B527 /* STAPIClient.m */; };
		2C44DE16182081300026938A /* STJSONUtils.m in Sources */ = {isa = PBXBuildFile; fileRef = 2C6D367317E3AD0300CF1199 /* STJSONUtils.m */; };
		2C48EAF317DF87F200181C3E /* UIKit.framework in Frameworks */ = {isa = PBXBuildFile; fileRef = 2C48EAF217DF87F200181C3E /* UIKit.framework */; };
		2C48EAF517DF87F200181C3E /* Foundation.framework in Frameworks */ = {isa = PBXBuildFile; fileRef = 2C48EAF417DF87F200181C3E /* Foundation.framework */; };
		2C48EAF717DF87F200181C3E /* CoreGraphics.framework in Frameworks */ = {isa = PBXBuildFile; fileRef = 2C48EAF617DF87F200181C3E /* CoreGraphics.framework */; };
		2C5ADD4B181879EC00BAC4DC /* STShareTests.m in Sources */ = {isa = PBXBuildFile; fileRef = 2C5ADD4A181879EC00BAC4DC /* STShareTests.m */; };
		2C5F2EBA185685110032BA75 /* STAPISessionTests.m in Sources */ = {isa = PBXBuildFile; fileRef = 2C5F2EB9185685110032BA75 /* STAPISessionTests.m */; };
		2C61E9151A12CB3C00E456DA /* libLoopy.a in Frameworks */ = {isa = PBXBuildFile; fileRef = 2C44DDE018207EC20026938A /* libLoopy.a */; };
		2C61E9161A12CB4100E456DA /* libLoopy.a in Frameworks */ = {isa = PBXBuildFile; fileRef = 2C44DDE018207EC20026938A /* libLoopy.a */; };
		2C61E9171A12D2B500E456DA /* libLoopy.a in Frameworks */ = {isa = PBXBuildFile; fileRef = 2C44DDE018207EC20026938A /* libLoopy.a */; };
		2C64D42218187A6900D6CE6C /* FacebookLogoNoBlue43x43.png in Resources */ = {isa = PBXBuildFile; fileRef = 2CA3DCE11811E8AD005E9159 /* FacebookLogoNoBlue43x43.png */; };
		2C64D42318187A6900D6CE6C /* FacebookLogoNoBlue60x60.png in Resources */ = {isa = PBXBuildFile; fileRef = 2CA3DCE21811E8AD005E9159 /* FacebookLogoNoBlue60x60.png */; };
		2C64D42418187A6900D6CE6C /* FacebookLogoNoBlue76x76.png in Resources */ = {isa = PBXBuildFile; fileRef = 2CA3DCE31811E8AD005E9159 /* FacebookLogoNoBlue76x76.png */; };
		2C64D42518187A6900D6CE6C /* TwitterLogo43x43.png in Resources */ = {isa = PBXBuildFile; fileRef = 2CA3DCE71811E8AD005E9159 /* TwitterLogo43x43.png */; };
		2C64D42618187A6900D6CE6C /* TwitterLogo60x60.png in Resources */ = {isa = PBXBuildFile; fileRef = 2CA3DCE81811E8AD005E9159 /* TwitterLogo60x60.png */; };
		2C64D42718187A6900D6CE6C /* TwitterLogo76x76.png in Resources */ = {isa = PBXBuildFile; fileRef = 2CA3DCE91811E8AD005E9159 /* TwitterLogo76x76.png */; };
		2C698F5418173F5E003643B0 /* Social.framework in Frameworks */ = {isa = PBXBuildFile; fileRef = 2C698F5318173F5E003643B0 /* Social.framework */; };
		2C8C1E1917E10BB80075B527 /* InfoPlist.strings in Resources */ = {isa = PBXBuildFile; fileRef = 2C8C1E0F17E10BB80075B527 /* InfoPlist.strings */; };
		2C8C1E1B17E10BB80075B527 /* main.m in Sources */ = {isa = PBXBuildFile; fileRef = 2C8C1E1317E10BB80075B527 /* main.m */; };
		2C8C1E1C17E10BB80075B527 /* STTestAppDelegate.m in Sources */ = {isa = PBXBuildFile; fileRef = 2C8C1E1517E10BB80075B527 /* STTestAppDelegate.m */; };
		2C8D99E01834519E00D9BB4E /* STReachability.h in Headers */ = {isa = PBXBuildFile; fileRef = 2C8D99DE1834519E00D9BB4E /* STReachability.h */; settings = {ATTRIBUTES = (Private, ); }; };
		2C8D99E11834519E00D9BB4E /* STReachability.m in Sources */ = {isa = PBXBuildFile; fileRef = 2C8D99DF1834519E00D9BB4E /* STReachability.m */; };
		2CA33610183452E5003D7498 /* SystemConfiguration.framework in Frameworks */ = {isa = PBXBuildFile; fileRef = 2CA3360F183452E5003D7498 /* SystemConfiguration.framework */; };
		2CA33611183452FC003D7498 /* SystemConfiguration.framework in Frameworks */ = {isa = PBXBuildFile; fileRef = 2CA3360F183452E5003D7498 /* SystemConfiguration.framework */; };
		2CA3361218345307003D7498 /* SystemConfiguration.framework in Frameworks */ = {isa = PBXBuildFile; fileRef = 2CA3360F183452E5003D7498 /* SystemConfiguration.framework */; };
		2CA3361318345312003D7498 /* SystemConfiguration.framework in Frameworks */ = {isa = PBXBuildFile; fileRef = 2CA3360F183452E5003D7498 /* SystemConfiguration.framework */; };
		2CA3DCF01811E8AD005E9159 /* FacebookLogoNoBlue43x43.png in Resources */ = {isa = PBXBuildFile; fileRef = 2CA3DCE11811E8AD005E9159 /* FacebookLogoNoBlue43x43.png */; };
		2CA3DCF11811E8AD005E9159 /* FacebookLogoNoBlue60x60.png in Resources */ = {isa = PBXBuildFile; fileRef = 2CA3DCE21811E8AD005E9159 /* FacebookLogoNoBlue60x60.png */; };
		2CA3DCF21811E8AD005E9159 /* FacebookLogoNoBlue76x76.png in Resources */ = {isa = PBXBuildFile; fileRef = 2CA3DCE31811E8AD005E9159 /* FacebookLogoNoBlue76x76.png */; };
		2CA3DCF61811E8AD005E9159 /* TwitterLogo43x43.png in Resources */ = {isa = PBXBuildFile; fileRef = 2CA3DCE71811E8AD005E9159 /* TwitterLogo43x43.png */; };
		2CA3DCF71811E8AD005E9159 /* TwitterLogo60x60.png in Resources */ = {isa = PBXBuildFile; fileRef = 2CA3DCE81811E8AD005E9159 /* TwitterLogo60x60.png */; };
		2CA3DCF81811E8AD005E9159 /* TwitterLogo76x76.png in Resources */ = {isa = PBXBuildFile; fileRef = 2CA3DCE91811E8AD005E9159 /* TwitterLogo76x76.png */; };
		2CBE913F193CE40200A93CD6 /* STIdentifier.h in Headers */ = {isa = PBXBuildFile; fileRef = 2CBE913D193CE40200A93CD6 /* STIdentifier.h */; };
		2CBE9140193CE40200A93CD6 /* STIdentifier.m in Sources */ = {isa = PBXBuildFile; fileRef = 2CBE913E193CE40200A93CD6 /* STIdentifier.m */; };
		2CBE9143193CE41800A93CD6 /* STDefaultIdentifier.h in Headers */ = {isa = PBXBuildFile; fileRef = 2CBE9141193CE41800A93CD6 /* STDefaultIdentifier.h */; };
		2CBE9144193CE41800A93CD6 /* STDefaultIdentifier.m in Sources */ = {isa = PBXBuildFile; fileRef = 2CBE9142193CE41800A93CD6 /* STDefaultIdentifier.m */; };
		2CBE9147193CE42800A93CD6 /* STHeadlessIdentifier.h in Headers */ = {isa = PBXBuildFile; fileRef = 2CBE9145193CE42800A93CD6 /* STHeadlessIdentifier.h */; };
		2CBE9148193CE42800A93CD6 /* STHeadlessIdentifier.m in Sources */ = {isa = PBXBuildFile; fileRef = 2CBE9146193CE42800A93CD6 /* STHeadlessIdentifier.m */; };
		2CBFAEA81863A17E00BBFCC7 /* STActivity.h in Headers */ = {isa = PBXBuildFile; fileRef = 2CBFAEA71863A17E00BBFCC7 /* STActivity.h */; };
		2CCDBC5418FDD2A900DB2215 /* STDeviceSettings.h in Headers */ = {isa = PBXBuildFile; fileRef = 2CCDBC5218FDD2A900DB2215 /* STDeviceSettings.h */; };
		2CCDBC5518FDD2A900DB2215 /* STDeviceSettings.m in Sources */ = {isa = PBXBuildFile; fileRef = 2CCDBC5318FDD2A900DB2215 /* STDeviceSettings.m */; };
		2CDE0E7017E122A30048B055 /* Foundation.framework in Frameworks */ = {isa = PBXBuildFile; fileRef = 2C48EAF417DF87F200181C3E /* Foundation.framework */; };
		2CDE0E7117E122A30048B055 /* CoreGraphics.framework in Frameworks */ = {isa = PBXBuildFile; fileRef = 2C48EAF617DF87F200181C3E /* CoreGraphics.framework */; };
		2CDE0E7217E122A30048B055 /* UIKit.framework in Frameworks */ = {isa = PBXBuildFile; fileRef = 2C48EAF217DF87F200181C3E /* UIKit.framework */; };
		2CDE0E7817E122A30048B055 /* InfoPlist.strings in Resources */ = {isa = PBXBuildFile; fileRef = 2CDE0E7617E122A30048B055 /* InfoPlist.strings */; };
		2CDE0E7A17E122A30048B055 /* main.m in Sources */ = {isa = PBXBuildFile; fileRef = 2CDE0E7917E122A30048B055 /* main.m */; };
		2CE78B9A1831AAC9004EBB82 /* CoreTelephony.framework in Frameworks */ = {isa = PBXBuildFile; fileRef = 2CE78B991831AAC9004EBB82 /* CoreTelephony.framework */; };
		2CE78B9B1831AAD6004EBB82 /* CoreTelephony.framework in Frameworks */ = {isa = PBXBuildFile; fileRef = 2CE78B991831AAC9004EBB82 /* CoreTelephony.framework */; };
		2CE78B9D1831B0C9004EBB82 /* CoreLocation.framework in Frameworks */ = {isa = PBXBuildFile; fileRef = 2CE78B9C1831B0C9004EBB82 /* CoreLocation.framework */; };
		2CE78B9E1831B0CF004EBB82 /* CoreLocation.framework in Frameworks */ = {isa = PBXBuildFile; fileRef = 2CE78B9C1831B0C9004EBB82 /* CoreLocation.framework */; };
		2CE78B9F1831B0E5004EBB82 /* CoreTelephony.framework in Frameworks */ = {isa = PBXBuildFile; fileRef = 2CE78B991831AAC9004EBB82 /* CoreTelephony.framework */; };
		2CE78BA01831B0EA004EBB82 /* CoreLocation.framework in Frameworks */ = {isa = PBXBuildFile; fileRef = 2CE78B9C1831B0C9004EBB82 /* CoreLocation.framework */; };
		2CE78BA11831B100004EBB82 /* CoreLocation.framework in Frameworks */ = {isa = PBXBuildFile; fileRef = 2CE78B9C1831B0C9004EBB82 /* CoreLocation.framework */; };
		2CE78BA21831B109004EBB82 /* CoreTelephony.framework in Frameworks */ = {isa = PBXBuildFile; fileRef = 2CE78B991831AAC9004EBB82 /* CoreTelephony.framework */; };
		2CEFADA91832FFEF00841C33 /* AdSupport.framework in Frameworks */ = {isa = PBXBuildFile; fileRef = 2CEFADA81832FFEF00841C33 /* AdSupport.framework */; };
		2CEFADAA1832FFF800841C33 /* AdSupport.framework in Frameworks */ = {isa = PBXBuildFile; fileRef = 2CEFADA81832FFEF00841C33 /* AdSupport.framework */; };
		2CEFADAB1833000200841C33 /* AdSupport.framework in Frameworks */ = {isa = PBXBuildFile; fileRef = 2CEFADA81832FFEF00841C33 /* AdSupport.framework */; };
		2CEFADAC1833000E00841C33 /* AdSupport.framework in Frameworks */ = {isa = PBXBuildFile; fileRef = 2CEFADA81832FFEF00841C33 /* AdSupport.framework */; };
		2CEFADAD1833001B00841C33 /* Social.framework in Frameworks */ = {isa = PBXBuildFile; fileRef = 2C698F5318173F5E003643B0 /* Social.framework */; };
		2CF479BC18649F2B00150721 /* LoopyApiInfo.plist in CopyFiles */ = {isa = PBXBuildFile; fileRef = 2CF479BB18649EFF00150721 /* LoopyApiInfo.plist */; };
		2CF479C71864A05E00150721 /* LoopyApiInfo.plist in Resources */ = {isa = PBXBuildFile; fileRef = 2CF479BB18649EFF00150721 /* LoopyApiInfo.plist */; };
		2CF479C91864A16000150721 /* LoopyApiInfo.plist in Resources */ = {isa = PBXBuildFile; fileRef = 2CF479BB18649EFF00150721 /* LoopyApiInfo.plist */; };
		2CF479CB1864A17F00150721 /* LoopyApiInfo.plist in Resources */ = {isa = PBXBuildFile; fileRef = 2CF479BB18649EFF00150721 /* LoopyApiInfo.plist */; };
		2CF479CC1864A20A00150721 /* FacebookLogoNoBlue43x43.png in Resources */ = {isa = PBXBuildFile; fileRef = 2CA3DCE11811E8AD005E9159 /* FacebookLogoNoBlue43x43.png */; };
		2CF479CD1864A20A00150721 /* FacebookLogoNoBlue60x60.png in Resources */ = {isa = PBXBuildFile; fileRef = 2CA3DCE21811E8AD005E9159 /* FacebookLogoNoBlue60x60.png */; };
		2CF479CE1864A20A00150721 /* FacebookLogoNoBlue76x76.png in Resources */ = {isa = PBXBuildFile; fileRef = 2CA3DCE31811E8AD005E9159 /* FacebookLogoNoBlue76x76.png */; };
		2CF479CF1864A20A00150721 /* TwitterLogo43x43.png in Resources */ = {isa = PBXBuildFile; fileRef = 2CA3DCE71811E8AD005E9159 /* TwitterLogo43x43.png */; };
		2CF479D01864A20A00150721 /* TwitterLogo60x60.png in Resources */ = {isa = PBXBuildFile; fileRef = 2CA3DCE81811E8AD005E9159 /* TwitterLogo60x60.png */; };
		2CF479D11864A20A00150721 /* TwitterLogo76x76.png in Resources */ = {isa = PBXBuildFile; fileRef = 2CA3DCE91811E8AD005E9159 /* TwitterLogo76x76.png */; };
		4006680A21E673E2C9EA6A77 /* libPods.a in Frameworks */ = {isa = PBXBuildFile; fileRef = 04FF3B14B1414F9D8911EA25 /* libPods.a */; };
		F7B354CAD2046B82359224A8 /* libPods-UnitTests.a in Frameworks */ = {isa = PBXBuildFile; fileRef = 3383B68B749FB21F77F7228D /* libPods-UnitTests.a */; };
/* End PBXBuildFile section */

/* Begin PBXCopyFilesBuildPhase section */
		2C44DDDE18207EC20026938A /* CopyFiles */ = {
			isa = PBXCopyFilesBuildPhase;
			buildActionMask = 2147483647;
			dstPath = "include/$(PRODUCT_NAME)";
			dstSubfolderSpec = 16;
			files = (
				2CF479BC18649F2B00150721 /* LoopyApiInfo.plist in CopyFiles */,
			);
			runOnlyForDeploymentPostprocessing = 0;
		};
/* End PBXCopyFilesBuildPhase section */

/* Begin PBXFileReference section */
		04FF3B14B1414F9D8911EA25 /* libPods.a */ = {isa = PBXFileReference; explicitFileType = archive.ar; includeInIndex = 0; path = libPods.a; sourceTree = BUILT_PRODUCTS_DIR; };
		2C05A932193928F70010CA08 /* STIdentifierFactory.h */ = {isa = PBXFileReference; fileEncoding = 4; lastKnownFileType = sourcecode.c.h; path = STIdentifierFactory.h; sourceTree = "<group>"; };
		2C05A933193928F70010CA08 /* STIdentifierFactory.m */ = {isa = PBXFileReference; fileEncoding = 4; lastKnownFileType = sourcecode.c.objc; path = STIdentifierFactory.m; sourceTree = "<group>"; };
		2C0ECE9418174C46005965D0 /* STConstants.h */ = {isa = PBXFileReference; fileEncoding = 4; lastKnownFileType = sourcecode.c.h; path = STConstants.h; sourceTree = "<group>"; };
		2C0ECE9518174C46005965D0 /* STConstants.m */ = {isa = PBXFileReference; fileEncoding = 4; lastKnownFileType = sourcecode.c.objc; path = STConstants.m; sourceTree = "<group>"; };
		2C11FCDE18FF34F7004733C5 /* STDevice.h */ = {isa = PBXFileReference; fileEncoding = 4; lastKnownFileType = sourcecode.c.h; path = STDevice.h; sourceTree = "<group>"; };
		2C11FCDF18FF34F7004733C5 /* STDevice.m */ = {isa = PBXFileReference; fileEncoding = 4; lastKnownFileType = sourcecode.c.objc; path = STDevice.m; sourceTree = "<group>"; };
		2C11FCE218FF3794004733C5 /* STGeo.h */ = {isa = PBXFileReference; fileEncoding = 4; lastKnownFileType = sourcecode.c.h; path = STGeo.h; sourceTree = "<group>"; };
		2C11FCE318FF3794004733C5 /* STGeo.m */ = {isa = PBXFileReference; fileEncoding = 4; lastKnownFileType = sourcecode.c.objc; path = STGeo.m; sourceTree = "<group>"; };
		2C11FCE618FF390D004733C5 /* STApp.h */ = {isa = PBXFileReference; fileEncoding = 4; lastKnownFileType = sourcecode.c.h; path = STApp.h; sourceTree = "<group>"; };
		2C11FCE718FF390D004733C5 /* STApp.m */ = {isa = PBXFileReference; fileEncoding = 4; lastKnownFileType = sourcecode.c.objc; path = STApp.m; sourceTree = "<group>"; };
		2C11FCEA18FF3A9F004733C5 /* STInstall.h */ = {isa = PBXFileReference; fileEncoding = 4; lastKnownFileType = sourcecode.c.h; path = STInstall.h; sourceTree = "<group>"; };
		2C11FCEB18FF3A9F004733C5 /* STInstall.m */ = {isa = PBXFileReference; fileEncoding = 4; lastKnownFileType = sourcecode.c.objc; path = STInstall.m; sourceTree = "<group>"; };
		2C11FCEE18FF3DEA004733C5 /* STClient.h */ = {isa = PBXFileReference; fileEncoding = 4; lastKnownFileType = sourcecode.c.h; path = STClient.h; sourceTree = "<group>"; };
		2C11FCEF18FF3DEA004733C5 /* STClient.m */ = {isa = PBXFileReference; fileEncoding = 4; lastKnownFileType = sourcecode.c.objc; path = STClient.m; sourceTree = "<group>"; };
		2C11FCF218FF486D004733C5 /* STOpen.h */ = {isa = PBXFileReference; fileEncoding = 4; lastKnownFileType = sourcecode.c.h; path = STOpen.h; sourceTree = "<group>"; };
		2C11FCF318FF486D004733C5 /* STOpen.m */ = {isa = PBXFileReference; fileEncoding = 4; lastKnownFileType = sourcecode.c.objc; path = STOpen.m; sourceTree = "<group>"; };
		2C11FD0A18FF50E9004733C5 /* STObject.h */ = {isa = PBXFileReference; fileEncoding = 4; lastKnownFileType = sourcecode.c.h; path = STObject.h; sourceTree = "<group>"; };
		2C11FD0B18FF50E9004733C5 /* STObject.m */ = {isa = PBXFileReference; fileEncoding = 4; lastKnownFileType = sourcecode.c.objc; path = STObject.m; sourceTree = "<group>"; };
		2C11FD1919005990004733C5 /* STShare.h */ = {isa = PBXFileReference; fileEncoding = 4; lastKnownFileType = sourcecode.c.h; path = STShare.h; sourceTree = "<group>"; };
		2C11FD1A19005990004733C5 /* STShare.m */ = {isa = PBXFileReference; fileEncoding = 4; lastKnownFileType = sourcecode.c.objc; path = STShare.m; sourceTree = "<group>"; };
		2C11FD2019007192004733C5 /* STShortlink.h */ = {isa = PBXFileReference; fileEncoding = 4; lastKnownFileType = sourcecode.c.h; path = STShortlink.h; sourceTree = "<group>"; };
		2C11FD2119007192004733C5 /* STShortlink.m */ = {isa = PBXFileReference; fileEncoding = 4; lastKnownFileType = sourcecode.c.objc; path = STShortlink.m; sourceTree = "<group>"; };
		2C11FD27190071DC004733C5 /* STItem.h */ = {isa = PBXFileReference; fileEncoding = 4; lastKnownFileType = sourcecode.c.h; path = STItem.h; sourceTree = "<group>"; };
		2C11FD28190071DC004733C5 /* STItem.m */ = {isa = PBXFileReference; fileEncoding = 4; lastKnownFileType = sourcecode.c.objc; path = STItem.m; sourceTree = "<group>"; };
		2C11FD3519008C75004733C5 /* STSharelink.h */ = {isa = PBXFileReference; fileEncoding = 4; lastKnownFileType = sourcecode.c.h; path = STSharelink.h; sourceTree = "<group>"; };
		2C11FD3619008C75004733C5 /* STSharelink.m */ = {isa = PBXFileReference; fileEncoding = 4; lastKnownFileType = sourcecode.c.objc; path = STSharelink.m; sourceTree = "<group>"; };
		2C11FD4719009A9E004733C5 /* STLog.h */ = {isa = PBXFileReference; fileEncoding = 4; lastKnownFileType = sourcecode.c.h; path = STLog.h; sourceTree = "<group>"; };
		2C11FD4819009A9E004733C5 /* STLog.m */ = {isa = PBXFileReference; fileEncoding = 4; lastKnownFileType = sourcecode.c.objc; path = STLog.m; sourceTree = "<group>"; };
		2C11FD4E19009BCB004733C5 /* STEvent.h */ = {isa = PBXFileReference; fileEncoding = 4; lastKnownFileType = sourcecode.c.h; path = STEvent.h; sourceTree = "<group>"; };
		2C11FD4F19009BCB004733C5 /* STEvent.m */ = {isa = PBXFileReference; fileEncoding = 4; lastKnownFileType = sourcecode.c.objc; path = STEvent.m; sourceTree = "<group>"; };
		2C1B5B9717E2783D00855D0D /* IntegrationTests.app */ = {isa = PBXFileReference; explicitFileType = wrapper.application; includeInIndex = 0; path = IntegrationTests.app; sourceTree = BUILT_PRODUCTS_DIR; };
		2C1B5BCD17E278FC00855D0D /* main.m */ = {isa = PBXFileReference; fileEncoding = 4; lastKnownFileType = sourcecode.c.objc; path = main.m; sourceTree = "<group>"; };
		2C1B5BCF17E2790500855D0D /* IntegrationTests-Info.plist */ = {isa = PBXFileReference; fileEncoding = 4; lastKnownFileType = text.plist.xml; path = "IntegrationTests-Info.plist"; sourceTree = "<group>"; };
		2C1B5BD017E2790500855D0D /* IntegrationTests-Prefix.pch */ = {isa = PBXFileReference; fileEncoding = 4; lastKnownFileType = sourcecode.c.h; path = "IntegrationTests-Prefix.pch"; sourceTree = "<group>"; };
		2C1B5BD417E2793000855D0D /* en */ = {isa = PBXFileReference; lastKnownFileType = text.plist.strings; name = en; path = en.lproj/InfoPlist.strings; sourceTree = "<group>"; };
		2C250E291804C8EC00A788AC /* STRootViewController.h */ = {isa = PBXFileReference; fileEncoding = 4; lastKnownFileType = sourcecode.c.h; path = STRootViewController.h; sourceTree = "<group>"; };
		2C250E2A1804C8EC00A788AC /* STRootViewController.m */ = {isa = PBXFileReference; fileEncoding = 4; lastKnownFileType = sourcecode.c.objc; path = STRootViewController.m; sourceTree = "<group>"; };
		2C250E2B1804C8EC00A788AC /* STRootViewController.xib */ = {isa = PBXFileReference; fileEncoding = 4; lastKnownFileType = file.xib; path = STRootViewController.xib; sourceTree = "<group>"; };
		2C314A0817E13143003CA1A0 /* STAPIClientTests.m */ = {isa = PBXFileReference; fileEncoding = 4; lastKnownFileType = sourcecode.c.objc; path = STAPIClientTests.m; sourceTree = "<group>"; };
		2C314A1217E1354A003CA1A0 /* OpenJSONTest.txt */ = {isa = PBXFileReference; fileEncoding = 4; lastKnownFileType = text; name = OpenJSONTest.txt; path = Resources/OpenJSONTest.txt; sourceTree = "<group>"; };
		2C34326B17FB40E10039A2D8 /* STAPIEndpointTests.m */ = {isa = PBXFileReference; fileEncoding = 4; lastKnownFileType = sourcecode.c.objc; path = STAPIEndpointTests.m; sourceTree = "<group>"; };
		2C3C15E91819C1FB00793F9B /* STActivityTests.m */ = {isa = PBXFileReference; fileEncoding = 4; lastKnownFileType = sourcecode.c.objc; path = STActivityTests.m; sourceTree = "<group>"; };
		2C3C15EC1819C71E00793F9B /* STShareCallbackTests.m */ = {isa = PBXFileReference; fileEncoding = 4; lastKnownFileType = sourcecode.c.objc; path = STShareCallbackTests.m; sourceTree = "<group>"; };
		2C3E069117FA26B700FF751B /* STJSONUtilsTests.m */ = {isa = PBXFileReference; fileEncoding = 4; lastKnownFileType = sourcecode.c.objc; path = STJSONUtilsTests.m; sourceTree = "<group>"; };
		2C3E069317FA418C00FF751B /* STTestUtils.h */ = {isa = PBXFileReference; fileEncoding = 4; lastKnownFileType = sourcecode.c.h; path = STTestUtils.h; sourceTree = "<group>"; };
		2C3E069417FA418C00FF751B /* STTestUtils.m */ = {isa = PBXFileReference; fileEncoding = 4; lastKnownFileType = sourcecode.c.objc; path = STTestUtils.m; sourceTree = "<group>"; };
		2C44DDE018207EC20026938A /* libLoopy.a */ = {isa = PBXFileReference; explicitFileType = archive.ar; includeInIndex = 0; path = libLoopy.a; sourceTree = BUILT_PRODUCTS_DIR; };
		2C44DDE418207EC20026938A /* Loopy-Prefix.pch */ = {isa = PBXFileReference; lastKnownFileType = sourcecode.c.h; path = "Loopy-Prefix.pch"; sourceTree = "<group>"; };
		2C44DDE518207EC20026938A /* Loopy.h */ = {isa = PBXFileReference; lastKnownFileType = sourcecode.c.h; path = Loopy.h; sourceTree = "<group>"; };
		2C44DE18182081C90026938A /* libPods.a */ = {isa = PBXFileReference; lastKnownFileType = archive.ar; name = libPods.a; path = "Pods/build/Debug-iphoneos/libPods.a"; sourceTree = "<group>"; };
		2C48EAEF17DF87F200181C3E /* TestApp.app */ = {isa = PBXFileReference; explicitFileType = wrapper.application; includeInIndex = 0; path = TestApp.app; sourceTree = BUILT_PRODUCTS_DIR; };
		2C48EAF217DF87F200181C3E /* UIKit.framework */ = {isa = PBXFileReference; lastKnownFileType = wrapper.framework; name = UIKit.framework; path = System/Library/Frameworks/UIKit.framework; sourceTree = SDKROOT; };
		2C48EAF417DF87F200181C3E /* Foundation.framework */ = {isa = PBXFileReference; lastKnownFileType = wrapper.framework; name = Foundation.framework; path = System/Library/Frameworks/Foundation.framework; sourceTree = SDKROOT; };
		2C48EAF617DF87F200181C3E /* CoreGraphics.framework */ = {isa = PBXFileReference; lastKnownFileType = wrapper.framework; name = CoreGraphics.framework; path = System/Library/Frameworks/CoreGraphics.framework; sourceTree = SDKROOT; };
		2C522CD117FF79C3009C1F43 /* libprofile_rt.dylib */ = {isa = PBXFileReference; lastKnownFileType = "compiled.mach-o.dylib"; name = libprofile_rt.dylib; path = ../../../../usr/lib/libprofile_rt.dylib; sourceTree = "<group>"; };
		2C5ADD4618185FE700BAC4DC /* STShareActivityUI.h */ = {isa = PBXFileReference; fileEncoding = 4; lastKnownFileType = sourcecode.c.h; path = STShareActivityUI.h; sourceTree = "<group>"; };
		2C5ADD4718185FE700BAC4DC /* STShareActivityUI.m */ = {isa = PBXFileReference; fileEncoding = 4; lastKnownFileType = sourcecode.c.objc; path = STShareActivityUI.m; sourceTree = "<group>"; };
		2C5ADD4A181879EC00BAC4DC /* STShareTests.m */ = {isa = PBXFileReference; fileEncoding = 4; lastKnownFileType = sourcecode.c.objc; path = STShareTests.m; sourceTree = "<group>"; };
		2C5F2EB9185685110032BA75 /* STAPISessionTests.m */ = {isa = PBXFileReference; fileEncoding = 4; lastKnownFileType = sourcecode.c.objc; path = STAPISessionTests.m; sourceTree = "<group>"; };
		2C66953918297A0700AB8C08 /* share_dialog.h */ = {isa = PBXFileReference; fileEncoding = 4; lastKnownFileType = sourcecode.c.h; name = share_dialog.h; path = Documentation/sphinx/source/snippets/share_dialog.h; sourceTree = SOURCE_ROOT; };
		2C66953A18297A0700AB8C08 /* share_dialog.m */ = {isa = PBXFileReference; fileEncoding = 4; lastKnownFileType = sourcecode.c.objc; name = share_dialog.m; path = Documentation/sphinx/source/snippets/share_dialog.m; sourceTree = SOURCE_ROOT; };
		2C66953D18299EA700AB8C08 /* custom_share.h */ = {isa = PBXFileReference; fileEncoding = 4; lastKnownFileType = sourcecode.c.h; name = custom_share.h; path = Documentation/sphinx/source/snippets/custom_share.h; sourceTree = SOURCE_ROOT; };
		2C66953E18299EA700AB8C08 /* custom_share.m */ = {isa = PBXFileReference; fileEncoding = 4; lastKnownFileType = sourcecode.c.objc; name = custom_share.m; path = Documentation/sphinx/source/snippets/custom_share.m; sourceTree = SOURCE_ROOT; };
		2C698F5318173F5E003643B0 /* Social.framework */ = {isa = PBXFileReference; lastKnownFileType = wrapper.framework; name = Social.framework; path = System/Library/Frameworks/Social.framework; sourceTree = SDKROOT; };
		2C6D367217E3AD0300CF1199 /* STJSONUtils.h */ = {isa = PBXFileReference; fileEncoding = 4; lastKnownFileType = sourcecode.c.h; path = STJSONUtils.h; sourceTree = "<group>"; };
		2C6D367317E3AD0300CF1199 /* STJSONUtils.m */ = {isa = PBXFileReference; fileEncoding = 4; lastKnownFileType = sourcecode.c.objc; path = STJSONUtils.m; sourceTree = "<group>"; };
		2C6F4ECC17EB9C9C0039C787 /* libGHUnitIOSSimulator.a */ = {isa = PBXFileReference; lastKnownFileType = archive.ar; name = libGHUnitIOSSimulator.a; path = "ThirdParty/socialize-networking/ThirdParty/gh-unit/Project-iOS/build/Debug-iphoneos/libGHUnitIOSSimulator.a"; sourceTree = "<group>"; };
		2C6F4EE617EB9E320039C787 /* libOCMock.a */ = {isa = PBXFileReference; lastKnownFileType = archive.ar; name = libOCMock.a; path = "ThirdParty/socialize-networking/ThirdParty/ocmock/Source/build/Debug-iphoneos/libOCMock.a"; sourceTree = "<group>"; };
		2C742A9517F370E60063653A /* libPods.a */ = {isa = PBXFileReference; lastKnownFileType = archive.ar; name = libPods.a; path = "Pods/build/Debug-iphoneos/libPods.a"; sourceTree = "<group>"; };
		2C742A9717F371050063653A /* libPods-GHUnitIOS.a */ = {isa = PBXFileReference; lastKnownFileType = archive.ar; name = "libPods-GHUnitIOS.a"; path = "Pods/build/Release-iphoneos/libPods-GHUnitIOS.a"; sourceTree = "<group>"; };
		2C742A9817F371050063653A /* libPods-OCMock.a */ = {isa = PBXFileReference; lastKnownFileType = archive.ar; name = "libPods-OCMock.a"; path = "Pods/build/Release-iphoneos/libPods-OCMock.a"; sourceTree = "<group>"; };
		2C742A9917F371050063653A /* libPods-SZNetworking.a */ = {isa = PBXFileReference; lastKnownFileType = archive.ar; name = "libPods-SZNetworking.a"; path = "Pods/build/Release-iphoneos/libPods-SZNetworking.a"; sourceTree = "<group>"; };
		2C742A9D17F371620063653A /* libPods-GHUnitIOS.a */ = {isa = PBXFileReference; lastKnownFileType = archive.ar; name = "libPods-GHUnitIOS.a"; path = "Pods/build/Release-iphoneos/libPods-GHUnitIOS.a"; sourceTree = "<group>"; };
		2C742A9E17F371620063653A /* libPods-OCMock.a */ = {isa = PBXFileReference; lastKnownFileType = archive.ar; name = "libPods-OCMock.a"; path = "Pods/build/Release-iphoneos/libPods-OCMock.a"; sourceTree = "<group>"; };
		2C742A9F17F371620063653A /* libPods-SZNetworking.a */ = {isa = PBXFileReference; lastKnownFileType = archive.ar; name = "libPods-SZNetworking.a"; path = "Pods/build/Release-iphoneos/libPods-SZNetworking.a"; sourceTree = "<group>"; };
		2C742AA017F371620063653A /* libPods.a */ = {isa = PBXFileReference; lastKnownFileType = archive.ar; name = libPods.a; path = "Pods/build/Debug-iphoneos/libPods.a"; sourceTree = "<group>"; };
		2C742ACB17F3912E0063653A /* libPods-GHUnitIOS.a */ = {isa = PBXFileReference; lastKnownFileType = archive.ar; name = "libPods-GHUnitIOS.a"; path = "Pods/build/Debug-iphoneos/libPods-GHUnitIOS.a"; sourceTree = "<group>"; };
		2C742ACC17F3912E0063653A /* libPods-OCMock.a */ = {isa = PBXFileReference; lastKnownFileType = archive.ar; name = "libPods-OCMock.a"; path = "Pods/build/Debug-iphoneos/libPods-OCMock.a"; sourceTree = "<group>"; };
		2C742ACD17F3912E0063653A /* libPods-SZNetworking.a */ = {isa = PBXFileReference; lastKnownFileType = archive.ar; name = "libPods-SZNetworking.a"; path = "Pods/build/Debug-iphoneos/libPods-SZNetworking.a"; sourceTree = "<group>"; };
		2C742ACE17F3912E0063653A /* libPods.a */ = {isa = PBXFileReference; lastKnownFileType = archive.ar; name = libPods.a; path = "Pods/build/Release-iphoneos/libPods.a"; sourceTree = "<group>"; };
		2C742AD317F391390063653A /* libPods-SZNetworking.a */ = {isa = PBXFileReference; lastKnownFileType = archive.ar; name = "libPods-SZNetworking.a"; path = "Pods/build/Debug-iphoneos/libPods-SZNetworking.a"; sourceTree = "<group>"; };
		2C742AD517F391440063653A /* libPods.a */ = {isa = PBXFileReference; lastKnownFileType = archive.ar; name = libPods.a; path = "Pods/build/Release-iphoneos/libPods.a"; sourceTree = "<group>"; };
		2C8C1E0C17E10BB80075B527 /* STAPIClient.h */ = {isa = PBXFileReference; fileEncoding = 4; lastKnownFileType = sourcecode.c.h; path = STAPIClient.h; sourceTree = "<group>"; };
		2C8C1E0D17E10BB80075B527 /* STAPIClient.m */ = {isa = PBXFileReference; fileEncoding = 4; lastKnownFileType = sourcecode.c.objc; path = STAPIClient.m; sourceTree = "<group>"; };
		2C8C1E1017E10BB80075B527 /* en */ = {isa = PBXFileReference; lastKnownFileType = text.plist.strings; name = en; path = en.lproj/InfoPlist.strings; sourceTree = "<group>"; };
		2C8C1E1117E10BB80075B527 /* Loopy-Info.plist */ = {isa = PBXFileReference; fileEncoding = 4; lastKnownFileType = text.plist.xml; path = "Loopy-Info.plist"; sourceTree = "<group>"; };
		2C8C1E1217E10BB80075B527 /* Loopy-Prefix.pch */ = {isa = PBXFileReference; fileEncoding = 4; lastKnownFileType = sourcecode.c.h; path = "Loopy-Prefix.pch"; sourceTree = "<group>"; };
		2C8C1E1317E10BB80075B527 /* main.m */ = {isa = PBXFileReference; fileEncoding = 4; lastKnownFileType = sourcecode.c.objc; path = main.m; sourceTree = "<group>"; };
		2C8C1E1417E10BB80075B527 /* STTestAppDelegate.h */ = {isa = PBXFileReference; fileEncoding = 4; lastKnownFileType = sourcecode.c.h; path = STTestAppDelegate.h; sourceTree = "<group>"; };
		2C8C1E1517E10BB80075B527 /* STTestAppDelegate.m */ = {isa = PBXFileReference; fileEncoding = 4; lastKnownFileType = sourcecode.c.objc; path = STTestAppDelegate.m; sourceTree = "<group>"; };
		2C8D99DE1834519E00D9BB4E /* STReachability.h */ = {isa = PBXFileReference; fileEncoding = 4; lastKnownFileType = sourcecode.c.h; path = STReachability.h; sourceTree = "<group>"; };
		2C8D99DF1834519E00D9BB4E /* STReachability.m */ = {isa = PBXFileReference; fileEncoding = 4; lastKnownFileType = sourcecode.c.objc; path = STReachability.m; sourceTree = "<group>"; };
		2CA3360F183452E5003D7498 /* SystemConfiguration.framework */ = {isa = PBXFileReference; lastKnownFileType = wrapper.framework; name = SystemConfiguration.framework; path = System/Library/Frameworks/SystemConfiguration.framework; sourceTree = SDKROOT; };
		2CA3DCE11811E8AD005E9159 /* FacebookLogoNoBlue43x43.png */ = {isa = PBXFileReference; lastKnownFileType = image.png; path = FacebookLogoNoBlue43x43.png; sourceTree = "<group>"; };
		2CA3DCE21811E8AD005E9159 /* FacebookLogoNoBlue60x60.png */ = {isa = PBXFileReference; lastKnownFileType = image.png; path = FacebookLogoNoBlue60x60.png; sourceTree = "<group>"; };
		2CA3DCE31811E8AD005E9159 /* FacebookLogoNoBlue76x76.png */ = {isa = PBXFileReference; lastKnownFileType = image.png; path = FacebookLogoNoBlue76x76.png; sourceTree = "<group>"; };
		2CA3DCE71811E8AD005E9159 /* TwitterLogo43x43.png */ = {isa = PBXFileReference; lastKnownFileType = image.png; path = TwitterLogo43x43.png; sourceTree = "<group>"; };
		2CA3DCE81811E8AD005E9159 /* TwitterLogo60x60.png */ = {isa = PBXFileReference; lastKnownFileType = image.png; path = TwitterLogo60x60.png; sourceTree = "<group>"; };
		2CA3DCE91811E8AD005E9159 /* TwitterLogo76x76.png */ = {isa = PBXFileReference; lastKnownFileType = image.png; path = TwitterLogo76x76.png; sourceTree = "<group>"; };
		2CA3DCEA1811E8AD005E9159 /* STFacebookActivity.h */ = {isa = PBXFileReference; fileEncoding = 4; lastKnownFileType = sourcecode.c.h; path = STFacebookActivity.h; sourceTree = "<group>"; };
		2CA3DCEB1811E8AD005E9159 /* STFacebookActivity.m */ = {isa = PBXFileReference; fileEncoding = 4; lastKnownFileType = sourcecode.c.objc; path = STFacebookActivity.m; sourceTree = "<group>"; };
		2CA3DCEE1811E8AD005E9159 /* STTwitterActivity.h */ = {isa = PBXFileReference; fileEncoding = 4; lastKnownFileType = sourcecode.c.h; path = STTwitterActivity.h; sourceTree = "<group>"; };
		2CA3DCEF1811E8AD005E9159 /* STTwitterActivity.m */ = {isa = PBXFileReference; fileEncoding = 4; lastKnownFileType = sourcecode.c.objc; path = STTwitterActivity.m; sourceTree = "<group>"; };
		2CB4EF171832E11A00A0AA0B /* custom_activity.h */ = {isa = PBXFileReference; lastKnownFileType = sourcecode.c.h; name = custom_activity.h; path = Documentation/sphinx/source/snippets/custom_activity.h; sourceTree = SOURCE_ROOT; };
		2CB4EF181832E11A00A0AA0B /* custom_activity.m */ = {isa = PBXFileReference; lastKnownFileType = sourcecode.c.objc; name = custom_activity.m; path = Documentation/sphinx/source/snippets/custom_activity.m; sourceTree = SOURCE_ROOT; };
		2CBE913D193CE40200A93CD6 /* STIdentifier.h */ = {isa = PBXFileReference; fileEncoding = 4; lastKnownFileType = sourcecode.c.h; path = STIdentifier.h; sourceTree = "<group>"; };
		2CBE913E193CE40200A93CD6 /* STIdentifier.m */ = {isa = PBXFileReference; fileEncoding = 4; lastKnownFileType = sourcecode.c.objc; path = STIdentifier.m; sourceTree = "<group>"; };
		2CBE9141193CE41800A93CD6 /* STDefaultIdentifier.h */ = {isa = PBXFileReference; fileEncoding = 4; lastKnownFileType = sourcecode.c.h; path = STDefaultIdentifier.h; sourceTree = "<group>"; };
		2CBE9142193CE41800A93CD6 /* STDefaultIdentifier.m */ = {isa = PBXFileReference; fileEncoding = 4; lastKnownFileType = sourcecode.c.objc; path = STDefaultIdentifier.m; sourceTree = "<group>"; };
		2CBE9145193CE42800A93CD6 /* STHeadlessIdentifier.h */ = {isa = PBXFileReference; fileEncoding = 4; lastKnownFileType = sourcecode.c.h; path = STHeadlessIdentifier.h; sourceTree = "<group>"; };
		2CBE9146193CE42800A93CD6 /* STHeadlessIdentifier.m */ = {isa = PBXFileReference; fileEncoding = 4; lastKnownFileType = sourcecode.c.objc; path = STHeadlessIdentifier.m; sourceTree = "<group>"; };
		2CBFAEA71863A17E00BBFCC7 /* STActivity.h */ = {isa = PBXFileReference; fileEncoding = 4; lastKnownFileType = sourcecode.c.h; path = STActivity.h; sourceTree = "<group>"; };
		2CCDBC5218FDD2A900DB2215 /* STDeviceSettings.h */ = {isa = PBXFileReference; fileEncoding = 4; lastKnownFileType = sourcecode.c.h; path = STDeviceSettings.h; sourceTree = "<group>"; };
		2CCDBC5318FDD2A900DB2215 /* STDeviceSettings.m */ = {isa = PBXFileReference; fileEncoding = 4; lastKnownFileType = sourcecode.c.objc; path = STDeviceSettings.m; sourceTree = "<group>"; };
		2CDE0E6F17E122A20048B055 /* UnitTests.app */ = {isa = PBXFileReference; explicitFileType = wrapper.application; includeInIndex = 0; path = UnitTests.app; sourceTree = BUILT_PRODUCTS_DIR; };
		2CDE0E7517E122A30048B055 /* UnitTests-Info.plist */ = {isa = PBXFileReference; lastKnownFileType = text.plist.xml; path = "UnitTests-Info.plist"; sourceTree = "<group>"; };
		2CDE0E7717E122A30048B055 /* en */ = {isa = PBXFileReference; lastKnownFileType = text.plist.strings; name = en; path = en.lproj/InfoPlist.strings; sourceTree = "<group>"; };
		2CDE0E7917E122A30048B055 /* main.m */ = {isa = PBXFileReference; lastKnownFileType = sourcecode.c.objc; path = main.m; sourceTree = "<group>"; };
		2CDE0E7B17E122A30048B055 /* UnitTests-Prefix.pch */ = {isa = PBXFileReference; lastKnownFileType = sourcecode.c.h; path = "UnitTests-Prefix.pch"; sourceTree = "<group>"; };
		2CDE0E8517E122A30048B055 /* UnitTestsTests.xctest */ = {isa = PBXFileReference; explicitFileType = wrapper.cfbundle; includeInIndex = 0; path = UnitTestsTests.xctest; sourceTree = BUILT_PRODUCTS_DIR; };
		2CDE0E8617E122A30048B055 /* XCTest.framework */ = {isa = PBXFileReference; lastKnownFileType = wrapper.framework; name = XCTest.framework; path = Library/Frameworks/XCTest.framework; sourceTree = DEVELOPER_DIR; };
		2CE78B991831AAC9004EBB82 /* CoreTelephony.framework */ = {isa = PBXFileReference; lastKnownFileType = wrapper.framework; name = CoreTelephony.framework; path = System/Library/Frameworks/CoreTelephony.framework; sourceTree = SDKROOT; };
		2CE78B9C1831B0C9004EBB82 /* CoreLocation.framework */ = {isa = PBXFileReference; lastKnownFileType = wrapper.framework; name = CoreLocation.framework; path = System/Library/Frameworks/CoreLocation.framework; sourceTree = SDKROOT; };
		2CEFADA81832FFEF00841C33 /* AdSupport.framework */ = {isa = PBXFileReference; lastKnownFileType = wrapper.framework; name = AdSupport.framework; path = System/Library/Frameworks/AdSupport.framework; sourceTree = SDKROOT; };
		2CF479BB18649EFF00150721 /* LoopyApiInfo.plist */ = {isa = PBXFileReference; fileEncoding = 4; lastKnownFileType = text.plist.xml; path = LoopyApiInfo.plist; sourceTree = "<group>"; };
		3383B68B749FB21F77F7228D /* libPods-UnitTests.a */ = {isa = PBXFileReference; explicitFileType = archive.ar; includeInIndex = 0; path = "libPods-UnitTests.a"; sourceTree = BUILT_PRODUCTS_DIR; };
		3C952FD299A8FB29C6D18838 /* Pods-UnitTests.release.xcconfig */ = {isa = PBXFileReference; includeInIndex = 1; lastKnownFileType = text.xcconfig; name = "Pods-UnitTests.release.xcconfig"; path = "Pods/Target Support Files/Pods-UnitTests/Pods-UnitTests.release.xcconfig"; sourceTree = "<group>"; };
		446347AC2392A71510243362 /* Pods-UnitTests.debug.xcconfig */ = {isa = PBXFileReference; includeInIndex = 1; lastKnownFileType = text.xcconfig; name = "Pods-UnitTests.debug.xcconfig"; path = "Pods/Target Support Files/Pods-UnitTests/Pods-UnitTests.debug.xcconfig"; sourceTree = "<group>"; };
		47922663B0A4B126A6593639 /* Pods.debug.xcconfig */ = {isa = PBXFileReference; includeInIndex = 1; lastKnownFileType = text.xcconfig; name = Pods.debug.xcconfig; path = "Pods/Target Support Files/Pods/Pods.debug.xcconfig"; sourceTree = "<group>"; };
		6894535D7453FC0C67D2AA77 /* Pods-IntegrationTests.debug.xcconfig */ = {isa = PBXFileReference; includeInIndex = 1; lastKnownFileType = text.xcconfig; name = "Pods-IntegrationTests.debug.xcconfig"; path = "Pods/Target Support Files/Pods-IntegrationTests/Pods-IntegrationTests.debug.xcconfig"; sourceTree = "<group>"; };
		85B62D1EB89700DDAFB7D12F /* libPods-IntegrationTests.a */ = {isa = PBXFileReference; explicitFileType = archive.ar; includeInIndex = 0; path = "libPods-IntegrationTests.a"; sourceTree = BUILT_PRODUCTS_DIR; };
		B5AF8F22C804A58CB9859F14 /* Pods-IntegrationTests.release.xcconfig */ = {isa = PBXFileReference; includeInIndex = 1; lastKnownFileType = text.xcconfig; name = "Pods-IntegrationTests.release.xcconfig"; path = "Pods/Target Support Files/Pods-IntegrationTests/Pods-IntegrationTests.release.xcconfig"; sourceTree = "<group>"; };
		C20AEFFB8B51C80682C410E2 /* Pods.release.xcconfig */ = {isa = PBXFileReference; includeInIndex = 1; lastKnownFileType = text.xcconfig; name = Pods.release.xcconfig; path = "Pods/Target Support Files/Pods/Pods.release.xcconfig"; sourceTree = "<group>"; };
/* End PBXFileReference section */

/* Begin PBXFrameworksBuildPhase section */
		2C1B5B9417E2783D00855D0D /* Frameworks */ = {
			isa = PBXFrameworksBuildPhase;
			buildActionMask = 2147483647;
			files = (
				2C61E9161A12CB4100E456DA /* libLoopy.a in Frameworks */,
				2C1B5B9917E2783D00855D0D /* CoreGraphics.framework in Frameworks */,
				2C1B5B9A17E2783D00855D0D /* UIKit.framework in Frameworks */,
				2C1B5B9817E2783D00855D0D /* Foundation.framework in Frameworks */,
				2C44DDDB182036470026938A /* Social.framework in Frameworks */,
				2CE78BA21831B109004EBB82 /* CoreTelephony.framework in Frameworks */,
				2CE78BA11831B100004EBB82 /* CoreLocation.framework in Frameworks */,
				2CEFADA91832FFEF00841C33 /* AdSupport.framework in Frameworks */,
				2CA3361218345307003D7498 /* SystemConfiguration.framework in Frameworks */,
				1CB707645259CAD0D62685AF /* libPods-IntegrationTests.a in Frameworks */,
			);
			runOnlyForDeploymentPostprocessing = 0;
		};
		2C44DDDD18207EC20026938A /* Frameworks */ = {
			isa = PBXFrameworksBuildPhase;
			buildActionMask = 2147483647;
			files = (
				2CEFADAD1833001B00841C33 /* Social.framework in Frameworks */,
				2CEFADAC1833000E00841C33 /* AdSupport.framework in Frameworks */,
				2CE78B9E1831B0CF004EBB82 /* CoreLocation.framework in Frameworks */,
				2CE78B9A1831AAC9004EBB82 /* CoreTelephony.framework in Frameworks */,
				2C44DDE118207EC20026938A /* Foundation.framework in Frameworks */,
				2CA3361318345312003D7498 /* SystemConfiguration.framework in Frameworks */,
				4006680A21E673E2C9EA6A77 /* libPods.a in Frameworks */,
			);
			runOnlyForDeploymentPostprocessing = 0;
		};
		2C48EAEC17DF87F200181C3E /* Frameworks */ = {
			isa = PBXFrameworksBuildPhase;
			buildActionMask = 2147483647;
			files = (
				2C61E9171A12D2B500E456DA /* libLoopy.a in Frameworks */,
				2C698F5418173F5E003643B0 /* Social.framework in Frameworks */,
				2C48EAF317DF87F200181C3E /* UIKit.framework in Frameworks */,
				2C48EAF517DF87F200181C3E /* Foundation.framework in Frameworks */,
				2C48EAF717DF87F200181C3E /* CoreGraphics.framework in Frameworks */,
				2CE78B9B1831AAD6004EBB82 /* CoreTelephony.framework in Frameworks */,
				2CE78B9D1831B0C9004EBB82 /* CoreLocation.framework in Frameworks */,
				2CEFADAB1833000200841C33 /* AdSupport.framework in Frameworks */,
				2CA33610183452E5003D7498 /* SystemConfiguration.framework in Frameworks */,
			);
			runOnlyForDeploymentPostprocessing = 0;
		};
		2CDE0E6C17E122A20048B055 /* Frameworks */ = {
			isa = PBXFrameworksBuildPhase;
			buildActionMask = 2147483647;
			files = (
				2C61E9151A12CB3C00E456DA /* libLoopy.a in Frameworks */,
				2CDE0E7117E122A30048B055 /* CoreGraphics.framework in Frameworks */,
				2CDE0E7217E122A30048B055 /* UIKit.framework in Frameworks */,
				2CDE0E7017E122A30048B055 /* Foundation.framework in Frameworks */,
				2C44DDDA182036400026938A /* Social.framework in Frameworks */,
				2CE78B9F1831B0E5004EBB82 /* CoreTelephony.framework in Frameworks */,
				2CE78BA01831B0EA004EBB82 /* CoreLocation.framework in Frameworks */,
				2CEFADAA1832FFF800841C33 /* AdSupport.framework in Frameworks */,
				2CA33611183452FC003D7498 /* SystemConfiguration.framework in Frameworks */,
				F7B354CAD2046B82359224A8 /* libPods-UnitTests.a in Frameworks */,
			);
			runOnlyForDeploymentPostprocessing = 0;
		};
/* End PBXFrameworksBuildPhase section */

/* Begin PBXGroup section */
		2C11FD11190033DE004733C5 /* DataObjects */ = {
			isa = PBXGroup;
			children = (
				2C11FD0A18FF50E9004733C5 /* STObject.h */,
				2C11FD0B18FF50E9004733C5 /* STObject.m */,
				2C11FCEA18FF3A9F004733C5 /* STInstall.h */,
				2C11FCEB18FF3A9F004733C5 /* STInstall.m */,
				2C11FCF218FF486D004733C5 /* STOpen.h */,
				2C11FCF318FF486D004733C5 /* STOpen.m */,
				2C11FD1919005990004733C5 /* STShare.h */,
				2C11FD1A19005990004733C5 /* STShare.m */,
				2C11FD2019007192004733C5 /* STShortlink.h */,
				2C11FD2119007192004733C5 /* STShortlink.m */,
				2C11FD3519008C75004733C5 /* STSharelink.h */,
				2C11FD3619008C75004733C5 /* STSharelink.m */,
				2C11FD4719009A9E004733C5 /* STLog.h */,
				2C11FD4819009A9E004733C5 /* STLog.m */,
				2C11FCDE18FF34F7004733C5 /* STDevice.h */,
				2C11FCDF18FF34F7004733C5 /* STDevice.m */,
				2C11FCE618FF390D004733C5 /* STApp.h */,
				2C11FCE718FF390D004733C5 /* STApp.m */,
				2C11FCEE18FF3DEA004733C5 /* STClient.h */,
				2C11FCEF18FF3DEA004733C5 /* STClient.m */,
				2C11FCE218FF3794004733C5 /* STGeo.h */,
				2C11FCE318FF3794004733C5 /* STGeo.m */,
				2C11FD27190071DC004733C5 /* STItem.h */,
				2C11FD28190071DC004733C5 /* STItem.m */,
				2C11FD4E19009BCB004733C5 /* STEvent.h */,
				2C11FD4F19009BCB004733C5 /* STEvent.m */,
			);
			name = DataObjects;
			sourceTree = "<group>";
		};
		2C1B5B9B17E2783D00855D0D /* IntegrationTests */ = {
			isa = PBXGroup;
			children = (
				2C5F2EB9185685110032BA75 /* STAPISessionTests.m */,
				2C34326B17FB40E10039A2D8 /* STAPIEndpointTests.m */,
				2C3C15EC1819C71E00793F9B /* STShareCallbackTests.m */,
				2C1B5BD217E2791C00855D0D /* Supporting Files */,
			);
			path = IntegrationTests;
			sourceTree = "<group>";
		};
		2C1B5BD217E2791C00855D0D /* Supporting Files */ = {
			isa = PBXGroup;
			children = (
				2C1B5BCF17E2790500855D0D /* IntegrationTests-Info.plist */,
				2C1B5BD317E2793000855D0D /* InfoPlist.strings */,
				2C1B5BCD17E278FC00855D0D /* main.m */,
				2C1B5BD017E2790500855D0D /* IntegrationTests-Prefix.pch */,
			);
			name = "Supporting Files";
			sourceTree = "<group>";
		};
		2C314A1117E134C9003CA1A0 /* Resources */ = {
			isa = PBXGroup;
			children = (
				2C314A1217E1354A003CA1A0 /* OpenJSONTest.txt */,
			);
			name = Resources;
			sourceTree = "<group>";
		};
		2C44DDE318207EC20026938A /* Supporting Files */ = {
			isa = PBXGroup;
			children = (
				2C44DDE418207EC20026938A /* Loopy-Prefix.pch */,
			);
			name = "Supporting Files";
			path = Loopy;
			sourceTree = "<group>";
		};
		2C48EAE617DF87F100181C3E = {
			isa = PBXGroup;
			children = (
				2C8C1E0B17E10BB80075B527 /* Loopy */,
				2C44DDE318207EC20026938A /* Supporting Files */,
				2C8C1E0E17E10BB80075B527 /* TestApp */,
				2CDE0E7317E122A30048B055 /* UnitTests */,
				2C1B5B9B17E2783D00855D0D /* IntegrationTests */,
				2C48EAF117DF87F200181C3E /* Frameworks */,
				2C48EAF017DF87F200181C3E /* Products */,
				C8670BF07B742B2C31CA4215 /* Pods */,
			);
			sourceTree = "<group>";
		};
		2C48EAF017DF87F200181C3E /* Products */ = {
			isa = PBXGroup;
			children = (
				2C48EAEF17DF87F200181C3E /* TestApp.app */,
				2CDE0E6F17E122A20048B055 /* UnitTests.app */,
				2CDE0E8517E122A30048B055 /* UnitTestsTests.xctest */,
				2C1B5B9717E2783D00855D0D /* IntegrationTests.app */,
				2C44DDE018207EC20026938A /* libLoopy.a */,
			);
			name = Products;
			sourceTree = "<group>";
		};
		2C48EAF117DF87F200181C3E /* Frameworks */ = {
			isa = PBXGroup;
			children = (
				2CA3360F183452E5003D7498 /* SystemConfiguration.framework */,
				2CEFADA81832FFEF00841C33 /* AdSupport.framework */,
				2CE78B9C1831B0C9004EBB82 /* CoreLocation.framework */,
				2CE78B991831AAC9004EBB82 /* CoreTelephony.framework */,
				2C44DE18182081C90026938A /* libPods.a */,
				2C522CD117FF79C3009C1F43 /* libprofile_rt.dylib */,
				2C742AD517F391440063653A /* libPods.a */,
				2C742AD317F391390063653A /* libPods-SZNetworking.a */,
				2C742ACB17F3912E0063653A /* libPods-GHUnitIOS.a */,
				2C742ACC17F3912E0063653A /* libPods-OCMock.a */,
				2C742ACD17F3912E0063653A /* libPods-SZNetworking.a */,
				2C742ACE17F3912E0063653A /* libPods.a */,
				2C742A9D17F371620063653A /* libPods-GHUnitIOS.a */,
				2C742A9E17F371620063653A /* libPods-OCMock.a */,
				2C742A9F17F371620063653A /* libPods-SZNetworking.a */,
				2C742AA017F371620063653A /* libPods.a */,
				2C742A9717F371050063653A /* libPods-GHUnitIOS.a */,
				2C742A9817F371050063653A /* libPods-OCMock.a */,
				2C742A9917F371050063653A /* libPods-SZNetworking.a */,
				2C742A9517F370E60063653A /* libPods.a */,
				2C6F4EE617EB9E320039C787 /* libOCMock.a */,
				2C6F4ECC17EB9C9C0039C787 /* libGHUnitIOSSimulator.a */,
				2C698F5318173F5E003643B0 /* Social.framework */,
				2C48EAF217DF87F200181C3E /* UIKit.framework */,
				2C48EAF417DF87F200181C3E /* Foundation.framework */,
				2C48EAF617DF87F200181C3E /* CoreGraphics.framework */,
				2CDE0E8617E122A30048B055 /* XCTest.framework */,
				04FF3B14B1414F9D8911EA25 /* libPods.a */,
				85B62D1EB89700DDAFB7D12F /* libPods-IntegrationTests.a */,
				3383B68B749FB21F77F7228D /* libPods-UnitTests.a */,
			);
			name = Frameworks;
			sourceTree = "<group>";
		};
		2C66953C18299D9A00AB8C08 /* Snippets */ = {
			isa = PBXGroup;
			children = (
				2CB4EF171832E11A00A0AA0B /* custom_activity.h */,
				2CB4EF181832E11A00A0AA0B /* custom_activity.m */,
				2C66953D18299EA700AB8C08 /* custom_share.h */,
				2C66953E18299EA700AB8C08 /* custom_share.m */,
				2C66953918297A0700AB8C08 /* share_dialog.h */,
				2C66953A18297A0700AB8C08 /* share_dialog.m */,
			);
			name = Snippets;
			sourceTree = "<group>";
		};
		2C6D366217E3ACAA00CF1199 /* API Client */ = {
			isa = PBXGroup;
			children = (
				2C8C1E0C17E10BB80075B527 /* STAPIClient.h */,
				2C8C1E0D17E10BB80075B527 /* STAPIClient.m */,
				2CCDBC5218FDD2A900DB2215 /* STDeviceSettings.h */,
				2CCDBC5318FDD2A900DB2215 /* STDeviceSettings.m */,
				2C05A932193928F70010CA08 /* STIdentifierFactory.h */,
				2C05A933193928F70010CA08 /* STIdentifierFactory.m */,
				2CBE913D193CE40200A93CD6 /* STIdentifier.h */,
				2CBE913E193CE40200A93CD6 /* STIdentifier.m */,
				2CBE9141193CE41800A93CD6 /* STDefaultIdentifier.h */,
				2CBE9142193CE41800A93CD6 /* STDefaultIdentifier.m */,
				2CBE9145193CE42800A93CD6 /* STHeadlessIdentifier.h */,
				2CBE9146193CE42800A93CD6 /* STHeadlessIdentifier.m */,
				2C11FD11190033DE004733C5 /* DataObjects */,
			);
			name = "API Client";
			sourceTree = "<group>";
		};
		2C6D366A17E3ACBB00CF1199 /* Utils */ = {
			isa = PBXGroup;
			children = (
				2C6D367217E3AD0300CF1199 /* STJSONUtils.h */,
				2C6D367317E3AD0300CF1199 /* STJSONUtils.m */,
			);
			name = Utils;
			sourceTree = "<group>";
		};
		2C8C1E0B17E10BB80075B527 /* Loopy */ = {
			isa = PBXGroup;
			children = (
				2CF479BB18649EFF00150721 /* LoopyApiInfo.plist */,
				2C44DDE518207EC20026938A /* Loopy.h */,
				2C0ECE9418174C46005965D0 /* STConstants.h */,
				2C0ECE9518174C46005965D0 /* STConstants.m */,
				2C8D99DE1834519E00D9BB4E /* STReachability.h */,
				2C8D99DF1834519E00D9BB4E /* STReachability.m */,
				2CA3DCC41811E807005E9159 /* Share */,
				2C6D366217E3ACAA00CF1199 /* API Client */,
				2C6D366A17E3ACBB00CF1199 /* Utils */,
			);
			path = Loopy;
			sourceTree = "<group>";
		};
		2C8C1E0E17E10BB80075B527 /* TestApp */ = {
			isa = PBXGroup;
			children = (
				2C8C1E1417E10BB80075B527 /* STTestAppDelegate.h */,
				2C8C1E1517E10BB80075B527 /* STTestAppDelegate.m */,
				2C250E291804C8EC00A788AC /* STRootViewController.h */,
				2C250E2A1804C8EC00A788AC /* STRootViewController.m */,
				2C250E2B1804C8EC00A788AC /* STRootViewController.xib */,
				2C8C1E1D17E10BD60075B527 /* Supporting Files */,
			);
			path = TestApp;
			sourceTree = "<group>";
		};
		2C8C1E1D17E10BD60075B527 /* Supporting Files */ = {
			isa = PBXGroup;
			children = (
				2C8C1E0F17E10BB80075B527 /* InfoPlist.strings */,
				2C8C1E1117E10BB80075B527 /* Loopy-Info.plist */,
				2C8C1E1217E10BB80075B527 /* Loopy-Prefix.pch */,
				2C8C1E1317E10BB80075B527 /* main.m */,
			);
			name = "Supporting Files";
			sourceTree = "<group>";
		};
		2CA3DCC41811E807005E9159 /* Share */ = {
			isa = PBXGroup;
			children = (
				2CBFAEA71863A17E00BBFCC7 /* STActivity.h */,
				2C5ADD4618185FE700BAC4DC /* STShareActivityUI.h */,
				2C5ADD4718185FE700BAC4DC /* STShareActivityUI.m */,
				2CA3DCEA1811E8AD005E9159 /* STFacebookActivity.h */,
				2CA3DCEB1811E8AD005E9159 /* STFacebookActivity.m */,
				2CA3DCEE1811E8AD005E9159 /* STTwitterActivity.h */,
				2CA3DCEF1811E8AD005E9159 /* STTwitterActivity.m */,
				2CA3DCE01811E8AD005E9159 /* Resources */,
			);
			name = Share;
			sourceTree = "<group>";
		};
		2CA3DCE01811E8AD005E9159 /* Resources */ = {
			isa = PBXGroup;
			children = (
				2CA3DCE11811E8AD005E9159 /* FacebookLogoNoBlue43x43.png */,
				2CA3DCE21811E8AD005E9159 /* FacebookLogoNoBlue60x60.png */,
				2CA3DCE31811E8AD005E9159 /* FacebookLogoNoBlue76x76.png */,
				2CA3DCE71811E8AD005E9159 /* TwitterLogo43x43.png */,
				2CA3DCE81811E8AD005E9159 /* TwitterLogo60x60.png */,
				2CA3DCE91811E8AD005E9159 /* TwitterLogo76x76.png */,
			);
			path = Resources;
			sourceTree = "<group>";
		};
		2CDE0E7317E122A30048B055 /* UnitTests */ = {
			isa = PBXGroup;
			children = (
				2C66953C18299D9A00AB8C08 /* Snippets */,
				2C314A0817E13143003CA1A0 /* STAPIClientTests.m */,
				2C3E069117FA26B700FF751B /* STJSONUtilsTests.m */,
				2C5ADD4A181879EC00BAC4DC /* STShareTests.m */,
				2C3C15E91819C1FB00793F9B /* STActivityTests.m */,
				2C3E069317FA418C00FF751B /* STTestUtils.h */,
				2C3E069417FA418C00FF751B /* STTestUtils.m */,
				2C314A1117E134C9003CA1A0 /* Resources */,
				2CDE0E7417E122A30048B055 /* Supporting Files */,
			);
			path = UnitTests;
			sourceTree = "<group>";
		};
		2CDE0E7417E122A30048B055 /* Supporting Files */ = {
			isa = PBXGroup;
			children = (
				2CDE0E7517E122A30048B055 /* UnitTests-Info.plist */,
				2CDE0E7617E122A30048B055 /* InfoPlist.strings */,
				2CDE0E7917E122A30048B055 /* main.m */,
				2CDE0E7B17E122A30048B055 /* UnitTests-Prefix.pch */,
			);
			name = "Supporting Files";
			sourceTree = "<group>";
		};
		C8670BF07B742B2C31CA4215 /* Pods */ = {
			isa = PBXGroup;
			children = (
				47922663B0A4B126A6593639 /* Pods.debug.xcconfig */,
				C20AEFFB8B51C80682C410E2 /* Pods.release.xcconfig */,
				6894535D7453FC0C67D2AA77 /* Pods-IntegrationTests.debug.xcconfig */,
				B5AF8F22C804A58CB9859F14 /* Pods-IntegrationTests.release.xcconfig */,
				446347AC2392A71510243362 /* Pods-UnitTests.debug.xcconfig */,
				3C952FD299A8FB29C6D18838 /* Pods-UnitTests.release.xcconfig */,
			);
			name = Pods;
			sourceTree = "<group>";
		};
/* End PBXGroup section */

/* Begin PBXHeadersBuildPhase section */
		2C44DE0218207FD50026938A /* Headers */ = {
			isa = PBXHeadersBuildPhase;
			buildActionMask = 2147483647;
			files = (
				2C11FD5019009BCB004733C5 /* STEvent.h in Headers */,
				2C44DDE618207EC20026938A /* Loopy.h in Headers */,
				2C11FCEC18FF3A9F004733C5 /* STInstall.h in Headers */,
				2C44DE0318207FDC0026938A /* STConstants.h in Headers */,
				2C11FCF018FF3DEA004733C5 /* STClient.h in Headers */,
				2C11FD29190071DC004733C5 /* STItem.h in Headers */,
				2C44DE0418207FE80026938A /* STShareActivityUI.h in Headers */,
				2C11FD1B19005990004733C5 /* STShare.h in Headers */,
				2C11FCE818FF390D004733C5 /* STApp.h in Headers */,
				2C11FCE418FF3794004733C5 /* STGeo.h in Headers */,
				2CBE913F193CE40200A93CD6 /* STIdentifier.h in Headers */,
				2C11FCF418FF486D004733C5 /* STOpen.h in Headers */,
				2CBE9143193CE41800A93CD6 /* STDefaultIdentifier.h in Headers */,
				2C44DE0D1820808B0026938A /* STFacebookActivity.h in Headers */,
				2CBFAEA81863A17E00BBFCC7 /* STActivity.h in Headers */,
				2C05A934193928F70010CA08 /* STIdentifierFactory.h in Headers */,
				2C11FD4919009A9E004733C5 /* STLog.h in Headers */,
				2C44DE0E182080900026938A /* STTwitterActivity.h in Headers */,
				2CCDBC5418FDD2A900DB2215 /* STDeviceSettings.h in Headers */,
				2C44DE0F1820809B0026938A /* STAPIClient.h in Headers */,
				2CBE9147193CE42800A93CD6 /* STHeadlessIdentifier.h in Headers */,
				2C44DE10182080A40026938A /* STJSONUtils.h in Headers */,
				2C8D99E01834519E00D9BB4E /* STReachability.h in Headers */,
				2C11FD0C18FF50E9004733C5 /* STObject.h in Headers */,
				2C11FD2219007192004733C5 /* STShortlink.h in Headers */,
				2C11FCE018FF34F7004733C5 /* STDevice.h in Headers */,
				2C11FD3719008C75004733C5 /* STSharelink.h in Headers */,
			);
			runOnlyForDeploymentPostprocessing = 0;
		};
/* End PBXHeadersBuildPhase section */

/* Begin PBXNativeTarget section */
		2C1B5B9617E2783D00855D0D /* IntegrationTests */ = {
			isa = PBXNativeTarget;
			buildConfigurationList = 2C1B5BC617E2783D00855D0D /* Build configuration list for PBXNativeTarget "IntegrationTests" */;
			buildPhases = (
				8328AC2B96C9AD8D7D72AE10 /* Check Pods Manifest.lock */,
				2C1B5B9317E2783D00855D0D /* Sources */,
				2C1B5B9417E2783D00855D0D /* Frameworks */,
				2C1B5B9517E2783D00855D0D /* Resources */,
				2C3FE4BF18033E3C00BAF591 /* ShellScript */,
				2C34327E17FB90160039A2D8 /* ShellScript */,
				2CB8BF2B1804A4EA009DCB50 /* ShellScript */,
				FDCDB73A292699A46F70E9AB /* Copy Pods Resources */,
			);
			buildRules = (
			);
			dependencies = (
			);
			name = IntegrationTests;
			productName = IntegrationTests;
			productReference = 2C1B5B9717E2783D00855D0D /* IntegrationTests.app */;
			productType = "com.apple.product-type.application";
		};
		2C44DDDF18207EC20026938A /* Loopy */ = {
			isa = PBXNativeTarget;
			buildConfigurationList = 2C44DDFC18207EC30026938A /* Build configuration list for PBXNativeTarget "Loopy" */;
			buildPhases = (
				DD6F2D2342F9CC02A4D6842F /* Check Pods Manifest.lock */,
				2C44DDDC18207EC20026938A /* Sources */,
				2C44DDDD18207EC20026938A /* Frameworks */,
				2C44DDDE18207EC20026938A /* CopyFiles */,
				2C44DE0218207FD50026938A /* Headers */,
				15432ED4F3F1800A9EC49954 /* Copy Pods Resources */,
			);
			buildRules = (
			);
			dependencies = (
			);
			name = Loopy;
			productName = Loopy;
			productReference = 2C44DDE018207EC20026938A /* libLoopy.a */;
			productType = "com.apple.product-type.library.static";
		};
		2C48EAEE17DF87F200181C3E /* TestApp */ = {
			isa = PBXNativeTarget;
			buildConfigurationList = 2C48EB0C17DF87F200181C3E /* Build configuration list for PBXNativeTarget "TestApp" */;
			buildPhases = (
				55B23CB551514882AC930B89 /* Check Pods Manifest.lock */,
				2C48EAEB17DF87F200181C3E /* Sources */,
				2C48EAEC17DF87F200181C3E /* Frameworks */,
				2C48EAED17DF87F200181C3E /* Resources */,
				106D9418A69C428D87DFCE59 /* Copy Pods Resources */,
			);
			buildRules = (
			);
			dependencies = (
			);
			name = TestApp;
			productName = Loopy;
			productReference = 2C48EAEF17DF87F200181C3E /* TestApp.app */;
			productType = "com.apple.product-type.application";
		};
		2CDE0E6E17E122A20048B055 /* UnitTests */ = {
			isa = PBXNativeTarget;
			buildConfigurationList = 2CDE0E9417E122A30048B055 /* Build configuration list for PBXNativeTarget "UnitTests" */;
			buildPhases = (
				86D2BCA0A8F1CDE2FCDA52D7 /* Check Pods Manifest.lock */,
				2CDE0E6B17E122A20048B055 /* Sources */,
				2CDE0E6C17E122A20048B055 /* Frameworks */,
				2CDE0E6D17E122A20048B055 /* Resources */,
				2C522CD317FF7F3F009C1F43 /* ShellScript */,
				2C34327117FB883D0039A2D8 /* ShellScript */,
				2CE116D21803627A00EFF9E4 /* ShellScript */,
				FFC50284A7A6E2B0D6B47BE1 /* Copy Pods Resources */,
			);
			buildRules = (
			);
			dependencies = (
			);
			name = UnitTests;
			productName = UnitTests;
			productReference = 2CDE0E6F17E122A20048B055 /* UnitTests.app */;
			productType = "com.apple.product-type.application";
		};
/* End PBXNativeTarget section */

/* Begin PBXProject section */
		2C48EAE717DF87F100181C3E /* Project object */ = {
			isa = PBXProject;
			attributes = {
				CLASSPREFIX = ST;
				LastUpgradeCheck = 0500;
				ORGANIZATIONNAME = ShareThis;
				TargetAttributes = {
					2C48EAEE17DF87F200181C3E = {
						DevelopmentTeam = 6QWWQR8948;
					};
				};
			};
			buildConfigurationList = 2C48EAEA17DF87F100181C3E /* Build configuration list for PBXProject "Loopy" */;
			compatibilityVersion = "Xcode 3.2";
			developmentRegion = English;
			hasScannedForEncodings = 0;
			knownRegions = (
				en,
			);
			mainGroup = 2C48EAE617DF87F100181C3E;
			productRefGroup = 2C48EAF017DF87F200181C3E /* Products */;
			projectDirPath = "";
			projectRoot = "";
			targets = (
				2C48EAEE17DF87F200181C3E /* TestApp */,
				2CDE0E6E17E122A20048B055 /* UnitTests */,
				2C1B5B9617E2783D00855D0D /* IntegrationTests */,
				2C44DDDF18207EC20026938A /* Loopy */,
				2CA668A718218334003D0AF1 /* Loopy Framework */,
			);
		};
/* End PBXProject section */

/* Begin PBXResourcesBuildPhase section */
		2C1B5B9517E2783D00855D0D /* Resources */ = {
			isa = PBXResourcesBuildPhase;
			buildActionMask = 2147483647;
			files = (
				2CF479CC1864A20A00150721 /* FacebookLogoNoBlue43x43.png in Resources */,
				2CF479CD1864A20A00150721 /* FacebookLogoNoBlue60x60.png in Resources */,
				2CF479CE1864A20A00150721 /* FacebookLogoNoBlue76x76.png in Resources */,
				2CF479CF1864A20A00150721 /* TwitterLogo43x43.png in Resources */,
				2CF479D01864A20A00150721 /* TwitterLogo60x60.png in Resources */,
				2CF479D11864A20A00150721 /* TwitterLogo76x76.png in Resources */,
				2C1B5BD517E2793000855D0D /* InfoPlist.strings in Resources */,
				2CF479CB1864A17F00150721 /* LoopyApiInfo.plist in Resources */,
			);
			runOnlyForDeploymentPostprocessing = 0;
		};
		2C48EAED17DF87F200181C3E /* Resources */ = {
			isa = PBXResourcesBuildPhase;
			buildActionMask = 2147483647;
			files = (
				2CF479C71864A05E00150721 /* LoopyApiInfo.plist in Resources */,
				2C8C1E1917E10BB80075B527 /* InfoPlist.strings in Resources */,
				2CA3DCF01811E8AD005E9159 /* FacebookLogoNoBlue43x43.png in Resources */,
				2CA3DCF61811E8AD005E9159 /* TwitterLogo43x43.png in Resources */,
				2CA3DCF71811E8AD005E9159 /* TwitterLogo60x60.png in Resources */,
				2CA3DCF11811E8AD005E9159 /* FacebookLogoNoBlue60x60.png in Resources */,
				2CA3DCF81811E8AD005E9159 /* TwitterLogo76x76.png in Resources */,
				2CA3DCF21811E8AD005E9159 /* FacebookLogoNoBlue76x76.png in Resources */,
				2C250E2D1804C8EC00A788AC /* STRootViewController.xib in Resources */,
			);
			runOnlyForDeploymentPostprocessing = 0;
		};
		2CDE0E6D17E122A20048B055 /* Resources */ = {
			isa = PBXResourcesBuildPhase;
			buildActionMask = 2147483647;
			files = (
				2CF479C91864A16000150721 /* LoopyApiInfo.plist in Resources */,
				2C64D42218187A6900D6CE6C /* FacebookLogoNoBlue43x43.png in Resources */,
				2C64D42318187A6900D6CE6C /* FacebookLogoNoBlue60x60.png in Resources */,
				2C64D42418187A6900D6CE6C /* FacebookLogoNoBlue76x76.png in Resources */,
				2C64D42518187A6900D6CE6C /* TwitterLogo43x43.png in Resources */,
				2C64D42618187A6900D6CE6C /* TwitterLogo60x60.png in Resources */,
				2C64D42718187A6900D6CE6C /* TwitterLogo76x76.png in Resources */,
				2C314A1317E1354A003CA1A0 /* OpenJSONTest.txt in Resources */,
				2CDE0E7817E122A30048B055 /* InfoPlist.strings in Resources */,
			);
			runOnlyForDeploymentPostprocessing = 0;
		};
/* End PBXResourcesBuildPhase section */

/* Begin PBXShellScriptBuildPhase section */
		106D9418A69C428D87DFCE59 /* Copy Pods Resources */ = {
			isa = PBXShellScriptBuildPhase;
			buildActionMask = 2147483647;
			files = (
			);
			inputPaths = (
			);
			name = "Copy Pods Resources";
			outputPaths = (
			);
			runOnlyForDeploymentPostprocessing = 0;
			shellPath = /bin/sh;
			shellScript = "\"${SRCROOT}/Pods/Target Support Files/Pods/Pods-resources.sh\"\n";
			showEnvVarsInLog = 0;
		};
		15432ED4F3F1800A9EC49954 /* Copy Pods Resources */ = {
			isa = PBXShellScriptBuildPhase;
			buildActionMask = 2147483647;
			files = (
			);
			inputPaths = (
			);
			name = "Copy Pods Resources";
			outputPaths = (
			);
			runOnlyForDeploymentPostprocessing = 0;
			shellPath = /bin/sh;
			shellScript = "\"${SRCROOT}/Pods/Target Support Files/Pods/Pods-resources.sh\"\n";
			showEnvVarsInLog = 0;
		};
		2C34327117FB883D0039A2D8 /* ShellScript */ = {
			isa = PBXShellScriptBuildPhase;
			buildActionMask = 2147483647;
			files = (
			);
			inputPaths = (
			);
			outputPaths = (
			);
			runOnlyForDeploymentPostprocessing = 0;
			shellPath = /bin/sh;
			shellScript = "if [ \"$GHUNIT_CLI\" == 1 ]; then\n    Scripts/RunTests.sh\nfi\n";
			showEnvVarsInLog = 0;
		};
		2C34327E17FB90160039A2D8 /* ShellScript */ = {
			isa = PBXShellScriptBuildPhase;
			buildActionMask = 2147483647;
			files = (
			);
			inputPaths = (
			);
			outputPaths = (
			);
			runOnlyForDeploymentPostprocessing = 0;
			shellPath = /bin/sh;
			shellScript = "if [ \"$GHUNIT_CLI\" == 1 ]; then\nsh Scripts/RunTests.sh\nfi\n";
			showEnvVarsInLog = 0;
		};
		2C3FE4BF18033E3C00BAF591 /* ShellScript */ = {
			isa = PBXShellScriptBuildPhase;
			buildActionMask = 2147483647;
			files = (
			);
			inputPaths = (
			);
			outputPaths = (
			);
			runOnlyForDeploymentPostprocessing = 0;
			shellPath = /bin/sh;
			shellScript = "if [ \"$GHUNIT_CLI\" == 1 ]; then\nXcodeCoverage/exportenv.sh\nfi\n";
			showEnvVarsInLog = 0;
		};
		2C522CD317FF7F3F009C1F43 /* ShellScript */ = {
			isa = PBXShellScriptBuildPhase;
			buildActionMask = 2147483647;
			files = (
			);
			inputPaths = (
			);
			outputPaths = (
			);
			runOnlyForDeploymentPostprocessing = 0;
			shellPath = /bin/sh;
			shellScript = "if [ \"$GHUNIT_CLI\" == 1 ]; then\n    XcodeCoverage/exportenv.sh\nfi\n";
			showEnvVarsInLog = 0;
		};
		2CA668AB182184EE003D0AF1 /* ShellScript */ = {
			isa = PBXShellScriptBuildPhase;
			buildActionMask = 2147483647;
			files = (
			);
			inputPaths = (
			);
			outputPaths = (
			);
			runOnlyForDeploymentPostprocessing = 0;
			shellPath = /bin/sh;
			shellScript = "xcodebuild -scheme Loopy -configuration ${CONFIGURATION} -sdk iphonesimulator\nxcodebuild -scheme Loopy -configuration ${CONFIGURATION} -sdk iphoneos";
			showEnvVarsInLog = 0;
		};
		2CA668AC18218516003D0AF1 /* ShellScript */ = {
			isa = PBXShellScriptBuildPhase;
			buildActionMask = 2147483647;
			files = (
			);
			inputPaths = (
			);
			outputPaths = (
			);
			runOnlyForDeploymentPostprocessing = 0;
			shellPath = /bin/sh;
			shellScript = ./Scripts/iOSFramework.sh;
			showEnvVarsInLog = 0;
		};
		2CB8BF2B1804A4EA009DCB50 /* ShellScript */ = {
			isa = PBXShellScriptBuildPhase;
			buildActionMask = 2147483647;
			files = (
			);
			inputPaths = (
			);
			outputPaths = (
			);
			runOnlyForDeploymentPostprocessing = 0;
			shellPath = /bin/sh;
			shellScript = "if [ \"$GHUNIT_CLI\" == 1 ]; then\ncd XcodeCoverage\n./getcov\nfi\n";
			showEnvVarsInLog = 0;
		};
		2CE116D21803627A00EFF9E4 /* ShellScript */ = {
			isa = PBXShellScriptBuildPhase;
			buildActionMask = 2147483647;
			files = (
			);
			inputPaths = (
			);
			outputPaths = (
			);
			runOnlyForDeploymentPostprocessing = 0;
			shellPath = /bin/sh;
			shellScript = "if [ \"$GHUNIT_CLI\" == 1 ]; then\n    cd XcodeCoverage\n    ./getcov\nfi\n";
			showEnvVarsInLog = 0;
		};
		55B23CB551514882AC930B89 /* Check Pods Manifest.lock */ = {
			isa = PBXShellScriptBuildPhase;
			buildActionMask = 2147483647;
			files = (
			);
			inputPaths = (
			);
			name = "Check Pods Manifest.lock";
			outputPaths = (
			);
			runOnlyForDeploymentPostprocessing = 0;
			shellPath = /bin/sh;
			shellScript = "diff \"${PODS_ROOT}/../Podfile.lock\" \"${PODS_ROOT}/Manifest.lock\" > /dev/null\nif [[ $? != 0 ]] ; then\n    cat << EOM\nerror: The sandbox is not in sync with the Podfile.lock. Run 'pod install' or update your CocoaPods installation.\nEOM\n    exit 1\nfi\n";
			showEnvVarsInLog = 0;
		};
		8328AC2B96C9AD8D7D72AE10 /* Check Pods Manifest.lock */ = {
			isa = PBXShellScriptBuildPhase;
			buildActionMask = 2147483647;
			files = (
			);
			inputPaths = (
			);
			name = "Check Pods Manifest.lock";
			outputPaths = (
			);
			runOnlyForDeploymentPostprocessing = 0;
			shellPath = /bin/sh;
			shellScript = "diff \"${PODS_ROOT}/../Podfile.lock\" \"${PODS_ROOT}/Manifest.lock\" > /dev/null\nif [[ $? != 0 ]] ; then\n    cat << EOM\nerror: The sandbox is not in sync with the Podfile.lock. Run 'pod install' or update your CocoaPods installation.\nEOM\n    exit 1\nfi\n";
			showEnvVarsInLog = 0;
		};
		86D2BCA0A8F1CDE2FCDA52D7 /* Check Pods Manifest.lock */ = {
			isa = PBXShellScriptBuildPhase;
			buildActionMask = 2147483647;
			files = (
			);
			inputPaths = (
			);
			name = "Check Pods Manifest.lock";
			outputPaths = (
			);
			runOnlyForDeploymentPostprocessing = 0;
			shellPath = /bin/sh;
			shellScript = "diff \"${PODS_ROOT}/../Podfile.lock\" \"${PODS_ROOT}/Manifest.lock\" > /dev/null\nif [[ $? != 0 ]] ; then\n    cat << EOM\nerror: The sandbox is not in sync with the Podfile.lock. Run 'pod install' or update your CocoaPods installation.\nEOM\n    exit 1\nfi\n";
			showEnvVarsInLog = 0;
		};
		DD6F2D2342F9CC02A4D6842F /* Check Pods Manifest.lock */ = {
			isa = PBXShellScriptBuildPhase;
			buildActionMask = 2147483647;
			files = (
			);
			inputPaths = (
			);
			name = "Check Pods Manifest.lock";
			outputPaths = (
			);
			runOnlyForDeploymentPostprocessing = 0;
			shellPath = /bin/sh;
			shellScript = "diff \"${PODS_ROOT}/../Podfile.lock\" \"${PODS_ROOT}/Manifest.lock\" > /dev/null\nif [[ $? != 0 ]] ; then\n    cat << EOM\nerror: The sandbox is not in sync with the Podfile.lock. Run 'pod install' or update your CocoaPods installation.\nEOM\n    exit 1\nfi\n";
			showEnvVarsInLog = 0;
		};
		FDCDB73A292699A46F70E9AB /* Copy Pods Resources */ = {
			isa = PBXShellScriptBuildPhase;
			buildActionMask = 2147483647;
			files = (
			);
			inputPaths = (
			);
			name = "Copy Pods Resources";
			outputPaths = (
			);
			runOnlyForDeploymentPostprocessing = 0;
			shellPath = /bin/sh;
			shellScript = "\"${SRCROOT}/Pods/Target Support Files/Pods-IntegrationTests/Pods-IntegrationTests-resources.sh\"\n";
			showEnvVarsInLog = 0;
		};
		FFC50284A7A6E2B0D6B47BE1 /* Copy Pods Resources */ = {
			isa = PBXShellScriptBuildPhase;
			buildActionMask = 2147483647;
			files = (
			);
			inputPaths = (
			);
			name = "Copy Pods Resources";
			outputPaths = (
			);
			runOnlyForDeploymentPostprocessing = 0;
			shellPath = /bin/sh;
			shellScript = "\"${SRCROOT}/Pods/Target Support Files/Pods-UnitTests/Pods-UnitTests-resources.sh\"\n";
			showEnvVarsInLog = 0;
		};
/* End PBXShellScriptBuildPhase section */

/* Begin PBXSourcesBuildPhase section */
		2C1B5B9317E2783D00855D0D /* Sources */ = {
			isa = PBXSourcesBuildPhase;
			buildActionMask = 2147483647;
			files = (
				2C3C15ED1819C71E00793F9B /* STShareCallbackTests.m in Sources */,
				2C34326C17FB40E10039A2D8 /* STAPIEndpointTests.m in Sources */,
				2C5F2EBA185685110032BA75 /* STAPISessionTests.m in Sources */,
				2C1B5BCE17E278FC00855D0D /* main.m in Sources */,
			);
			runOnlyForDeploymentPostprocessing = 0;
		};
		2C44DDDC18207EC20026938A /* Sources */ = {
			isa = PBXSourcesBuildPhase;
			buildActionMask = 2147483647;
			files = (
				2C11FD2619007192004733C5 /* STShortlink.m in Sources */,
				2C11FD1F19005990004733C5 /* STShare.m in Sources */,
				2C11FCED18FF3A9F004733C5 /* STInstall.m in Sources */,
				2C11FD4D19009A9E004733C5 /* STLog.m in Sources */,
				2C11FD2D190071DC004733C5 /* STItem.m in Sources */,
				2C11FD3B19008C75004733C5 /* STSharelink.m in Sources */,
				2C11FD5419009BCB004733C5 /* STEvent.m in Sources */,
				2CBE9144193CE41800A93CD6 /* STDefaultIdentifier.m in Sources */,
				2CBE9148193CE42800A93CD6 /* STHeadlessIdentifier.m in Sources */,
				2C11FCE918FF390D004733C5 /* STApp.m in Sources */,
				2C11FD1018FF50E9004733C5 /* STObject.m in Sources */,
				2C44DE11182081210026938A /* STConstants.m in Sources */,
				2C44DE12182081240026938A /* STShareActivityUI.m in Sources */,
				2C44DE13182081260026938A /* STFacebookActivity.m in Sources */,
				2C05A935193928F70010CA08 /* STIdentifierFactory.m in Sources */,
				2CBE9140193CE40200A93CD6 /* STIdentifier.m in Sources */,
				2C8D99E11834519E00D9BB4E /* STReachability.m in Sources */,
				2C44DE141820812A0026938A /* STTwitterActivity.m in Sources */,
				2C11FCF118FF3DEA004733C5 /* STClient.m in Sources */,
				2C11FCF518FF486D004733C5 /* STOpen.m in Sources */,
				2C11FCE118FF34F7004733C5 /* STDevice.m in Sources */,
				2C11FCE518FF3794004733C5 /* STGeo.m in Sources */,
				2CCDBC5518FDD2A900DB2215 /* STDeviceSettings.m in Sources */,
				2C44DE151820812E0026938A /* STAPIClient.m in Sources */,
				2C44DE16182081300026938A /* STJSONUtils.m in Sources */,
			);
			runOnlyForDeploymentPostprocessing = 0;
		};
		2C48EAEB17DF87F200181C3E /* Sources */ = {
			isa = PBXSourcesBuildPhase;
			buildActionMask = 2147483647;
			files = (
				2C8C1E1B17E10BB80075B527 /* main.m in Sources */,
				2C250E2C1804C8EC00A788AC /* STRootViewController.m in Sources */,
				2C8C1E1C17E10BB80075B527 /* STTestAppDelegate.m in Sources */,
			);
			runOnlyForDeploymentPostprocessing = 0;
		};
		2CDE0E6B17E122A20048B055 /* Sources */ = {
			isa = PBXSourcesBuildPhase;
			buildActionMask = 2147483647;
			files = (
				2C3C15EA1819C1FB00793F9B /* STActivityTests.m in Sources */,
				2C314A0917E13143003CA1A0 /* STAPIClientTests.m in Sources */,
				2CDE0E7A17E122A30048B055 /* main.m in Sources */,
				2C5ADD4B181879EC00BAC4DC /* STShareTests.m in Sources */,
				2C3E069517FA418C00FF751B /* STTestUtils.m in Sources */,
				2C3E069217FA26B700FF751B /* STJSONUtilsTests.m in Sources */,
			);
			runOnlyForDeploymentPostprocessing = 0;
		};
/* End PBXSourcesBuildPhase section */

/* Begin PBXVariantGroup section */
		2C1B5BD317E2793000855D0D /* InfoPlist.strings */ = {
			isa = PBXVariantGroup;
			children = (
				2C1B5BD417E2793000855D0D /* en */,
			);
			name = InfoPlist.strings;
			sourceTree = "<group>";
		};
		2C8C1E0F17E10BB80075B527 /* InfoPlist.strings */ = {
			isa = PBXVariantGroup;
			children = (
				2C8C1E1017E10BB80075B527 /* en */,
			);
			name = InfoPlist.strings;
			sourceTree = "<group>";
		};
		2CDE0E7617E122A30048B055 /* InfoPlist.strings */ = {
			isa = PBXVariantGroup;
			children = (
				2CDE0E7717E122A30048B055 /* en */,
			);
			name = InfoPlist.strings;
			sourceTree = "<group>";
		};
/* End PBXVariantGroup section */

/* Begin XCBuildConfiguration section */
		2C1B5BBB17E2783D00855D0D /* Debug */ = {
			isa = XCBuildConfiguration;
			baseConfigurationReference = 6894535D7453FC0C67D2AA77 /* Pods-IntegrationTests.debug.xcconfig */;
			buildSettings = {
				ASSETCATALOG_COMPILER_APPICON_NAME = AppIcon;
				ASSETCATALOG_COMPILER_LAUNCHIMAGE_NAME = LaunchImage;
				CLANG_ENABLE_MODULES = YES;
				CLANG_WARN_BOOL_CONVERSION = YES;
				CLANG_WARN_DIRECT_OBJC_ISA_USAGE = YES_ERROR;
				CLANG_WARN_OBJC_ROOT_CLASS = YES_ERROR;
				FRAMEWORK_SEARCH_PATHS = "$(inherited)";
				GCC_PRECOMPILE_PREFIX_HEADER = YES;
				GCC_PREFIX_HEADER = "IntegrationTests/IntegrationTests-Prefix.pch";
				GCC_PREPROCESSOR_DEFINITIONS = (
					"DEBUG=1",
					"$(inherited)",
				);
				GCC_WARN_64_TO_32_BIT_CONVERSION = YES;
				GCC_WARN_ABOUT_RETURN_TYPE = YES_ERROR;
				GCC_WARN_UNDECLARED_SELECTOR = YES;
				GCC_WARN_UNUSED_FUNCTION = YES;
				HEADER_SEARCH_PATHS = (
					"\"$(SRCROOT)/Pods/Headers/Public\"",
					"\"$(SRCROOT)/Pods/Headers/Public/GHUnitIOS\"",
					"\"$(SRCROOT)/Pods/Headers/Public/OCMock\"",
				);
				INFOPLIST_FILE = "IntegrationTests/IntegrationTests-Info.plist";
				IPHONEOS_DEPLOYMENT_TARGET = 6.1;
				LIBRARY_SEARCH_PATHS = "$(inherited)";
				OTHER_CFLAGS = "$(inherited)";
				OTHER_LDFLAGS = (
					"-all_load",
					"-ObjC",
					"-l\"Pods-UnitTests-GHUnitIOS\"",
					"-l\"Pods-UnitTests-OCMock\"",
					"-framework",
					"\"CoreGraphics\"",
					"-framework",
					"\"MobileCoreServices\"",
					"-framework",
					"\"Security\"",
					"-framework",
					"\"SystemConfiguration\"",
				);
				PRODUCT_NAME = "$(TARGET_NAME)";
				WRAPPER_EXTENSION = app;
			};
			name = Debug;
		};
		2C1B5BBC17E2783D00855D0D /* Release */ = {
			isa = XCBuildConfiguration;
			baseConfigurationReference = B5AF8F22C804A58CB9859F14 /* Pods-IntegrationTests.release.xcconfig */;
			buildSettings = {
				ASSETCATALOG_COMPILER_APPICON_NAME = AppIcon;
				ASSETCATALOG_COMPILER_LAUNCHIMAGE_NAME = LaunchImage;
				CLANG_ENABLE_MODULES = YES;
				CLANG_WARN_BOOL_CONVERSION = YES;
				CLANG_WARN_DIRECT_OBJC_ISA_USAGE = YES_ERROR;
				CLANG_WARN_OBJC_ROOT_CLASS = YES_ERROR;
				ENABLE_NS_ASSERTIONS = NO;
				FRAMEWORK_SEARCH_PATHS = "$(inherited)";
				GCC_PRECOMPILE_PREFIX_HEADER = YES;
				GCC_PREFIX_HEADER = "IntegrationTests/IntegrationTests-Prefix.pch";
				GCC_WARN_64_TO_32_BIT_CONVERSION = YES;
				GCC_WARN_ABOUT_RETURN_TYPE = YES_ERROR;
				GCC_WARN_UNDECLARED_SELECTOR = YES;
				GCC_WARN_UNUSED_FUNCTION = YES;
				HEADER_SEARCH_PATHS = (
					"\"$(SRCROOT)/Pods/Headers/Public\"",
					"\"$(SRCROOT)/Pods/Headers/Public/GHUnitIOS\"",
					"\"$(SRCROOT)/Pods/Headers/Public/OCMock\"",
				);
				INFOPLIST_FILE = "IntegrationTests/IntegrationTests-Info.plist";
				IPHONEOS_DEPLOYMENT_TARGET = 6.1;
				LIBRARY_SEARCH_PATHS = "$(inherited)";
				OTHER_CFLAGS = "$(inherited)";
				OTHER_LDFLAGS = (
					"-all_load",
					"-ObjC",
					"-l\"Pods-UnitTests-GHUnitIOS\"",
					"-l\"Pods-UnitTests-OCMock\"",
					"-framework",
					"\"CoreGraphics\"",
					"-framework",
					"\"MobileCoreServices\"",
					"-framework",
					"\"Security\"",
					"-framework",
					"\"SystemConfiguration\"",
				);
				PRODUCT_NAME = "$(TARGET_NAME)";
				WRAPPER_EXTENSION = app;
			};
			name = Release;
		};
		2C44DDFD18207EC30026938A /* Debug */ = {
			isa = XCBuildConfiguration;
			baseConfigurationReference = 47922663B0A4B126A6593639 /* Pods.debug.xcconfig */;
			buildSettings = {
				CLANG_ENABLE_MODULES = YES;
				CLANG_WARN_BOOL_CONVERSION = YES;
				CLANG_WARN_DIRECT_OBJC_ISA_USAGE = YES_ERROR;
				CLANG_WARN_OBJC_ROOT_CLASS = YES_ERROR;
				DSTROOT = /tmp/Loopy.dst;
				GCC_PRECOMPILE_PREFIX_HEADER = YES;
				GCC_PREFIX_HEADER = "Loopy/Loopy-Prefix.pch";
				GCC_PREPROCESSOR_DEFINITIONS = (
					"DEBUG=1",
					"$(inherited)",
				);
				GCC_WARN_64_TO_32_BIT_CONVERSION = YES;
				GCC_WARN_ABOUT_RETURN_TYPE = YES_ERROR;
				GCC_WARN_UNDECLARED_SELECTOR = YES;
				GCC_WARN_UNUSED_FUNCTION = YES;
				HEADER_SEARCH_PATHS = "$(inherited)";
				IPHONEOS_DEPLOYMENT_TARGET = 7.0;
				OTHER_LDFLAGS = "$(inherited)";
				PRODUCT_NAME = "$(TARGET_NAME)";
				SKIP_INSTALL = YES;
			};
			name = Debug;
		};
		2C44DDFE18207EC30026938A /* Release */ = {
			isa = XCBuildConfiguration;
			baseConfigurationReference = C20AEFFB8B51C80682C410E2 /* Pods.release.xcconfig */;
			buildSettings = {
				CLANG_ENABLE_MODULES = YES;
				CLANG_WARN_BOOL_CONVERSION = YES;
				CLANG_WARN_DIRECT_OBJC_ISA_USAGE = YES_ERROR;
				CLANG_WARN_OBJC_ROOT_CLASS = YES_ERROR;
				DSTROOT = /tmp/Loopy.dst;
				ENABLE_NS_ASSERTIONS = NO;
				GCC_PRECOMPILE_PREFIX_HEADER = YES;
				GCC_PREFIX_HEADER = "Loopy/Loopy-Prefix.pch";
				GCC_WARN_64_TO_32_BIT_CONVERSION = YES;
				GCC_WARN_ABOUT_RETURN_TYPE = YES_ERROR;
				GCC_WARN_UNDECLARED_SELECTOR = YES;
				GCC_WARN_UNUSED_FUNCTION = YES;
				HEADER_SEARCH_PATHS = "$(inherited)";
				IPHONEOS_DEPLOYMENT_TARGET = 7.0;
				OTHER_LDFLAGS = "$(inherited)";
				PRODUCT_NAME = "$(TARGET_NAME)";
				SKIP_INSTALL = YES;
			};
			name = Release;
		};
		2C48EB0A17DF87F200181C3E /* Debug */ = {
			isa = XCBuildConfiguration;
			buildSettings = {
				ALWAYS_SEARCH_USER_PATHS = NO;
				CLANG_CXX_LANGUAGE_STANDARD = "gnu++0x";
				CLANG_CXX_LIBRARY = "libc++";
				CLANG_ENABLE_OBJC_ARC = YES;
				CLANG_WARN_CONSTANT_CONVERSION = YES;
				CLANG_WARN_EMPTY_BODY = YES;
				CLANG_WARN_ENUM_CONVERSION = YES;
				CLANG_WARN_INT_CONVERSION = YES;
				CLANG_WARN__DUPLICATE_METHOD_MATCH = YES;
				"CODE_SIGN_IDENTITY[sdk=iphoneos*]" = "iPhone Developer";
				COPY_PHASE_STRIP = NO;
				GCC_C_LANGUAGE_STANDARD = gnu99;
				GCC_DYNAMIC_NO_PIC = NO;
				GCC_GENERATE_TEST_COVERAGE_FILES = YES;
				GCC_INSTRUMENT_PROGRAM_FLOW_ARCS = YES;
				GCC_OPTIMIZATION_LEVEL = 0;
				GCC_PREPROCESSOR_DEFINITIONS = (
					"DEBUG=1",
					"$(inherited)",
				);
				GCC_SYMBOLS_PRIVATE_EXTERN = NO;
				GCC_WARN_ABOUT_RETURN_TYPE = YES;
				GCC_WARN_UNINITIALIZED_AUTOS = YES;
				GCC_WARN_UNUSED_VARIABLE = YES;
				GENERATE_PROFILING_CODE = YES;
				IPHONEOS_DEPLOYMENT_TARGET = 6.1;
				ONLY_ACTIVE_ARCH = YES;
				SDKROOT = iphoneos;
				TARGETED_DEVICE_FAMILY = "1,2";
			};
			name = Debug;
		};
		2C48EB0B17DF87F200181C3E /* Release */ = {
			isa = XCBuildConfiguration;
			buildSettings = {
				ALWAYS_SEARCH_USER_PATHS = NO;
				CLANG_CXX_LANGUAGE_STANDARD = "gnu++0x";
				CLANG_CXX_LIBRARY = "libc++";
				CLANG_ENABLE_OBJC_ARC = YES;
				CLANG_WARN_CONSTANT_CONVERSION = YES;
				CLANG_WARN_EMPTY_BODY = YES;
				CLANG_WARN_ENUM_CONVERSION = YES;
				CLANG_WARN_INT_CONVERSION = YES;
				CLANG_WARN__DUPLICATE_METHOD_MATCH = YES;
				"CODE_SIGN_IDENTITY[sdk=iphoneos*]" = "iPhone Developer";
				COPY_PHASE_STRIP = YES;
				GCC_C_LANGUAGE_STANDARD = gnu99;
				GCC_GENERATE_TEST_COVERAGE_FILES = NO;
				GCC_INSTRUMENT_PROGRAM_FLOW_ARCS = NO;
				GCC_WARN_ABOUT_RETURN_TYPE = YES;
				GCC_WARN_UNINITIALIZED_AUTOS = YES;
				GCC_WARN_UNUSED_VARIABLE = YES;
				GENERATE_PROFILING_CODE = NO;
				IPHONEOS_DEPLOYMENT_TARGET = 6.1;
				OTHER_CFLAGS = "-DNS_BLOCK_ASSERTIONS=1";
				SDKROOT = iphoneos;
				TARGETED_DEVICE_FAMILY = "1,2";
				VALIDATE_PRODUCT = YES;
			};
			name = Release;
		};
		2C48EB0D17DF87F200181C3E /* Debug */ = {
			isa = XCBuildConfiguration;
			buildSettings = {
				CODE_SIGN_IDENTITY = "iPhone Developer";
				"CODE_SIGN_IDENTITY[sdk=iphoneos*]" = "iPhone Developer";
				GCC_PRECOMPILE_PREFIX_HEADER = YES;
				GCC_PREFIX_HEADER = "TestApp/Loopy-Prefix.pch";
				GCC_WARN_UNUSED_VALUE = YES;
				GCC_WARN_UNUSED_VARIABLE = YES;
				HEADER_SEARCH_PATHS = "$(inherited)";
				INFOPLIST_FILE = "TestApp/Loopy-Info.plist";
				OTHER_LDFLAGS = "$(inherited)";
				PRODUCT_NAME = "$(TARGET_NAME)";
				PROVISIONING_PROFILE = "";
				WRAPPER_EXTENSION = app;
			};
			name = Debug;
		};
		2C48EB0E17DF87F200181C3E /* Release */ = {
			isa = XCBuildConfiguration;
			buildSettings = {
				CODE_SIGN_IDENTITY = "iPhone Developer";
				"CODE_SIGN_IDENTITY[sdk=iphoneos*]" = "iPhone Developer";
				GCC_PRECOMPILE_PREFIX_HEADER = YES;
				GCC_PREFIX_HEADER = "TestApp/Loopy-Prefix.pch";
				GCC_WARN_UNUSED_VALUE = YES;
				GCC_WARN_UNUSED_VARIABLE = YES;
				HEADER_SEARCH_PATHS = "$(inherited)";
				INFOPLIST_FILE = "TestApp/Loopy-Info.plist";
				OTHER_LDFLAGS = "$(inherited)";
				PRODUCT_NAME = "$(TARGET_NAME)";
				PROVISIONING_PROFILE = "";
				WRAPPER_EXTENSION = app;
			};
			name = Release;
		};
		2CA668A818218334003D0AF1 /* Debug */ = {
			isa = XCBuildConfiguration;
			buildSettings = {
				PRODUCT_NAME = "$(TARGET_NAME)";
			};
			name = Debug;
		};
		2CA668A918218334003D0AF1 /* Release */ = {
			isa = XCBuildConfiguration;
			buildSettings = {
				PRODUCT_NAME = "$(TARGET_NAME)";
			};
			name = Release;
		};
		2CDE0E9517E122A30048B055 /* Debug */ = {
			isa = XCBuildConfiguration;
			baseConfigurationReference = 446347AC2392A71510243362 /* Pods-UnitTests.debug.xcconfig */;
			buildSettings = {
				ASSETCATALOG_COMPILER_APPICON_NAME = AppIcon;
				ASSETCATALOG_COMPILER_LAUNCHIMAGE_NAME = LaunchImage;
				CLANG_ENABLE_MODULES = YES;
				CLANG_WARN_BOOL_CONVERSION = YES;
				CLANG_WARN_DIRECT_OBJC_ISA_USAGE = YES_ERROR;
				CLANG_WARN_OBJC_ROOT_CLASS = YES_ERROR;
				FRAMEWORK_SEARCH_PATHS = "$(inherited)";
				GCC_GENERATE_TEST_COVERAGE_FILES = YES;
				GCC_INSTRUMENT_PROGRAM_FLOW_ARCS = YES;
				GCC_PRECOMPILE_PREFIX_HEADER = YES;
				GCC_PREFIX_HEADER = "UnitTests/UnitTests-Prefix.pch";
				GCC_PREPROCESSOR_DEFINITIONS = (
					"DEBUG=1",
					"$(inherited)",
				);
				GCC_WARN_64_TO_32_BIT_CONVERSION = YES;
				GCC_WARN_ABOUT_RETURN_TYPE = YES_ERROR;
				GCC_WARN_UNDECLARED_SELECTOR = YES;
				GCC_WARN_UNUSED_FUNCTION = YES;
				GENERATE_PROFILING_CODE = YES;
				HEADER_SEARCH_PATHS = (
					"\"$(SRCROOT)/Pods/Headers/Public\"",
					"\"$(SRCROOT)/Pods/Headers/Public/GHUnitIOS\"",
					"\"$(SRCROOT)/Pods/Headers/Public/OCMock\"",
				);
				INFOPLIST_FILE = "UnitTests/UnitTests-Info.plist";
				IPHONEOS_DEPLOYMENT_TARGET = 6.1;
				LIBRARY_SEARCH_PATHS = "$(inherited)";
				OTHER_CFLAGS = "$(inherited)";
				OTHER_LDFLAGS = (
					"-all_load",
					"-ObjC",
					"-l\"Pods-UnitTests-GHUnitIOS\"",
					"-l\"Pods-UnitTests-OCMock\"",
					"-framework",
					"\"CoreGraphics\"",
					"-framework",
					"\"MobileCoreServices\"",
					"-framework",
					"\"Security\"",
					"-framework",
					"\"SystemConfiguration\"",
				);
				PRODUCT_NAME = "$(TARGET_NAME)";
				WRAPPER_EXTENSION = app;
			};
			name = Debug;
		};
		2CDE0E9617E122A30048B055 /* Release */ = {
			isa = XCBuildConfiguration;
			baseConfigurationReference = 3C952FD299A8FB29C6D18838 /* Pods-UnitTests.release.xcconfig */;
			buildSettings = {
				ASSETCATALOG_COMPILER_APPICON_NAME = AppIcon;
				ASSETCATALOG_COMPILER_LAUNCHIMAGE_NAME = LaunchImage;
				CLANG_ENABLE_MODULES = YES;
				CLANG_WARN_BOOL_CONVERSION = YES;
				CLANG_WARN_DIRECT_OBJC_ISA_USAGE = YES_ERROR;
				CLANG_WARN_OBJC_ROOT_CLASS = YES_ERROR;
				ENABLE_NS_ASSERTIONS = NO;
				FRAMEWORK_SEARCH_PATHS = "$(inherited)";
				GCC_GENERATE_TEST_COVERAGE_FILES = YES;
				GCC_INSTRUMENT_PROGRAM_FLOW_ARCS = YES;
				GCC_PRECOMPILE_PREFIX_HEADER = YES;
				GCC_PREFIX_HEADER = "UnitTests/UnitTests-Prefix.pch";
				GCC_WARN_64_TO_32_BIT_CONVERSION = YES;
				GCC_WARN_ABOUT_RETURN_TYPE = YES_ERROR;
				GCC_WARN_UNDECLARED_SELECTOR = YES;
				GCC_WARN_UNUSED_FUNCTION = YES;
				GENERATE_PROFILING_CODE = YES;
				HEADER_SEARCH_PATHS = (
					"\"$(SRCROOT)/Pods/Headers/Public\"",
					"\"$(SRCROOT)/Pods/Headers/Public/GHUnitIOS\"",
					"\"$(SRCROOT)/Pods/Headers/Public/OCMock\"",
				);
				INFOPLIST_FILE = "UnitTests/UnitTests-Info.plist";
				IPHONEOS_DEPLOYMENT_TARGET = 6.1;
				LIBRARY_SEARCH_PATHS = "$(inherited)";
				OTHER_CFLAGS = "$(inherited)";
				OTHER_LDFLAGS = (
					"-all_load",
					"-ObjC",
					"-l\"Pods-UnitTests-GHUnitIOS\"",
					"-l\"Pods-UnitTests-OCMock\"",
					"-framework",
					"\"CoreGraphics\"",
					"-framework",
					"\"MobileCoreServices\"",
					"-framework",
					"\"Security\"",
					"-framework",
					"\"SystemConfiguration\"",
				);
				PRODUCT_NAME = "$(TARGET_NAME)";
				WRAPPER_EXTENSION = app;
			};
			name = Release;
		};
/* End XCBuildConfiguration section */

/* Begin XCConfigurationList section */
		2C1B5BC617E2783D00855D0D /* Build configuration list for PBXNativeTarget "IntegrationTests" */ = {
			isa = XCConfigurationList;
			buildConfigurations = (
				2C1B5BBB17E2783D00855D0D /* Debug */,
				2C1B5BBC17E2783D00855D0D /* Release */,
			);
			defaultConfigurationIsVisible = 0;
			defaultConfigurationName = Release;
		};
		2C44DDFC18207EC30026938A /* Build configuration list for PBXNativeTarget "Loopy" */ = {
			isa = XCConfigurationList;
			buildConfigurations = (
				2C44DDFD18207EC30026938A /* Debug */,
				2C44DDFE18207EC30026938A /* Release */,
			);
			defaultConfigurationIsVisible = 0;
			defaultConfigurationName = Release;
		};
		2C48EAEA17DF87F100181C3E /* Build configuration list for PBXProject "Loopy" */ = {
			isa = XCConfigurationList;
			buildConfigurations = (
				2C48EB0A17DF87F200181C3E /* Debug */,
				2C48EB0B17DF87F200181C3E /* Release */,
			);
			defaultConfigurationIsVisible = 0;
			defaultConfigurationName = Release;
		};
		2C48EB0C17DF87F200181C3E /* Build configuration list for PBXNativeTarget "TestApp" */ = {
			isa = XCConfigurationList;
			buildConfigurations = (
				2C48EB0D17DF87F200181C3E /* Debug */,
				2C48EB0E17DF87F200181C3E /* Release */,
			);
			defaultConfigurationIsVisible = 0;
			defaultConfigurationName = Release;
		};
		2CA668AA18218334003D0AF1 /* Build configuration list for PBXAggregateTarget "Loopy Framework" */ = {
			isa = XCConfigurationList;
			buildConfigurations = (
				2CA668A818218334003D0AF1 /* Debug */,
				2CA668A918218334003D0AF1 /* Release */,
			);
			defaultConfigurationIsVisible = 0;
			defaultConfigurationName = Release;
		};
		2CDE0E9417E122A30048B055 /* Build configuration list for PBXNativeTarget "UnitTests" */ = {
			isa = XCConfigurationList;
			buildConfigurations = (
				2CDE0E9517E122A30048B055 /* Debug */,
				2CDE0E9617E122A30048B055 /* Release */,
			);
			defaultConfigurationIsVisible = 0;
			defaultConfigurationName = Release;
		};
/* End XCConfigurationList section */
	};
	rootObject = 2C48EAE717DF87F100181C3E /* Project object */;
}
