// !$*UTF8*$!
{
	archiveVersion = 1;
	classes = {
	};
	objectVersion = 46;
	objects = {

/* Begin PBXAggregateTarget section */
		2CA668A718218334003D0AF1 /* Loopy Framework */ = {
			isa = PBXAggregateTarget;
			buildConfigurationList = 2CA668AA18218334003D0AF1 /* Build configuration list for PBXAggregateTarget "Loopy Framework" */;
			buildPhases = (
				2CA668AB182184EE003D0AF1 /* ShellScript */,
				2CA668AC18218516003D0AF1 /* ShellScript */,
			);
			dependencies = (
			);
			name = "Loopy Framework";
			productName = "Loopy Framework";
		};
/* End PBXAggregateTarget section */

/* Begin PBXBuildFile section */
		2C1B5B9817E2783D00855D0D /* Foundation.framework in Frameworks */ = {isa = PBXBuildFile; fileRef = 2C48EAF417DF87F200181C3E /* Foundation.framework */; };
		2C1B5B9917E2783D00855D0D /* CoreGraphics.framework in Frameworks */ = {isa = PBXBuildFile; fileRef = 2C48EAF617DF87F200181C3E /* CoreGraphics.framework */; };
		2C1B5B9A17E2783D00855D0D /* UIKit.framework in Frameworks */ = {isa = PBXBuildFile; fileRef = 2C48EAF217DF87F200181C3E /* UIKit.framework */; };
		2C1B5BCE17E278FC00855D0D /* main.m in Sources */ = {isa = PBXBuildFile; fileRef = 2C1B5BCD17E278FC00855D0D /* main.m */; };
		2C1B5BD517E2793000855D0D /* InfoPlist.strings in Resources */ = {isa = PBXBuildFile; fileRef = 2C1B5BD317E2793000855D0D /* InfoPlist.strings */; };
		2C250E2C1804C8EC00A788AC /* STRootViewController.m in Sources */ = {isa = PBXBuildFile; fileRef = 2C250E2A1804C8EC00A788AC /* STRootViewController.m */; };
		2C250E2D1804C8EC00A788AC /* STRootViewController.xib in Resources */ = {isa = PBXBuildFile; fileRef = 2C250E2B1804C8EC00A788AC /* STRootViewController.xib */; };
		2C314A0917E13143003CA1A0 /* STAPIClientTests.m in Sources */ = {isa = PBXBuildFile; fileRef = 2C314A0817E13143003CA1A0 /* STAPIClientTests.m */; };
		2C314A1317E1354A003CA1A0 /* OpenJSONTest.txt in Resources */ = {isa = PBXBuildFile; fileRef = 2C314A1217E1354A003CA1A0 /* OpenJSONTest.txt */; };
		2C34326C17FB40E10039A2D8 /* STAPIEndpointTests.m in Sources */ = {isa = PBXBuildFile; fileRef = 2C34326B17FB40E10039A2D8 /* STAPIEndpointTests.m */; };
		2C34326D17FB6CE60039A2D8 /* STTestUtils.m in Sources */ = {isa = PBXBuildFile; fileRef = 2C3E069417FA418C00FF751B /* STTestUtils.m */; };
		2C34327017FB70270039A2D8 /* STTestUtils.m in Sources */ = {isa = PBXBuildFile; fileRef = 2C3E069417FA418C00FF751B /* STTestUtils.m */; };
		2C3C15EA1819C1FB00793F9B /* STActivityTests.m in Sources */ = {isa = PBXBuildFile; fileRef = 2C3C15E91819C1FB00793F9B /* STActivityTests.m */; };
		2C3C15ED1819C71E00793F9B /* STShareCallbackTests.m in Sources */ = {isa = PBXBuildFile; fileRef = 2C3C15EC1819C71E00793F9B /* STShareCallbackTests.m */; };
		2C3E069217FA26B700FF751B /* STJSONUtilsTests.m in Sources */ = {isa = PBXBuildFile; fileRef = 2C3E069117FA26B700FF751B /* STJSONUtilsTests.m */; };
		2C3E069517FA418C00FF751B /* STTestUtils.m in Sources */ = {isa = PBXBuildFile; fileRef = 2C3E069417FA418C00FF751B /* STTestUtils.m */; };
		2C44DDDA182036400026938A /* Social.framework in Frameworks */ = {isa = PBXBuildFile; fileRef = 2C698F5318173F5E003643B0 /* Social.framework */; };
		2C44DDDB182036470026938A /* Social.framework in Frameworks */ = {isa = PBXBuildFile; fileRef = 2C698F5318173F5E003643B0 /* Social.framework */; };
		2C44DDE118207EC20026938A /* Foundation.framework in Frameworks */ = {isa = PBXBuildFile; fileRef = 2C48EAF417DF87F200181C3E /* Foundation.framework */; };
		2C44DDE618207EC20026938A /* Loopy.h in Headers */ = {isa = PBXBuildFile; fileRef = 2C44DDE518207EC20026938A /* Loopy.h */; settings = {ATTRIBUTES = (Public, ); }; };
		2C44DE0318207FDC0026938A /* STConstants.h in Headers */ = {isa = PBXBuildFile; fileRef = 2C0ECE9418174C46005965D0 /* STConstants.h */; settings = {ATTRIBUTES = (Public, ); }; };
		2C44DE0418207FE80026938A /* STShare.h in Headers */ = {isa = PBXBuildFile; fileRef = 2C5ADD4618185FE700BAC4DC /* STShare.h */; settings = {ATTRIBUTES = (Public, ); }; };
		2C44DE0D1820808B0026938A /* STFacebookActivity.h in Headers */ = {isa = PBXBuildFile; fileRef = 2CA3DCEA1811E8AD005E9159 /* STFacebookActivity.h */; settings = {ATTRIBUTES = (Public, ); }; };
		2C44DE0E182080900026938A /* STTwitterActivity.h in Headers */ = {isa = PBXBuildFile; fileRef = 2CA3DCEE1811E8AD005E9159 /* STTwitterActivity.h */; settings = {ATTRIBUTES = (Public, ); }; };
		2C44DE0F1820809B0026938A /* STAPIClient.h in Headers */ = {isa = PBXBuildFile; fileRef = 2C8C1E0C17E10BB80075B527 /* STAPIClient.h */; settings = {ATTRIBUTES = (Public, ); }; };
		2C44DE10182080A40026938A /* STJSONUtils.h in Headers */ = {isa = PBXBuildFile; fileRef = 2C6D367217E3AD0300CF1199 /* STJSONUtils.h */; settings = {ATTRIBUTES = (Public, ); }; };
		2C44DE11182081210026938A /* STConstants.m in Sources */ = {isa = PBXBuildFile; fileRef = 2C0ECE9518174C46005965D0 /* STConstants.m */; };
		2C44DE12182081240026938A /* STShare.m in Sources */ = {isa = PBXBuildFile; fileRef = 2C5ADD4718185FE700BAC4DC /* STShare.m */; };
		2C44DE13182081260026938A /* STFacebookActivity.m in Sources */ = {isa = PBXBuildFile; fileRef = 2CA3DCEB1811E8AD005E9159 /* STFacebookActivity.m */; };
		2C44DE141820812A0026938A /* STTwitterActivity.m in Sources */ = {isa = PBXBuildFile; fileRef = 2CA3DCEF1811E8AD005E9159 /* STTwitterActivity.m */; };
		2C44DE151820812E0026938A /* STAPIClient.m in Sources */ = {isa = PBXBuildFile; fileRef = 2C8C1E0D17E10BB80075B527 /* STAPIClient.m */; };
		2C44DE16182081300026938A /* STJSONUtils.m in Sources */ = {isa = PBXBuildFile; fileRef = 2C6D367317E3AD0300CF1199 /* STJSONUtils.m */; };
		2C48EAF317DF87F200181C3E /* UIKit.framework in Frameworks */ = {isa = PBXBuildFile; fileRef = 2C48EAF217DF87F200181C3E /* UIKit.framework */; };
		2C48EAF517DF87F200181C3E /* Foundation.framework in Frameworks */ = {isa = PBXBuildFile; fileRef = 2C48EAF417DF87F200181C3E /* Foundation.framework */; };
		2C48EAF717DF87F200181C3E /* CoreGraphics.framework in Frameworks */ = {isa = PBXBuildFile; fileRef = 2C48EAF617DF87F200181C3E /* CoreGraphics.framework */; };
		2C5ADD4B181879EC00BAC4DC /* STShareTests.m in Sources */ = {isa = PBXBuildFile; fileRef = 2C5ADD4A181879EC00BAC4DC /* STShareTests.m */; };
		2C5F2EBA185685110032BA75 /* STAPISessionTests.m in Sources */ = {isa = PBXBuildFile; fileRef = 2C5F2EB9185685110032BA75 /* STAPISessionTests.m */; };
		2C64D42218187A6900D6CE6C /* FacebookLogoNoBlue43x43.png in Resources */ = {isa = PBXBuildFile; fileRef = 2CA3DCE11811E8AD005E9159 /* FacebookLogoNoBlue43x43.png */; };
		2C64D42318187A6900D6CE6C /* FacebookLogoNoBlue60x60.png in Resources */ = {isa = PBXBuildFile; fileRef = 2CA3DCE21811E8AD005E9159 /* FacebookLogoNoBlue60x60.png */; };
		2C64D42418187A6900D6CE6C /* FacebookLogoNoBlue76x76.png in Resources */ = {isa = PBXBuildFile; fileRef = 2CA3DCE31811E8AD005E9159 /* FacebookLogoNoBlue76x76.png */; };
		2C64D42518187A6900D6CE6C /* TwitterLogo43x43.png in Resources */ = {isa = PBXBuildFile; fileRef = 2CA3DCE71811E8AD005E9159 /* TwitterLogo43x43.png */; };
		2C64D42618187A6900D6CE6C /* TwitterLogo60x60.png in Resources */ = {isa = PBXBuildFile; fileRef = 2CA3DCE81811E8AD005E9159 /* TwitterLogo60x60.png */; };
		2C64D42718187A6900D6CE6C /* TwitterLogo76x76.png in Resources */ = {isa = PBXBuildFile; fileRef = 2CA3DCE91811E8AD005E9159 /* TwitterLogo76x76.png */; };
		2C698F5418173F5E003643B0 /* Social.framework in Frameworks */ = {isa = PBXBuildFile; fileRef = 2C698F5318173F5E003643B0 /* Social.framework */; };
		2C742AA417F371620063653A /* libPods.a in Frameworks */ = {isa = PBXBuildFile; fileRef = 2C742AA017F371620063653A /* libPods.a */; };
		2C742AD217F3912E0063653A /* libPods.a in Frameworks */ = {isa = PBXBuildFile; fileRef = 2C742ACE17F3912E0063653A /* libPods.a */; };
		2C742AD617F391440063653A /* libPods.a in Frameworks */ = {isa = PBXBuildFile; fileRef = 2C742AD517F391440063653A /* libPods.a */; };
		2C8C1E1917E10BB80075B527 /* InfoPlist.strings in Resources */ = {isa = PBXBuildFile; fileRef = 2C8C1E0F17E10BB80075B527 /* InfoPlist.strings */; };
		2C8C1E1B17E10BB80075B527 /* main.m in Sources */ = {isa = PBXBuildFile; fileRef = 2C8C1E1317E10BB80075B527 /* main.m */; };
		2C8C1E1C17E10BB80075B527 /* STTestAppDelegate.m in Sources */ = {isa = PBXBuildFile; fileRef = 2C8C1E1517E10BB80075B527 /* STTestAppDelegate.m */; };
		2C8D99E01834519E00D9BB4E /* STReachability.h in Headers */ = {isa = PBXBuildFile; fileRef = 2C8D99DE1834519E00D9BB4E /* STReachability.h */; settings = {ATTRIBUTES = (Private, ); }; };
		2C8D99E11834519E00D9BB4E /* STReachability.m in Sources */ = {isa = PBXBuildFile; fileRef = 2C8D99DF1834519E00D9BB4E /* STReachability.m */; };
		2C941EDD18AC4CDF003D770D /* Foundation.framework in Frameworks */ = {isa = PBXBuildFile; fileRef = 2C48EAF417DF87F200181C3E /* Foundation.framework */; };
		2C941EDE18AC4CDF003D770D /* CoreGraphics.framework in Frameworks */ = {isa = PBXBuildFile; fileRef = 2C48EAF617DF87F200181C3E /* CoreGraphics.framework */; };
		2C941EDF18AC4CDF003D770D /* UIKit.framework in Frameworks */ = {isa = PBXBuildFile; fileRef = 2C48EAF217DF87F200181C3E /* UIKit.framework */; };
		2C941EE518AC4CDF003D770D /* InfoPlist.strings in Resources */ = {isa = PBXBuildFile; fileRef = 2C941EE318AC4CDF003D770D /* InfoPlist.strings */; };
		2C941EE718AC4CDF003D770D /* main.m in Sources */ = {isa = PBXBuildFile; fileRef = 2C941EE618AC4CDF003D770D /* main.m */; };
		2C941EEB18AC4CDF003D770D /* SZTestAppDelegate.m in Sources */ = {isa = PBXBuildFile; fileRef = 2C941EEA18AC4CDF003D770D /* SZTestAppDelegate.m */; };
		2C941EED18AC4CDF003D770D /* Images.xcassets in Resources */ = {isa = PBXBuildFile; fileRef = 2C941EEC18AC4CDF003D770D /* Images.xcassets */; };
		2C941EF318AC4CDF003D770D /* XCTest.framework in Frameworks */ = {isa = PBXBuildFile; fileRef = 2CDE0E8617E122A30048B055 /* XCTest.framework */; };
		2C941EF418AC4CDF003D770D /* Foundation.framework in Frameworks */ = {isa = PBXBuildFile; fileRef = 2C48EAF417DF87F200181C3E /* Foundation.framework */; };
		2C941EF518AC4CDF003D770D /* UIKit.framework in Frameworks */ = {isa = PBXBuildFile; fileRef = 2C48EAF217DF87F200181C3E /* UIKit.framework */; };
		2C941EFD18AC4CDF003D770D /* InfoPlist.strings in Resources */ = {isa = PBXBuildFile; fileRef = 2C941EFB18AC4CDF003D770D /* InfoPlist.strings */; };
		2C941EFF18AC4CDF003D770D /* TestAppNoInitTests.m in Sources */ = {isa = PBXBuildFile; fileRef = 2C941EFE18AC4CDF003D770D /* TestAppNoInitTests.m */; };
		2C941F0618AC4FAC003D770D /* Social.framework in Frameworks */ = {isa = PBXBuildFile; fileRef = 2C698F5318173F5E003643B0 /* Social.framework */; };
		2C941F0718AC4FB1003D770D /* libLoopy.a in Frameworks */ = {isa = PBXBuildFile; fileRef = 2C44DDE018207EC20026938A /* libLoopy.a */; };
		2C941F0918AC4FBB003D770D /* libPods.a in Frameworks */ = {isa = PBXBuildFile; fileRef = 2C941F0818AC4FBB003D770D /* libPods.a */; };
		2C941F0A18AC4FC8003D770D /* CoreTelephony.framework in Frameworks */ = {isa = PBXBuildFile; fileRef = 2CE78B991831AAC9004EBB82 /* CoreTelephony.framework */; };
		2C941F0B18AC4FCC003D770D /* AdSupport.framework in Frameworks */ = {isa = PBXBuildFile; fileRef = 2CEFADA81832FFEF00841C33 /* AdSupport.framework */; };
		2C941F0C18AC4FD6003D770D /* CoreLocation.framework in Frameworks */ = {isa = PBXBuildFile; fileRef = 2CE78B9C1831B0C9004EBB82 /* CoreLocation.framework */; };
		2C941F0D18AC4FDD003D770D /* SystemConfiguration.framework in Frameworks */ = {isa = PBXBuildFile; fileRef = 2CA3360F183452E5003D7498 /* SystemConfiguration.framework */; };
		2CA33610183452E5003D7498 /* SystemConfiguration.framework in Frameworks */ = {isa = PBXBuildFile; fileRef = 2CA3360F183452E5003D7498 /* SystemConfiguration.framework */; };
		2CA33611183452FC003D7498 /* SystemConfiguration.framework in Frameworks */ = {isa = PBXBuildFile; fileRef = 2CA3360F183452E5003D7498 /* SystemConfiguration.framework */; };
		2CA3361218345307003D7498 /* SystemConfiguration.framework in Frameworks */ = {isa = PBXBuildFile; fileRef = 2CA3360F183452E5003D7498 /* SystemConfiguration.framework */; };
		2CA3361318345312003D7498 /* SystemConfiguration.framework in Frameworks */ = {isa = PBXBuildFile; fileRef = 2CA3360F183452E5003D7498 /* SystemConfiguration.framework */; };
		2CA3DCF01811E8AD005E9159 /* FacebookLogoNoBlue43x43.png in Resources */ = {isa = PBXBuildFile; fileRef = 2CA3DCE11811E8AD005E9159 /* FacebookLogoNoBlue43x43.png */; };
		2CA3DCF11811E8AD005E9159 /* FacebookLogoNoBlue60x60.png in Resources */ = {isa = PBXBuildFile; fileRef = 2CA3DCE21811E8AD005E9159 /* FacebookLogoNoBlue60x60.png */; };
		2CA3DCF21811E8AD005E9159 /* FacebookLogoNoBlue76x76.png in Resources */ = {isa = PBXBuildFile; fileRef = 2CA3DCE31811E8AD005E9159 /* FacebookLogoNoBlue76x76.png */; };
		2CA3DCF61811E8AD005E9159 /* TwitterLogo43x43.png in Resources */ = {isa = PBXBuildFile; fileRef = 2CA3DCE71811E8AD005E9159 /* TwitterLogo43x43.png */; };
		2CA3DCF71811E8AD005E9159 /* TwitterLogo60x60.png in Resources */ = {isa = PBXBuildFile; fileRef = 2CA3DCE81811E8AD005E9159 /* TwitterLogo60x60.png */; };
		2CA3DCF81811E8AD005E9159 /* TwitterLogo76x76.png in Resources */ = {isa = PBXBuildFile; fileRef = 2CA3DCE91811E8AD005E9159 /* TwitterLogo76x76.png */; };
		2CBFAEA81863A17E00BBFCC7 /* STActivity.h in Headers */ = {isa = PBXBuildFile; fileRef = 2CBFAEA71863A17E00BBFCC7 /* STActivity.h */; };
		2CDE0E7017E122A30048B055 /* Foundation.framework in Frameworks */ = {isa = PBXBuildFile; fileRef = 2C48EAF417DF87F200181C3E /* Foundation.framework */; };
		2CDE0E7117E122A30048B055 /* CoreGraphics.framework in Frameworks */ = {isa = PBXBuildFile; fileRef = 2C48EAF617DF87F200181C3E /* CoreGraphics.framework */; };
		2CDE0E7217E122A30048B055 /* UIKit.framework in Frameworks */ = {isa = PBXBuildFile; fileRef = 2C48EAF217DF87F200181C3E /* UIKit.framework */; };
		2CDE0E7817E122A30048B055 /* InfoPlist.strings in Resources */ = {isa = PBXBuildFile; fileRef = 2CDE0E7617E122A30048B055 /* InfoPlist.strings */; };
		2CDE0E7A17E122A30048B055 /* main.m in Sources */ = {isa = PBXBuildFile; fileRef = 2CDE0E7917E122A30048B055 /* main.m */; };
		2CE78B9A1831AAC9004EBB82 /* CoreTelephony.framework in Frameworks */ = {isa = PBXBuildFile; fileRef = 2CE78B991831AAC9004EBB82 /* CoreTelephony.framework */; };
		2CE78B9B1831AAD6004EBB82 /* CoreTelephony.framework in Frameworks */ = {isa = PBXBuildFile; fileRef = 2CE78B991831AAC9004EBB82 /* CoreTelephony.framework */; };
		2CE78B9D1831B0C9004EBB82 /* CoreLocation.framework in Frameworks */ = {isa = PBXBuildFile; fileRef = 2CE78B9C1831B0C9004EBB82 /* CoreLocation.framework */; };
		2CE78B9E1831B0CF004EBB82 /* CoreLocation.framework in Frameworks */ = {isa = PBXBuildFile; fileRef = 2CE78B9C1831B0C9004EBB82 /* CoreLocation.framework */; };
		2CE78B9F1831B0E5004EBB82 /* CoreTelephony.framework in Frameworks */ = {isa = PBXBuildFile; fileRef = 2CE78B991831AAC9004EBB82 /* CoreTelephony.framework */; };
		2CE78BA01831B0EA004EBB82 /* CoreLocation.framework in Frameworks */ = {isa = PBXBuildFile; fileRef = 2CE78B9C1831B0C9004EBB82 /* CoreLocation.framework */; };
		2CE78BA11831B100004EBB82 /* CoreLocation.framework in Frameworks */ = {isa = PBXBuildFile; fileRef = 2CE78B9C1831B0C9004EBB82 /* CoreLocation.framework */; };
		2CE78BA21831B109004EBB82 /* CoreTelephony.framework in Frameworks */ = {isa = PBXBuildFile; fileRef = 2CE78B991831AAC9004EBB82 /* CoreTelephony.framework */; };
		2CEFADA91832FFEF00841C33 /* AdSupport.framework in Frameworks */ = {isa = PBXBuildFile; fileRef = 2CEFADA81832FFEF00841C33 /* AdSupport.framework */; };
		2CEFADAA1832FFF800841C33 /* AdSupport.framework in Frameworks */ = {isa = PBXBuildFile; fileRef = 2CEFADA81832FFEF00841C33 /* AdSupport.framework */; };
		2CEFADAB1833000200841C33 /* AdSupport.framework in Frameworks */ = {isa = PBXBuildFile; fileRef = 2CEFADA81832FFEF00841C33 /* AdSupport.framework */; };
		2CEFADAC1833000E00841C33 /* AdSupport.framework in Frameworks */ = {isa = PBXBuildFile; fileRef = 2CEFADA81832FFEF00841C33 /* AdSupport.framework */; };
		2CEFADAD1833001B00841C33 /* Social.framework in Frameworks */ = {isa = PBXBuildFile; fileRef = 2C698F5318173F5E003643B0 /* Social.framework */; };
		2CF479BC18649F2B00150721 /* LoopyApiInfo.plist in CopyFiles */ = {isa = PBXBuildFile; fileRef = 2CF479BB18649EFF00150721 /* LoopyApiInfo.plist */; };
		2CF479C61864A01900150721 /* libLoopy.a in Frameworks */ = {isa = PBXBuildFile; fileRef = 2C44DDE018207EC20026938A /* libLoopy.a */; };
		2CF479C71864A05E00150721 /* LoopyApiInfo.plist in Resources */ = {isa = PBXBuildFile; fileRef = 2CF479BB18649EFF00150721 /* LoopyApiInfo.plist */; };
		2CF479C91864A16000150721 /* LoopyApiInfo.plist in Resources */ = {isa = PBXBuildFile; fileRef = 2CF479BB18649EFF00150721 /* LoopyApiInfo.plist */; };
		2CF479CB1864A17F00150721 /* LoopyApiInfo.plist in Resources */ = {isa = PBXBuildFile; fileRef = 2CF479BB18649EFF00150721 /* LoopyApiInfo.plist */; };
		2CF479CC1864A20A00150721 /* FacebookLogoNoBlue43x43.png in Resources */ = {isa = PBXBuildFile; fileRef = 2CA3DCE11811E8AD005E9159 /* FacebookLogoNoBlue43x43.png */; };
		2CF479CD1864A20A00150721 /* FacebookLogoNoBlue60x60.png in Resources */ = {isa = PBXBuildFile; fileRef = 2CA3DCE21811E8AD005E9159 /* FacebookLogoNoBlue60x60.png */; };
		2CF479CE1864A20A00150721 /* FacebookLogoNoBlue76x76.png in Resources */ = {isa = PBXBuildFile; fileRef = 2CA3DCE31811E8AD005E9159 /* FacebookLogoNoBlue76x76.png */; };
		2CF479CF1864A20A00150721 /* TwitterLogo43x43.png in Resources */ = {isa = PBXBuildFile; fileRef = 2CA3DCE71811E8AD005E9159 /* TwitterLogo43x43.png */; };
		2CF479D01864A20A00150721 /* TwitterLogo60x60.png in Resources */ = {isa = PBXBuildFile; fileRef = 2CA3DCE81811E8AD005E9159 /* TwitterLogo60x60.png */; };
		2CF479D11864A20A00150721 /* TwitterLogo76x76.png in Resources */ = {isa = PBXBuildFile; fileRef = 2CA3DCE91811E8AD005E9159 /* TwitterLogo76x76.png */; };
		2CF479D21864B2C100150721 /* STConstants.m in Sources */ = {isa = PBXBuildFile; fileRef = 2C0ECE9518174C46005965D0 /* STConstants.m */; };
		2CF479D31864B2C100150721 /* STReachability.m in Sources */ = {isa = PBXBuildFile; fileRef = 2C8D99DF1834519E00D9BB4E /* STReachability.m */; };
		2CF479D41864B2C100150721 /* STShare.m in Sources */ = {isa = PBXBuildFile; fileRef = 2C5ADD4718185FE700BAC4DC /* STShare.m */; };
		2CF479D51864B2C100150721 /* STFacebookActivity.m in Sources */ = {isa = PBXBuildFile; fileRef = 2CA3DCEB1811E8AD005E9159 /* STFacebookActivity.m */; };
		2CF479D61864B2C100150721 /* STTwitterActivity.m in Sources */ = {isa = PBXBuildFile; fileRef = 2CA3DCEF1811E8AD005E9159 /* STTwitterActivity.m */; };
		2CF479D71864B2C100150721 /* STAPIClient.m in Sources */ = {isa = PBXBuildFile; fileRef = 2C8C1E0D17E10BB80075B527 /* STAPIClient.m */; };
		2CF479D81864B2C100150721 /* STJSONUtils.m in Sources */ = {isa = PBXBuildFile; fileRef = 2C6D367317E3AD0300CF1199 /* STJSONUtils.m */; };
		2CF479D91864B2D800150721 /* STConstants.m in Sources */ = {isa = PBXBuildFile; fileRef = 2C0ECE9518174C46005965D0 /* STConstants.m */; };
		2CF479DA1864B2D800150721 /* STReachability.m in Sources */ = {isa = PBXBuildFile; fileRef = 2C8D99DF1834519E00D9BB4E /* STReachability.m */; };
		2CF479DB1864B2D800150721 /* STShare.m in Sources */ = {isa = PBXBuildFile; fileRef = 2C5ADD4718185FE700BAC4DC /* STShare.m */; };
		2CF479DC1864B2D800150721 /* STFacebookActivity.m in Sources */ = {isa = PBXBuildFile; fileRef = 2CA3DCEB1811E8AD005E9159 /* STFacebookActivity.m */; };
		2CF479DD1864B2D800150721 /* STTwitterActivity.m in Sources */ = {isa = PBXBuildFile; fileRef = 2CA3DCEF1811E8AD005E9159 /* STTwitterActivity.m */; };
		2CF479DE1864B2D800150721 /* STAPIClient.m in Sources */ = {isa = PBXBuildFile; fileRef = 2C8C1E0D17E10BB80075B527 /* STAPIClient.m */; };
		2CF479DF1864B2D800150721 /* STJSONUtils.m in Sources */ = {isa = PBXBuildFile; fileRef = 2C6D367317E3AD0300CF1199 /* STJSONUtils.m */; };
/* End PBXBuildFile section */

/* Begin PBXContainerItemProxy section */
		2C941EF618AC4CDF003D770D /* PBXContainerItemProxy */ = {
			isa = PBXContainerItemProxy;
			containerPortal = 2C48EAE717DF87F100181C3E /* Project object */;
			proxyType = 1;
			remoteGlobalIDString = 2C941EDB18AC4CDF003D770D;
			remoteInfo = TestAppNoInit;
		};
/* End PBXContainerItemProxy section */

/* Begin PBXCopyFilesBuildPhase section */
		2C44DDDE18207EC20026938A /* CopyFiles */ = {
			isa = PBXCopyFilesBuildPhase;
			buildActionMask = 2147483647;
			dstPath = "include/$(PRODUCT_NAME)";
			dstSubfolderSpec = 16;
			files = (
				2CF479BC18649F2B00150721 /* LoopyApiInfo.plist in CopyFiles */,
			);
			runOnlyForDeploymentPostprocessing = 0;
		};
/* End PBXCopyFilesBuildPhase section */

/* Begin PBXFileReference section */
		04FF3B14B1414F9D8911EA25 /* libPods.a */ = {isa = PBXFileReference; explicitFileType = archive.ar; includeInIndex = 0; path = libPods.a; sourceTree = BUILT_PRODUCTS_DIR; };
		20AC7383AFAB491BB995F927 /* Pods.xcconfig */ = {isa = PBXFileReference; includeInIndex = 1; lastKnownFileType = text.xcconfig; name = Pods.xcconfig; path = Pods/Pods.xcconfig; sourceTree = "<group>"; };
		2C0ECE9418174C46005965D0 /* STConstants.h */ = {isa = PBXFileReference; fileEncoding = 4; lastKnownFileType = sourcecode.c.h; path = STConstants.h; sourceTree = "<group>"; };
		2C0ECE9518174C46005965D0 /* STConstants.m */ = {isa = PBXFileReference; fileEncoding = 4; lastKnownFileType = sourcecode.c.objc; path = STConstants.m; sourceTree = "<group>"; };
		2C1B5B9717E2783D00855D0D /* IntegrationTests.app */ = {isa = PBXFileReference; explicitFileType = wrapper.application; includeInIndex = 0; path = IntegrationTests.app; sourceTree = BUILT_PRODUCTS_DIR; };
		2C1B5BCD17E278FC00855D0D /* main.m */ = {isa = PBXFileReference; fileEncoding = 4; lastKnownFileType = sourcecode.c.objc; path = main.m; sourceTree = "<group>"; };
		2C1B5BCF17E2790500855D0D /* IntegrationTests-Info.plist */ = {isa = PBXFileReference; fileEncoding = 4; lastKnownFileType = text.plist.xml; path = "IntegrationTests-Info.plist"; sourceTree = "<group>"; };
		2C1B5BD017E2790500855D0D /* IntegrationTests-Prefix.pch */ = {isa = PBXFileReference; fileEncoding = 4; lastKnownFileType = sourcecode.c.h; path = "IntegrationTests-Prefix.pch"; sourceTree = "<group>"; };
		2C1B5BD417E2793000855D0D /* en */ = {isa = PBXFileReference; lastKnownFileType = text.plist.strings; name = en; path = en.lproj/InfoPlist.strings; sourceTree = "<group>"; };
		2C250E291804C8EC00A788AC /* STRootViewController.h */ = {isa = PBXFileReference; fileEncoding = 4; lastKnownFileType = sourcecode.c.h; path = STRootViewController.h; sourceTree = "<group>"; };
		2C250E2A1804C8EC00A788AC /* STRootViewController.m */ = {isa = PBXFileReference; fileEncoding = 4; lastKnownFileType = sourcecode.c.objc; path = STRootViewController.m; sourceTree = "<group>"; };
		2C250E2B1804C8EC00A788AC /* STRootViewController.xib */ = {isa = PBXFileReference; fileEncoding = 4; lastKnownFileType = file.xib; path = STRootViewController.xib; sourceTree = "<group>"; };
		2C314A0817E13143003CA1A0 /* STAPIClientTests.m */ = {isa = PBXFileReference; fileEncoding = 4; lastKnownFileType = sourcecode.c.objc; path = STAPIClientTests.m; sourceTree = "<group>"; };
		2C314A1217E1354A003CA1A0 /* OpenJSONTest.txt */ = {isa = PBXFileReference; fileEncoding = 4; lastKnownFileType = text; name = OpenJSONTest.txt; path = Resources/OpenJSONTest.txt; sourceTree = "<group>"; };
		2C34326B17FB40E10039A2D8 /* STAPIEndpointTests.m */ = {isa = PBXFileReference; fileEncoding = 4; lastKnownFileType = sourcecode.c.objc; path = STAPIEndpointTests.m; sourceTree = "<group>"; };
		2C3C15E91819C1FB00793F9B /* STActivityTests.m */ = {isa = PBXFileReference; fileEncoding = 4; lastKnownFileType = sourcecode.c.objc; path = STActivityTests.m; sourceTree = "<group>"; };
		2C3C15EC1819C71E00793F9B /* STShareCallbackTests.m */ = {isa = PBXFileReference; fileEncoding = 4; lastKnownFileType = sourcecode.c.objc; path = STShareCallbackTests.m; sourceTree = "<group>"; };
		2C3E069117FA26B700FF751B /* STJSONUtilsTests.m */ = {isa = PBXFileReference; fileEncoding = 4; lastKnownFileType = sourcecode.c.objc; path = STJSONUtilsTests.m; sourceTree = "<group>"; };
		2C3E069317FA418C00FF751B /* STTestUtils.h */ = {isa = PBXFileReference; fileEncoding = 4; lastKnownFileType = sourcecode.c.h; path = STTestUtils.h; sourceTree = "<group>"; };
		2C3E069417FA418C00FF751B /* STTestUtils.m */ = {isa = PBXFileReference; fileEncoding = 4; lastKnownFileType = sourcecode.c.objc; path = STTestUtils.m; sourceTree = "<group>"; };
		2C44DDE018207EC20026938A /* libLoopy.a */ = {isa = PBXFileReference; explicitFileType = archive.ar; includeInIndex = 0; path = libLoopy.a; sourceTree = BUILT_PRODUCTS_DIR; };
		2C44DDE418207EC20026938A /* Loopy-Prefix.pch */ = {isa = PBXFileReference; lastKnownFileType = sourcecode.c.h; path = "Loopy-Prefix.pch"; sourceTree = "<group>"; };
		2C44DDE518207EC20026938A /* Loopy.h */ = {isa = PBXFileReference; lastKnownFileType = sourcecode.c.h; path = Loopy.h; sourceTree = "<group>"; };
		2C44DE18182081C90026938A /* libPods.a */ = {isa = PBXFileReference; lastKnownFileType = archive.ar; name = libPods.a; path = "Pods/build/Debug-iphoneos/libPods.a"; sourceTree = "<group>"; };
		2C48EAEF17DF87F200181C3E /* TestApp.app */ = {isa = PBXFileReference; explicitFileType = wrapper.application; includeInIndex = 0; path = TestApp.app; sourceTree = BUILT_PRODUCTS_DIR; };
		2C48EAF217DF87F200181C3E /* UIKit.framework */ = {isa = PBXFileReference; lastKnownFileType = wrapper.framework; name = UIKit.framework; path = System/Library/Frameworks/UIKit.framework; sourceTree = SDKROOT; };
		2C48EAF417DF87F200181C3E /* Foundation.framework */ = {isa = PBXFileReference; lastKnownFileType = wrapper.framework; name = Foundation.framework; path = System/Library/Frameworks/Foundation.framework; sourceTree = SDKROOT; };
		2C48EAF617DF87F200181C3E /* CoreGraphics.framework */ = {isa = PBXFileReference; lastKnownFileType = wrapper.framework; name = CoreGraphics.framework; path = System/Library/Frameworks/CoreGraphics.framework; sourceTree = SDKROOT; };
		2C522CD117FF79C3009C1F43 /* libprofile_rt.dylib */ = {isa = PBXFileReference; lastKnownFileType = "compiled.mach-o.dylib"; name = libprofile_rt.dylib; path = ../../../../usr/lib/libprofile_rt.dylib; sourceTree = "<group>"; };
		2C5ADD4618185FE700BAC4DC /* STShare.h */ = {isa = PBXFileReference; fileEncoding = 4; lastKnownFileType = sourcecode.c.h; path = STShare.h; sourceTree = "<group>"; };
		2C5ADD4718185FE700BAC4DC /* STShare.m */ = {isa = PBXFileReference; fileEncoding = 4; lastKnownFileType = sourcecode.c.objc; path = STShare.m; sourceTree = "<group>"; };
		2C5ADD4A181879EC00BAC4DC /* STShareTests.m */ = {isa = PBXFileReference; fileEncoding = 4; lastKnownFileType = sourcecode.c.objc; path = STShareTests.m; sourceTree = "<group>"; };
		2C5F2EB9185685110032BA75 /* STAPISessionTests.m */ = {isa = PBXFileReference; fileEncoding = 4; lastKnownFileType = sourcecode.c.objc; path = STAPISessionTests.m; sourceTree = "<group>"; };
		2C66953918297A0700AB8C08 /* share_dialog.h */ = {isa = PBXFileReference; fileEncoding = 4; lastKnownFileType = sourcecode.c.h; name = share_dialog.h; path = Documentation/sphinx/source/snippets/share_dialog.h; sourceTree = SOURCE_ROOT; };
		2C66953A18297A0700AB8C08 /* share_dialog.m */ = {isa = PBXFileReference; fileEncoding = 4; lastKnownFileType = sourcecode.c.objc; name = share_dialog.m; path = Documentation/sphinx/source/snippets/share_dialog.m; sourceTree = SOURCE_ROOT; };
		2C66953D18299EA700AB8C08 /* custom_share.h */ = {isa = PBXFileReference; fileEncoding = 4; lastKnownFileType = sourcecode.c.h; name = custom_share.h; path = Documentation/sphinx/source/snippets/custom_share.h; sourceTree = SOURCE_ROOT; };
		2C66953E18299EA700AB8C08 /* custom_share.m */ = {isa = PBXFileReference; fileEncoding = 4; lastKnownFileType = sourcecode.c.objc; name = custom_share.m; path = Documentation/sphinx/source/snippets/custom_share.m; sourceTree = SOURCE_ROOT; };
		2C698F5318173F5E003643B0 /* Social.framework */ = {isa = PBXFileReference; lastKnownFileType = wrapper.framework; name = Social.framework; path = System/Library/Frameworks/Social.framework; sourceTree = SDKROOT; };
		2C6D367217E3AD0300CF1199 /* STJSONUtils.h */ = {isa = PBXFileReference; fileEncoding = 4; lastKnownFileType = sourcecode.c.h; path = STJSONUtils.h; sourceTree = "<group>"; };
		2C6D367317E3AD0300CF1199 /* STJSONUtils.m */ = {isa = PBXFileReference; fileEncoding = 4; lastKnownFileType = sourcecode.c.objc; path = STJSONUtils.m; sourceTree = "<group>"; };
		2C6F4ECC17EB9C9C0039C787 /* libGHUnitIOSSimulator.a */ = {isa = PBXFileReference; lastKnownFileType = archive.ar; name = libGHUnitIOSSimulator.a; path = "ThirdParty/socialize-networking/ThirdParty/gh-unit/Project-iOS/build/Debug-iphoneos/libGHUnitIOSSimulator.a"; sourceTree = "<group>"; };
		2C6F4EE617EB9E320039C787 /* libOCMock.a */ = {isa = PBXFileReference; lastKnownFileType = archive.ar; name = libOCMock.a; path = "ThirdParty/socialize-networking/ThirdParty/ocmock/Source/build/Debug-iphoneos/libOCMock.a"; sourceTree = "<group>"; };
		2C742A9517F370E60063653A /* libPods.a */ = {isa = PBXFileReference; lastKnownFileType = archive.ar; name = libPods.a; path = "Pods/build/Debug-iphoneos/libPods.a"; sourceTree = "<group>"; };
		2C742A9717F371050063653A /* libPods-GHUnitIOS.a */ = {isa = PBXFileReference; lastKnownFileType = archive.ar; name = "libPods-GHUnitIOS.a"; path = "Pods/build/Release-iphoneos/libPods-GHUnitIOS.a"; sourceTree = "<group>"; };
		2C742A9817F371050063653A /* libPods-OCMock.a */ = {isa = PBXFileReference; lastKnownFileType = archive.ar; name = "libPods-OCMock.a"; path = "Pods/build/Release-iphoneos/libPods-OCMock.a"; sourceTree = "<group>"; };
		2C742A9917F371050063653A /* libPods-SZNetworking.a */ = {isa = PBXFileReference; lastKnownFileType = archive.ar; name = "libPods-SZNetworking.a"; path = "Pods/build/Release-iphoneos/libPods-SZNetworking.a"; sourceTree = "<group>"; };
		2C742A9D17F371620063653A /* libPods-GHUnitIOS.a */ = {isa = PBXFileReference; lastKnownFileType = archive.ar; name = "libPods-GHUnitIOS.a"; path = "Pods/build/Release-iphoneos/libPods-GHUnitIOS.a"; sourceTree = "<group>"; };
		2C742A9E17F371620063653A /* libPods-OCMock.a */ = {isa = PBXFileReference; lastKnownFileType = archive.ar; name = "libPods-OCMock.a"; path = "Pods/build/Release-iphoneos/libPods-OCMock.a"; sourceTree = "<group>"; };
		2C742A9F17F371620063653A /* libPods-SZNetworking.a */ = {isa = PBXFileReference; lastKnownFileType = archive.ar; name = "libPods-SZNetworking.a"; path = "Pods/build/Release-iphoneos/libPods-SZNetworking.a"; sourceTree = "<group>"; };
		2C742AA017F371620063653A /* libPods.a */ = {isa = PBXFileReference; lastKnownFileType = archive.ar; name = libPods.a; path = "Pods/build/Debug-iphoneos/libPods.a"; sourceTree = "<group>"; };
		2C742ACB17F3912E0063653A /* libPods-GHUnitIOS.a */ = {isa = PBXFileReference; lastKnownFileType = archive.ar; name = "libPods-GHUnitIOS.a"; path = "Pods/build/Debug-iphoneos/libPods-GHUnitIOS.a"; sourceTree = "<group>"; };
		2C742ACC17F3912E0063653A /* libPods-OCMock.a */ = {isa = PBXFileReference; lastKnownFileType = archive.ar; name = "libPods-OCMock.a"; path = "Pods/build/Debug-iphoneos/libPods-OCMock.a"; sourceTree = "<group>"; };
		2C742ACD17F3912E0063653A /* libPods-SZNetworking.a */ = {isa = PBXFileReference; lastKnownFileType = archive.ar; name = "libPods-SZNetworking.a"; path = "Pods/build/Debug-iphoneos/libPods-SZNetworking.a"; sourceTree = "<group>"; };
		2C742ACE17F3912E0063653A /* libPods.a */ = {isa = PBXFileReference; lastKnownFileType = archive.ar; name = libPods.a; path = "Pods/build/Release-iphoneos/libPods.a"; sourceTree = "<group>"; };
		2C742AD317F391390063653A /* libPods-SZNetworking.a */ = {isa = PBXFileReference; lastKnownFileType = archive.ar; name = "libPods-SZNetworking.a"; path = "Pods/build/Debug-iphoneos/libPods-SZNetworking.a"; sourceTree = "<group>"; };
		2C742AD517F391440063653A /* libPods.a */ = {isa = PBXFileReference; lastKnownFileType = archive.ar; name = libPods.a; path = "Pods/build/Release-iphoneos/libPods.a"; sourceTree = "<group>"; };
		2C8C1E0C17E10BB80075B527 /* STAPIClient.h */ = {isa = PBXFileReference; fileEncoding = 4; lastKnownFileType = sourcecode.c.h; path = STAPIClient.h; sourceTree = "<group>"; };
		2C8C1E0D17E10BB80075B527 /* STAPIClient.m */ = {isa = PBXFileReference; fileEncoding = 4; lastKnownFileType = sourcecode.c.objc; path = STAPIClient.m; sourceTree = "<group>"; };
		2C8C1E1017E10BB80075B527 /* en */ = {isa = PBXFileReference; lastKnownFileType = text.plist.strings; name = en; path = en.lproj/InfoPlist.strings; sourceTree = "<group>"; };
		2C8C1E1117E10BB80075B527 /* Loopy-Info.plist */ = {isa = PBXFileReference; fileEncoding = 4; lastKnownFileType = text.plist.xml; path = "Loopy-Info.plist"; sourceTree = "<group>"; };
		2C8C1E1217E10BB80075B527 /* Loopy-Prefix.pch */ = {isa = PBXFileReference; fileEncoding = 4; lastKnownFileType = sourcecode.c.h; path = "Loopy-Prefix.pch"; sourceTree = "<group>"; };
		2C8C1E1317E10BB80075B527 /* main.m */ = {isa = PBXFileReference; fileEncoding = 4; lastKnownFileType = sourcecode.c.objc; path = main.m; sourceTree = "<group>"; };
		2C8C1E1417E10BB80075B527 /* STTestAppDelegate.h */ = {isa = PBXFileReference; fileEncoding = 4; lastKnownFileType = sourcecode.c.h; path = STTestAppDelegate.h; sourceTree = "<group>"; };
		2C8C1E1517E10BB80075B527 /* STTestAppDelegate.m */ = {isa = PBXFileReference; fileEncoding = 4; lastKnownFileType = sourcecode.c.objc; path = STTestAppDelegate.m; sourceTree = "<group>"; };
		2C8D99DE1834519E00D9BB4E /* STReachability.h */ = {isa = PBXFileReference; fileEncoding = 4; lastKnownFileType = sourcecode.c.h; path = STReachability.h; sourceTree = "<group>"; };
		2C8D99DF1834519E00D9BB4E /* STReachability.m */ = {isa = PBXFileReference; fileEncoding = 4; lastKnownFileType = sourcecode.c.objc; path = STReachability.m; sourceTree = "<group>"; };
		2C941EDC18AC4CDF003D770D /* TestAppNoInit.app */ = {isa = PBXFileReference; explicitFileType = wrapper.application; includeInIndex = 0; path = TestAppNoInit.app; sourceTree = BUILT_PRODUCTS_DIR; };
		2C941EE218AC4CDF003D770D /* TestAppNoInit-Info.plist */ = {isa = PBXFileReference; lastKnownFileType = text.plist.xml; path = "TestAppNoInit-Info.plist"; sourceTree = "<group>"; };
		2C941EE418AC4CDF003D770D /* en */ = {isa = PBXFileReference; lastKnownFileType = text.plist.strings; name = en; path = en.lproj/InfoPlist.strings; sourceTree = "<group>"; };
		2C941EE618AC4CDF003D770D /* main.m */ = {isa = PBXFileReference; lastKnownFileType = sourcecode.c.objc; path = main.m; sourceTree = "<group>"; };
		2C941EE818AC4CDF003D770D /* TestAppNoInit-Prefix.pch */ = {isa = PBXFileReference; lastKnownFileType = sourcecode.c.h; path = "TestAppNoInit-Prefix.pch"; sourceTree = "<group>"; };
		2C941EE918AC4CDF003D770D /* SZTestAppDelegate.h */ = {isa = PBXFileReference; lastKnownFileType = sourcecode.c.h; path = SZTestAppDelegate.h; sourceTree = "<group>"; };
		2C941EEA18AC4CDF003D770D /* SZTestAppDelegate.m */ = {isa = PBXFileReference; lastKnownFileType = sourcecode.c.objc; path = SZTestAppDelegate.m; sourceTree = "<group>"; };
		2C941EEC18AC4CDF003D770D /* Images.xcassets */ = {isa = PBXFileReference; lastKnownFileType = folder.assetcatalog; path = Images.xcassets; sourceTree = "<group>"; };
		2C941EF218AC4CDF003D770D /* TestAppNoInitTests.xctest */ = {isa = PBXFileReference; explicitFileType = wrapper.cfbundle; includeInIndex = 0; path = TestAppNoInitTests.xctest; sourceTree = BUILT_PRODUCTS_DIR; };
		2C941EFA18AC4CDF003D770D /* TestAppNoInitTests-Info.plist */ = {isa = PBXFileReference; lastKnownFileType = text.plist.xml; path = "TestAppNoInitTests-Info.plist"; sourceTree = "<group>"; };
		2C941EFC18AC4CDF003D770D /* en */ = {isa = PBXFileReference; lastKnownFileType = text.plist.strings; name = en; path = en.lproj/InfoPlist.strings; sourceTree = "<group>"; };
		2C941EFE18AC4CDF003D770D /* TestAppNoInitTests.m */ = {isa = PBXFileReference; lastKnownFileType = sourcecode.c.objc; path = TestAppNoInitTests.m; sourceTree = "<group>"; };
		2C941F0818AC4FBB003D770D /* libPods.a */ = {isa = PBXFileReference; lastKnownFileType = file; name = libPods.a; path = "Pods/build/Debug-iphoneos/libPods.a"; sourceTree = "<group>"; };
		2CA3360F183452E5003D7498 /* SystemConfiguration.framework */ = {isa = PBXFileReference; lastKnownFileType = wrapper.framework; name = SystemConfiguration.framework; path = System/Library/Frameworks/SystemConfiguration.framework; sourceTree = SDKROOT; };
		2CA3DCE11811E8AD005E9159 /* FacebookLogoNoBlue43x43.png */ = {isa = PBXFileReference; lastKnownFileType = image.png; path = FacebookLogoNoBlue43x43.png; sourceTree = "<group>"; };
		2CA3DCE21811E8AD005E9159 /* FacebookLogoNoBlue60x60.png */ = {isa = PBXFileReference; lastKnownFileType = image.png; path = FacebookLogoNoBlue60x60.png; sourceTree = "<group>"; };
		2CA3DCE31811E8AD005E9159 /* FacebookLogoNoBlue76x76.png */ = {isa = PBXFileReference; lastKnownFileType = image.png; path = FacebookLogoNoBlue76x76.png; sourceTree = "<group>"; };
		2CA3DCE71811E8AD005E9159 /* TwitterLogo43x43.png */ = {isa = PBXFileReference; lastKnownFileType = image.png; path = TwitterLogo43x43.png; sourceTree = "<group>"; };
		2CA3DCE81811E8AD005E9159 /* TwitterLogo60x60.png */ = {isa = PBXFileReference; lastKnownFileType = image.png; path = TwitterLogo60x60.png; sourceTree = "<group>"; };
		2CA3DCE91811E8AD005E9159 /* TwitterLogo76x76.png */ = {isa = PBXFileReference; lastKnownFileType = image.png; path = TwitterLogo76x76.png; sourceTree = "<group>"; };
		2CA3DCEA1811E8AD005E9159 /* STFacebookActivity.h */ = {isa = PBXFileReference; fileEncoding = 4; lastKnownFileType = sourcecode.c.h; path = STFacebookActivity.h; sourceTree = "<group>"; };
		2CA3DCEB1811E8AD005E9159 /* STFacebookActivity.m */ = {isa = PBXFileReference; fileEncoding = 4; lastKnownFileType = sourcecode.c.objc; path = STFacebookActivity.m; sourceTree = "<group>"; };
		2CA3DCEE1811E8AD005E9159 /* STTwitterActivity.h */ = {isa = PBXFileReference; fileEncoding = 4; lastKnownFileType = sourcecode.c.h; path = STTwitterActivity.h; sourceTree = "<group>"; };
		2CA3DCEF1811E8AD005E9159 /* STTwitterActivity.m */ = {isa = PBXFileReference; fileEncoding = 4; lastKnownFileType = sourcecode.c.objc; path = STTwitterActivity.m; sourceTree = "<group>"; };
		2CB4EF171832E11A00A0AA0B /* custom_activity.h */ = {isa = PBXFileReference; lastKnownFileType = sourcecode.c.h; name = custom_activity.h; path = Documentation/sphinx/source/snippets/custom_activity.h; sourceTree = SOURCE_ROOT; };
		2CB4EF181832E11A00A0AA0B /* custom_activity.m */ = {isa = PBXFileReference; lastKnownFileType = sourcecode.c.objc; name = custom_activity.m; path = Documentation/sphinx/source/snippets/custom_activity.m; sourceTree = SOURCE_ROOT; };
		2CBFAEA71863A17E00BBFCC7 /* STActivity.h */ = {isa = PBXFileReference; fileEncoding = 4; lastKnownFileType = sourcecode.c.h; path = STActivity.h; sourceTree = "<group>"; };
		2CDE0E6F17E122A20048B055 /* UnitTests.app */ = {isa = PBXFileReference; explicitFileType = wrapper.application; includeInIndex = 0; path = UnitTests.app; sourceTree = BUILT_PRODUCTS_DIR; };
		2CDE0E7517E122A30048B055 /* UnitTests-Info.plist */ = {isa = PBXFileReference; lastKnownFileType = text.plist.xml; path = "UnitTests-Info.plist"; sourceTree = "<group>"; };
		2CDE0E7717E122A30048B055 /* en */ = {isa = PBXFileReference; lastKnownFileType = text.plist.strings; name = en; path = en.lproj/InfoPlist.strings; sourceTree = "<group>"; };
		2CDE0E7917E122A30048B055 /* main.m */ = {isa = PBXFileReference; lastKnownFileType = sourcecode.c.objc; path = main.m; sourceTree = "<group>"; };
		2CDE0E7B17E122A30048B055 /* UnitTests-Prefix.pch */ = {isa = PBXFileReference; lastKnownFileType = sourcecode.c.h; path = "UnitTests-Prefix.pch"; sourceTree = "<group>"; };
		2CDE0E8517E122A30048B055 /* UnitTestsTests.xctest */ = {isa = PBXFileReference; explicitFileType = wrapper.cfbundle; includeInIndex = 0; path = UnitTestsTests.xctest; sourceTree = BUILT_PRODUCTS_DIR; };
		2CDE0E8617E122A30048B055 /* XCTest.framework */ = {isa = PBXFileReference; lastKnownFileType = wrapper.framework; name = XCTest.framework; path = Library/Frameworks/XCTest.framework; sourceTree = DEVELOPER_DIR; };
		2CE78B991831AAC9004EBB82 /* CoreTelephony.framework */ = {isa = PBXFileReference; lastKnownFileType = wrapper.framework; name = CoreTelephony.framework; path = System/Library/Frameworks/CoreTelephony.framework; sourceTree = SDKROOT; };
		2CE78B9C1831B0C9004EBB82 /* CoreLocation.framework */ = {isa = PBXFileReference; lastKnownFileType = wrapper.framework; name = CoreLocation.framework; path = System/Library/Frameworks/CoreLocation.framework; sourceTree = SDKROOT; };
		2CEFADA81832FFEF00841C33 /* AdSupport.framework */ = {isa = PBXFileReference; lastKnownFileType = wrapper.framework; name = AdSupport.framework; path = System/Library/Frameworks/AdSupport.framework; sourceTree = SDKROOT; };
		2CF479BB18649EFF00150721 /* LoopyApiInfo.plist */ = {isa = PBXFileReference; fileEncoding = 4; lastKnownFileType = text.plist.xml; path = LoopyApiInfo.plist; sourceTree = "<group>"; };
/* End PBXFileReference section */

/* Begin PBXFrameworksBuildPhase section */
		2C1B5B9417E2783D00855D0D /* Frameworks */ = {
			isa = PBXFrameworksBuildPhase;
			buildActionMask = 2147483647;
			files = (
				2C742AD217F3912E0063653A /* libPods.a in Frameworks */,
				2C1B5B9917E2783D00855D0D /* CoreGraphics.framework in Frameworks */,
				2C1B5B9A17E2783D00855D0D /* UIKit.framework in Frameworks */,
				2C1B5B9817E2783D00855D0D /* Foundation.framework in Frameworks */,
				2C44DDDB182036470026938A /* Social.framework in Frameworks */,
				2CE78BA21831B109004EBB82 /* CoreTelephony.framework in Frameworks */,
				2CE78BA11831B100004EBB82 /* CoreLocation.framework in Frameworks */,
				2CEFADA91832FFEF00841C33 /* AdSupport.framework in Frameworks */,
				2CA3361218345307003D7498 /* SystemConfiguration.framework in Frameworks */,
			);
			runOnlyForDeploymentPostprocessing = 0;
		};
		2C44DDDD18207EC20026938A /* Frameworks */ = {
			isa = PBXFrameworksBuildPhase;
			buildActionMask = 2147483647;
			files = (
				2CEFADAD1833001B00841C33 /* Social.framework in Frameworks */,
				2CEFADAC1833000E00841C33 /* AdSupport.framework in Frameworks */,
				2CE78B9E1831B0CF004EBB82 /* CoreLocation.framework in Frameworks */,
				2CE78B9A1831AAC9004EBB82 /* CoreTelephony.framework in Frameworks */,
				2C44DDE118207EC20026938A /* Foundation.framework in Frameworks */,
				2CA3361318345312003D7498 /* SystemConfiguration.framework in Frameworks */,
			);
			runOnlyForDeploymentPostprocessing = 0;
		};
		2C48EAEC17DF87F200181C3E /* Frameworks */ = {
			isa = PBXFrameworksBuildPhase;
			buildActionMask = 2147483647;
			files = (
				2CF479C61864A01900150721 /* libLoopy.a in Frameworks */,
				2C742AD617F391440063653A /* libPods.a in Frameworks */,
				2C698F5418173F5E003643B0 /* Social.framework in Frameworks */,
				2C48EAF317DF87F200181C3E /* UIKit.framework in Frameworks */,
				2C48EAF517DF87F200181C3E /* Foundation.framework in Frameworks */,
				2C48EAF717DF87F200181C3E /* CoreGraphics.framework in Frameworks */,
				2CE78B9B1831AAD6004EBB82 /* CoreTelephony.framework in Frameworks */,
				2CE78B9D1831B0C9004EBB82 /* CoreLocation.framework in Frameworks */,
				2CEFADAB1833000200841C33 /* AdSupport.framework in Frameworks */,
				2CA33610183452E5003D7498 /* SystemConfiguration.framework in Frameworks */,
			);
			runOnlyForDeploymentPostprocessing = 0;
		};
		2C941ED918AC4CDF003D770D /* Frameworks */ = {
			isa = PBXFrameworksBuildPhase;
			buildActionMask = 2147483647;
			files = (
				2C941F0D18AC4FDD003D770D /* SystemConfiguration.framework in Frameworks */,
				2C941F0C18AC4FD6003D770D /* CoreLocation.framework in Frameworks */,
				2C941F0B18AC4FCC003D770D /* AdSupport.framework in Frameworks */,
				2C941F0A18AC4FC8003D770D /* CoreTelephony.framework in Frameworks */,
				2C941F0918AC4FBB003D770D /* libPods.a in Frameworks */,
				2C941F0718AC4FB1003D770D /* libLoopy.a in Frameworks */,
				2C941F0618AC4FAC003D770D /* Social.framework in Frameworks */,
				2C941EDE18AC4CDF003D770D /* CoreGraphics.framework in Frameworks */,
				2C941EDF18AC4CDF003D770D /* UIKit.framework in Frameworks */,
				2C941EDD18AC4CDF003D770D /* Foundation.framework in Frameworks */,
			);
			runOnlyForDeploymentPostprocessing = 0;
		};
		2C941EEF18AC4CDF003D770D /* Frameworks */ = {
			isa = PBXFrameworksBuildPhase;
			buildActionMask = 2147483647;
			files = (
				2C941EF318AC4CDF003D770D /* XCTest.framework in Frameworks */,
				2C941EF518AC4CDF003D770D /* UIKit.framework in Frameworks */,
				2C941EF418AC4CDF003D770D /* Foundation.framework in Frameworks */,
			);
			runOnlyForDeploymentPostprocessing = 0;
		};
		2CDE0E6C17E122A20048B055 /* Frameworks */ = {
			isa = PBXFrameworksBuildPhase;
			buildActionMask = 2147483647;
			files = (
				2C742AA417F371620063653A /* libPods.a in Frameworks */,
				2CDE0E7117E122A30048B055 /* CoreGraphics.framework in Frameworks */,
				2CDE0E7217E122A30048B055 /* UIKit.framework in Frameworks */,
				2CDE0E7017E122A30048B055 /* Foundation.framework in Frameworks */,
				2C44DDDA182036400026938A /* Social.framework in Frameworks */,
				2CE78B9F1831B0E5004EBB82 /* CoreTelephony.framework in Frameworks */,
				2CE78BA01831B0EA004EBB82 /* CoreLocation.framework in Frameworks */,
				2CEFADAA1832FFF800841C33 /* AdSupport.framework in Frameworks */,
				2CA33611183452FC003D7498 /* SystemConfiguration.framework in Frameworks */,
			);
			runOnlyForDeploymentPostprocessing = 0;
		};
/* End PBXFrameworksBuildPhase section */

/* Begin PBXGroup section */
		2C1B5B9B17E2783D00855D0D /* IntegrationTests */ = {
			isa = PBXGroup;
			children = (
				2C5F2EB9185685110032BA75 /* STAPISessionTests.m */,
				2C34326B17FB40E10039A2D8 /* STAPIEndpointTests.m */,
				2C3C15EC1819C71E00793F9B /* STShareCallbackTests.m */,
				2C1B5BD217E2791C00855D0D /* Supporting Files */,
			);
			path = IntegrationTests;
			sourceTree = "<group>";
		};
		2C1B5BD217E2791C00855D0D /* Supporting Files */ = {
			isa = PBXGroup;
			children = (
				2C1B5BCF17E2790500855D0D /* IntegrationTests-Info.plist */,
				2C1B5BD317E2793000855D0D /* InfoPlist.strings */,
				2C1B5BCD17E278FC00855D0D /* main.m */,
				2C1B5BD017E2790500855D0D /* IntegrationTests-Prefix.pch */,
			);
			name = "Supporting Files";
			sourceTree = "<group>";
		};
		2C314A1117E134C9003CA1A0 /* Resources */ = {
			isa = PBXGroup;
			children = (
				2C314A1217E1354A003CA1A0 /* OpenJSONTest.txt */,
			);
			name = Resources;
			sourceTree = "<group>";
		};
		2C44DDE318207EC20026938A /* Supporting Files */ = {
			isa = PBXGroup;
			children = (
				2C44DDE418207EC20026938A /* Loopy-Prefix.pch */,
			);
			name = "Supporting Files";
			path = Loopy;
			sourceTree = "<group>";
		};
		2C48EAE617DF87F100181C3E = {
			isa = PBXGroup;
			children = (
				2C8C1E0B17E10BB80075B527 /* Loopy */,
				2C44DDE318207EC20026938A /* Supporting Files */,
				2C8C1E0E17E10BB80075B527 /* TestApp */,
				2CDE0E7317E122A30048B055 /* UnitTests */,
				2C1B5B9B17E2783D00855D0D /* IntegrationTests */,
				2C941EE018AC4CDF003D770D /* TestAppNoInit */,
				2C941EF818AC4CDF003D770D /* TestAppNoInitTests */,
				2C48EAF117DF87F200181C3E /* Frameworks */,
				2C48EAF017DF87F200181C3E /* Products */,
				20AC7383AFAB491BB995F927 /* Pods.xcconfig */,
			);
			sourceTree = "<group>";
		};
		2C48EAF017DF87F200181C3E /* Products */ = {
			isa = PBXGroup;
			children = (
				2C48EAEF17DF87F200181C3E /* TestApp.app */,
				2CDE0E6F17E122A20048B055 /* UnitTests.app */,
				2CDE0E8517E122A30048B055 /* UnitTestsTests.xctest */,
				2C1B5B9717E2783D00855D0D /* IntegrationTests.app */,
				2C44DDE018207EC20026938A /* libLoopy.a */,
				2C941EDC18AC4CDF003D770D /* TestAppNoInit.app */,
				2C941EF218AC4CDF003D770D /* TestAppNoInitTests.xctest */,
			);
			name = Products;
			sourceTree = "<group>";
		};
		2C48EAF117DF87F200181C3E /* Frameworks */ = {
			isa = PBXGroup;
			children = (
				2C941F0818AC4FBB003D770D /* libPods.a */,
				2CA3360F183452E5003D7498 /* SystemConfiguration.framework */,
				2CEFADA81832FFEF00841C33 /* AdSupport.framework */,
				2CE78B9C1831B0C9004EBB82 /* CoreLocation.framework */,
				2CE78B991831AAC9004EBB82 /* CoreTelephony.framework */,
				2C44DE18182081C90026938A /* libPods.a */,
				2C522CD117FF79C3009C1F43 /* libprofile_rt.dylib */,
				2C742AD517F391440063653A /* libPods.a */,
				2C742AD317F391390063653A /* libPods-SZNetworking.a */,
				2C742ACB17F3912E0063653A /* libPods-GHUnitIOS.a */,
				2C742ACC17F3912E0063653A /* libPods-OCMock.a */,
				2C742ACD17F3912E0063653A /* libPods-SZNetworking.a */,
				2C742ACE17F3912E0063653A /* libPods.a */,
				2C742A9D17F371620063653A /* libPods-GHUnitIOS.a */,
				2C742A9E17F371620063653A /* libPods-OCMock.a */,
				2C742A9F17F371620063653A /* libPods-SZNetworking.a */,
				2C742AA017F371620063653A /* libPods.a */,
				2C742A9717F371050063653A /* libPods-GHUnitIOS.a */,
				2C742A9817F371050063653A /* libPods-OCMock.a */,
				2C742A9917F371050063653A /* libPods-SZNetworking.a */,
				2C742A9517F370E60063653A /* libPods.a */,
				2C6F4EE617EB9E320039C787 /* libOCMock.a */,
				2C6F4ECC17EB9C9C0039C787 /* libGHUnitIOSSimulator.a */,
				2C698F5318173F5E003643B0 /* Social.framework */,
				2C48EAF217DF87F200181C3E /* UIKit.framework */,
				2C48EAF417DF87F200181C3E /* Foundation.framework */,
				2C48EAF617DF87F200181C3E /* CoreGraphics.framework */,
				2CDE0E8617E122A30048B055 /* XCTest.framework */,
				04FF3B14B1414F9D8911EA25 /* libPods.a */,
			);
			name = Frameworks;
			sourceTree = "<group>";
		};
		2C66953C18299D9A00AB8C08 /* Snippets */ = {
			isa = PBXGroup;
			children = (
				2CB4EF171832E11A00A0AA0B /* custom_activity.h */,
				2CB4EF181832E11A00A0AA0B /* custom_activity.m */,
				2C66953D18299EA700AB8C08 /* custom_share.h */,
				2C66953E18299EA700AB8C08 /* custom_share.m */,
				2C66953918297A0700AB8C08 /* share_dialog.h */,
				2C66953A18297A0700AB8C08 /* share_dialog.m */,
			);
			name = Snippets;
			sourceTree = "<group>";
		};
		2C6D366217E3ACAA00CF1199 /* API Client */ = {
			isa = PBXGroup;
			children = (
				2C8C1E0C17E10BB80075B527 /* STAPIClient.h */,
				2C8C1E0D17E10BB80075B527 /* STAPIClient.m */,
			);
			name = "API Client";
			sourceTree = "<group>";
		};
		2C6D366A17E3ACBB00CF1199 /* Utils */ = {
			isa = PBXGroup;
			children = (
				2C6D367217E3AD0300CF1199 /* STJSONUtils.h */,
				2C6D367317E3AD0300CF1199 /* STJSONUtils.m */,
			);
			name = Utils;
			sourceTree = "<group>";
		};
		2C8C1E0B17E10BB80075B527 /* Loopy */ = {
			isa = PBXGroup;
			children = (
				2CF479BB18649EFF00150721 /* LoopyApiInfo.plist */,
				2C44DDE518207EC20026938A /* Loopy.h */,
				2C0ECE9418174C46005965D0 /* STConstants.h */,
				2C0ECE9518174C46005965D0 /* STConstants.m */,
				2C8D99DE1834519E00D9BB4E /* STReachability.h */,
				2C8D99DF1834519E00D9BB4E /* STReachability.m */,
				2CA3DCC41811E807005E9159 /* Share */,
				2C6D366217E3ACAA00CF1199 /* API Client */,
				2C6D366A17E3ACBB00CF1199 /* Utils */,
			);
			path = Loopy;
			sourceTree = "<group>";
		};
		2C8C1E0E17E10BB80075B527 /* TestApp */ = {
			isa = PBXGroup;
			children = (
				2C8C1E1417E10BB80075B527 /* STTestAppDelegate.h */,
				2C8C1E1517E10BB80075B527 /* STTestAppDelegate.m */,
				2C250E291804C8EC00A788AC /* STRootViewController.h */,
				2C250E2A1804C8EC00A788AC /* STRootViewController.m */,
				2C250E2B1804C8EC00A788AC /* STRootViewController.xib */,
				2C8C1E1D17E10BD60075B527 /* Supporting Files */,
			);
			path = TestApp;
			sourceTree = "<group>";
		};
		2C8C1E1D17E10BD60075B527 /* Supporting Files */ = {
			isa = PBXGroup;
			children = (
				2C8C1E0F17E10BB80075B527 /* InfoPlist.strings */,
				2C8C1E1117E10BB80075B527 /* Loopy-Info.plist */,
				2C8C1E1217E10BB80075B527 /* Loopy-Prefix.pch */,
				2C8C1E1317E10BB80075B527 /* main.m */,
			);
			name = "Supporting Files";
			sourceTree = "<group>";
		};
		2C941EE018AC4CDF003D770D /* TestAppNoInit */ = {
			isa = PBXGroup;
			children = (
				2C941EE918AC4CDF003D770D /* SZTestAppDelegate.h */,
				2C941EEA18AC4CDF003D770D /* SZTestAppDelegate.m */,
				2C941EEC18AC4CDF003D770D /* Images.xcassets */,
				2C941EE118AC4CDF003D770D /* Supporting Files */,
			);
			path = TestAppNoInit;
			sourceTree = "<group>";
		};
		2C941EE118AC4CDF003D770D /* Supporting Files */ = {
			isa = PBXGroup;
			children = (
				2C941EE218AC4CDF003D770D /* TestAppNoInit-Info.plist */,
				2C941EE318AC4CDF003D770D /* InfoPlist.strings */,
				2C941EE618AC4CDF003D770D /* main.m */,
				2C941EE818AC4CDF003D770D /* TestAppNoInit-Prefix.pch */,
			);
			name = "Supporting Files";
			sourceTree = "<group>";
		};
		2C941EF818AC4CDF003D770D /* TestAppNoInitTests */ = {
			isa = PBXGroup;
			children = (
				2C941EFE18AC4CDF003D770D /* TestAppNoInitTests.m */,
				2C941EF918AC4CDF003D770D /* Supporting Files */,
			);
			path = TestAppNoInitTests;
			sourceTree = "<group>";
		};
		2C941EF918AC4CDF003D770D /* Supporting Files */ = {
			isa = PBXGroup;
			children = (
				2C941EFA18AC4CDF003D770D /* TestAppNoInitTests-Info.plist */,
				2C941EFB18AC4CDF003D770D /* InfoPlist.strings */,
			);
			name = "Supporting Files";
			sourceTree = "<group>";
		};
		2CA3DCC41811E807005E9159 /* Share */ = {
			isa = PBXGroup;
			children = (
				2CBFAEA71863A17E00BBFCC7 /* STActivity.h */,
				2C5ADD4618185FE700BAC4DC /* STShare.h */,
				2C5ADD4718185FE700BAC4DC /* STShare.m */,
				2CA3DCEA1811E8AD005E9159 /* STFacebookActivity.h */,
				2CA3DCEB1811E8AD005E9159 /* STFacebookActivity.m */,
				2CA3DCEE1811E8AD005E9159 /* STTwitterActivity.h */,
				2CA3DCEF1811E8AD005E9159 /* STTwitterActivity.m */,
				2CA3DCE01811E8AD005E9159 /* Resources */,
			);
			name = Share;
			sourceTree = "<group>";
		};
		2CA3DCE01811E8AD005E9159 /* Resources */ = {
			isa = PBXGroup;
			children = (
				2CA3DCE11811E8AD005E9159 /* FacebookLogoNoBlue43x43.png */,
				2CA3DCE21811E8AD005E9159 /* FacebookLogoNoBlue60x60.png */,
				2CA3DCE31811E8AD005E9159 /* FacebookLogoNoBlue76x76.png */,
				2CA3DCE71811E8AD005E9159 /* TwitterLogo43x43.png */,
				2CA3DCE81811E8AD005E9159 /* TwitterLogo60x60.png */,
				2CA3DCE91811E8AD005E9159 /* TwitterLogo76x76.png */,
			);
			path = Resources;
			sourceTree = "<group>";
		};
		2CDE0E7317E122A30048B055 /* UnitTests */ = {
			isa = PBXGroup;
			children = (
				2C66953C18299D9A00AB8C08 /* Snippets */,
				2C314A0817E13143003CA1A0 /* STAPIClientTests.m */,
				2C3E069117FA26B700FF751B /* STJSONUtilsTests.m */,
				2C5ADD4A181879EC00BAC4DC /* STShareTests.m */,
				2C3C15E91819C1FB00793F9B /* STActivityTests.m */,
				2C3E069317FA418C00FF751B /* STTestUtils.h */,
				2C3E069417FA418C00FF751B /* STTestUtils.m */,
				2C314A1117E134C9003CA1A0 /* Resources */,
				2CDE0E7417E122A30048B055 /* Supporting Files */,
			);
			path = UnitTests;
			sourceTree = "<group>";
		};
		2CDE0E7417E122A30048B055 /* Supporting Files */ = {
			isa = PBXGroup;
			children = (
				2CDE0E7517E122A30048B055 /* UnitTests-Info.plist */,
				2CDE0E7617E122A30048B055 /* InfoPlist.strings */,
				2CDE0E7917E122A30048B055 /* main.m */,
				2CDE0E7B17E122A30048B055 /* UnitTests-Prefix.pch */,
			);
			name = "Supporting Files";
			sourceTree = "<group>";
		};
/* End PBXGroup section */

/* Begin PBXHeadersBuildPhase section */
		2C44DE0218207FD50026938A /* Headers */ = {
			isa = PBXHeadersBuildPhase;
			buildActionMask = 2147483647;
			files = (
				2C44DDE618207EC20026938A /* Loopy.h in Headers */,
				2C44DE0318207FDC0026938A /* STConstants.h in Headers */,
				2C44DE0418207FE80026938A /* STShare.h in Headers */,
				2C44DE0D1820808B0026938A /* STFacebookActivity.h in Headers */,
				2CBFAEA81863A17E00BBFCC7 /* STActivity.h in Headers */,
				2C44DE0E182080900026938A /* STTwitterActivity.h in Headers */,
				2C44DE0F1820809B0026938A /* STAPIClient.h in Headers */,
				2C44DE10182080A40026938A /* STJSONUtils.h in Headers */,
				2C8D99E01834519E00D9BB4E /* STReachability.h in Headers */,
			);
			runOnlyForDeploymentPostprocessing = 0;
		};
/* End PBXHeadersBuildPhase section */

/* Begin PBXNativeTarget section */
		2C1B5B9617E2783D00855D0D /* IntegrationTests */ = {
			isa = PBXNativeTarget;
			buildConfigurationList = 2C1B5BC617E2783D00855D0D /* Build configuration list for PBXNativeTarget "IntegrationTests" */;
			buildPhases = (
				2C1B5B9317E2783D00855D0D /* Sources */,
				2C1B5B9417E2783D00855D0D /* Frameworks */,
				2C1B5B9517E2783D00855D0D /* Resources */,
				2C3FE4BF18033E3C00BAF591 /* ShellScript */,
				2C34327E17FB90160039A2D8 /* ShellScript */,
				2CB8BF2B1804A4EA009DCB50 /* ShellScript */,
			);
			buildRules = (
			);
			dependencies = (
			);
			name = IntegrationTests;
			productName = IntegrationTests;
			productReference = 2C1B5B9717E2783D00855D0D /* IntegrationTests.app */;
			productType = "com.apple.product-type.application";
		};
		2C44DDDF18207EC20026938A /* Loopy */ = {
			isa = PBXNativeTarget;
			buildConfigurationList = 2C44DDFC18207EC30026938A /* Build configuration list for PBXNativeTarget "Loopy" */;
			buildPhases = (
				2C44DDDC18207EC20026938A /* Sources */,
				2C44DDDD18207EC20026938A /* Frameworks */,
				2C44DDDE18207EC20026938A /* CopyFiles */,
				2C44DE0218207FD50026938A /* Headers */,
			);
			buildRules = (
			);
			dependencies = (
			);
			name = Loopy;
			productName = Loopy;
			productReference = 2C44DDE018207EC20026938A /* libLoopy.a */;
			productType = "com.apple.product-type.library.static";
		};
		2C48EAEE17DF87F200181C3E /* TestApp */ = {
			isa = PBXNativeTarget;
			buildConfigurationList = 2C48EB0C17DF87F200181C3E /* Build configuration list for PBXNativeTarget "TestApp" */;
			buildPhases = (
				55B23CB551514882AC930B89 /* Check Pods Manifest.lock */,
				2C48EAEB17DF87F200181C3E /* Sources */,
				2C48EAEC17DF87F200181C3E /* Frameworks */,
				2C48EAED17DF87F200181C3E /* Resources */,
				106D9418A69C428D87DFCE59 /* Copy Pods Resources */,
			);
			buildRules = (
			);
			dependencies = (
			);
			name = TestApp;
			productName = Loopy;
			productReference = 2C48EAEF17DF87F200181C3E /* TestApp.app */;
			productType = "com.apple.product-type.application";
		};
		2C941EDB18AC4CDF003D770D /* TestAppNoInit */ = {
			isa = PBXNativeTarget;
			buildConfigurationList = 2C941F0418AC4CDF003D770D /* Build configuration list for PBXNativeTarget "TestAppNoInit" */;
			buildPhases = (
				2C941ED818AC4CDF003D770D /* Sources */,
				2C941ED918AC4CDF003D770D /* Frameworks */,
				2C941EDA18AC4CDF003D770D /* Resources */,
			);
			buildRules = (
			);
			dependencies = (
			);
			name = TestAppNoInit;
			productName = TestAppNoInit;
			productReference = 2C941EDC18AC4CDF003D770D /* TestAppNoInit.app */;
			productType = "com.apple.product-type.application";
		};
		2C941EF118AC4CDF003D770D /* TestAppNoInitTests */ = {
			isa = PBXNativeTarget;
			buildConfigurationList = 2C941F0518AC4CDF003D770D /* Build configuration list for PBXNativeTarget "TestAppNoInitTests" */;
			buildPhases = (
				2C941EEE18AC4CDF003D770D /* Sources */,
				2C941EEF18AC4CDF003D770D /* Frameworks */,
				2C941EF018AC4CDF003D770D /* Resources */,
			);
			buildRules = (
			);
			dependencies = (
				2C941EF718AC4CDF003D770D /* PBXTargetDependency */,
			);
			name = TestAppNoInitTests;
			productName = TestAppNoInitTests;
			productReference = 2C941EF218AC4CDF003D770D /* TestAppNoInitTests.xctest */;
			productType = "com.apple.product-type.bundle.unit-test";
		};
		2CDE0E6E17E122A20048B055 /* UnitTests */ = {
			isa = PBXNativeTarget;
			buildConfigurationList = 2CDE0E9417E122A30048B055 /* Build configuration list for PBXNativeTarget "UnitTests" */;
			buildPhases = (
				2CDE0E6B17E122A20048B055 /* Sources */,
				2CDE0E6C17E122A20048B055 /* Frameworks */,
				2CDE0E6D17E122A20048B055 /* Resources */,
				2C522CD317FF7F3F009C1F43 /* ShellScript */,
				2C34327117FB883D0039A2D8 /* ShellScript */,
				2CE116D21803627A00EFF9E4 /* ShellScript */,
			);
			buildRules = (
			);
			dependencies = (
			);
			name = UnitTests;
			productName = UnitTests;
			productReference = 2CDE0E6F17E122A20048B055 /* UnitTests.app */;
			productType = "com.apple.product-type.application";
		};
/* End PBXNativeTarget section */

/* Begin PBXProject section */
		2C48EAE717DF87F100181C3E /* Project object */ = {
			isa = PBXProject;
			attributes = {
				CLASSPREFIX = SZ;
				LastUpgradeCheck = 0500;
				ORGANIZATIONNAME = ShareThis;
				TargetAttributes = {
					2C48EAEE17DF87F200181C3E = {
						DevelopmentTeam = 6QWWQR8948;
					};
					2C941EF118AC4CDF003D770D = {
						TestTargetID = 2C48EAEE17DF87F200181C3E;
					};
				};
			};
			buildConfigurationList = 2C48EAEA17DF87F100181C3E /* Build configuration list for PBXProject "Loopy" */;
			compatibilityVersion = "Xcode 3.2";
			developmentRegion = English;
			hasScannedForEncodings = 0;
			knownRegions = (
				en,
			);
			mainGroup = 2C48EAE617DF87F100181C3E;
			productRefGroup = 2C48EAF017DF87F200181C3E /* Products */;
			projectDirPath = "";
			projectRoot = "";
			targets = (
				2C48EAEE17DF87F200181C3E /* TestApp */,
				2CDE0E6E17E122A20048B055 /* UnitTests */,
				2C1B5B9617E2783D00855D0D /* IntegrationTests */,
				2C44DDDF18207EC20026938A /* Loopy */,
				2CA668A718218334003D0AF1 /* Loopy Framework */,
				2C941EDB18AC4CDF003D770D /* TestAppNoInit */,
				2C941EF118AC4CDF003D770D /* TestAppNoInitTests */,
			);
		};
/* End PBXProject section */

/* Begin PBXResourcesBuildPhase section */
		2C1B5B9517E2783D00855D0D /* Resources */ = {
			isa = PBXResourcesBuildPhase;
			buildActionMask = 2147483647;
			files = (
				2CF479CC1864A20A00150721 /* FacebookLogoNoBlue43x43.png in Resources */,
				2CF479CD1864A20A00150721 /* FacebookLogoNoBlue60x60.png in Resources */,
				2CF479CE1864A20A00150721 /* FacebookLogoNoBlue76x76.png in Resources */,
				2CF479CF1864A20A00150721 /* TwitterLogo43x43.png in Resources */,
				2CF479D01864A20A00150721 /* TwitterLogo60x60.png in Resources */,
				2CF479D11864A20A00150721 /* TwitterLogo76x76.png in Resources */,
				2C1B5BD517E2793000855D0D /* InfoPlist.strings in Resources */,
				2CF479CB1864A17F00150721 /* LoopyApiInfo.plist in Resources */,
			);
			runOnlyForDeploymentPostprocessing = 0;
		};
		2C48EAED17DF87F200181C3E /* Resources */ = {
			isa = PBXResourcesBuildPhase;
			buildActionMask = 2147483647;
			files = (
				2CF479C71864A05E00150721 /* LoopyApiInfo.plist in Resources */,
				2C8C1E1917E10BB80075B527 /* InfoPlist.strings in Resources */,
				2CA3DCF01811E8AD005E9159 /* FacebookLogoNoBlue43x43.png in Resources */,
				2CA3DCF61811E8AD005E9159 /* TwitterLogo43x43.png in Resources */,
				2CA3DCF71811E8AD005E9159 /* TwitterLogo60x60.png in Resources */,
				2CA3DCF11811E8AD005E9159 /* FacebookLogoNoBlue60x60.png in Resources */,
				2CA3DCF81811E8AD005E9159 /* TwitterLogo76x76.png in Resources */,
				2CA3DCF21811E8AD005E9159 /* FacebookLogoNoBlue76x76.png in Resources */,
				2C250E2D1804C8EC00A788AC /* STRootViewController.xib in Resources */,
			);
			runOnlyForDeploymentPostprocessing = 0;
		};
		2C941EDA18AC4CDF003D770D /* Resources */ = {
			isa = PBXResourcesBuildPhase;
			buildActionMask = 2147483647;
			files = (
				2C941EE518AC4CDF003D770D /* InfoPlist.strings in Resources */,
				2C941EED18AC4CDF003D770D /* Images.xcassets in Resources */,
			);
			runOnlyForDeploymentPostprocessing = 0;
		};
		2C941EF018AC4CDF003D770D /* Resources */ = {
			isa = PBXResourcesBuildPhase;
			buildActionMask = 2147483647;
			files = (
				2C941EFD18AC4CDF003D770D /* InfoPlist.strings in Resources */,
			);
			runOnlyForDeploymentPostprocessing = 0;
		};
		2CDE0E6D17E122A20048B055 /* Resources */ = {
			isa = PBXResourcesBuildPhase;
			buildActionMask = 2147483647;
			files = (
				2CF479C91864A16000150721 /* LoopyApiInfo.plist in Resources */,
				2C64D42218187A6900D6CE6C /* FacebookLogoNoBlue43x43.png in Resources */,
				2C64D42318187A6900D6CE6C /* FacebookLogoNoBlue60x60.png in Resources */,
				2C64D42418187A6900D6CE6C /* FacebookLogoNoBlue76x76.png in Resources */,
				2C64D42518187A6900D6CE6C /* TwitterLogo43x43.png in Resources */,
				2C64D42618187A6900D6CE6C /* TwitterLogo60x60.png in Resources */,
				2C64D42718187A6900D6CE6C /* TwitterLogo76x76.png in Resources */,
				2C314A1317E1354A003CA1A0 /* OpenJSONTest.txt in Resources */,
				2CDE0E7817E122A30048B055 /* InfoPlist.strings in Resources */,
			);
			runOnlyForDeploymentPostprocessing = 0;
		};
/* End PBXResourcesBuildPhase section */

/* Begin PBXShellScriptBuildPhase section */
		106D9418A69C428D87DFCE59 /* Copy Pods Resources */ = {
			isa = PBXShellScriptBuildPhase;
			buildActionMask = 2147483647;
			files = (
			);
			inputPaths = (
			);
			name = "Copy Pods Resources";
			outputPaths = (
			);
			runOnlyForDeploymentPostprocessing = 0;
			shellPath = /bin/sh;
			shellScript = "\"${SRCROOT}/Pods/Pods-resources.sh\"\n";
			showEnvVarsInLog = 0;
		};
		2C34327117FB883D0039A2D8 /* ShellScript */ = {
			isa = PBXShellScriptBuildPhase;
			buildActionMask = 2147483647;
			files = (
			);
			inputPaths = (
			);
			outputPaths = (
			);
			runOnlyForDeploymentPostprocessing = 0;
			shellPath = /bin/sh;
			shellScript = "if [ \"$GHUNIT_CLI\" == 1 ]; then\n    Scripts/RunTests.sh\nfi\n";
			showEnvVarsInLog = 0;
		};
		2C34327E17FB90160039A2D8 /* ShellScript */ = {
			isa = PBXShellScriptBuildPhase;
			buildActionMask = 2147483647;
			files = (
			);
			inputPaths = (
			);
			outputPaths = (
			);
			runOnlyForDeploymentPostprocessing = 0;
			shellPath = /bin/sh;
			shellScript = "if [ \"$GHUNIT_CLI\" == 1 ]; then\nsh Scripts/RunTests.sh\nfi\n";
			showEnvVarsInLog = 0;
		};
		2C3FE4BF18033E3C00BAF591 /* ShellScript */ = {
			isa = PBXShellScriptBuildPhase;
			buildActionMask = 2147483647;
			files = (
			);
			inputPaths = (
			);
			outputPaths = (
			);
			runOnlyForDeploymentPostprocessing = 0;
			shellPath = /bin/sh;
			shellScript = "if [ \"$GHUNIT_CLI\" == 1 ]; then\nXcodeCoverage/exportenv.sh\nfi\n";
			showEnvVarsInLog = 0;
		};
		2C522CD317FF7F3F009C1F43 /* ShellScript */ = {
			isa = PBXShellScriptBuildPhase;
			buildActionMask = 2147483647;
			files = (
			);
			inputPaths = (
			);
			outputPaths = (
			);
			runOnlyForDeploymentPostprocessing = 0;
			shellPath = /bin/sh;
			shellScript = "if [ \"$GHUNIT_CLI\" == 1 ]; then\n    XcodeCoverage/exportenv.sh\nfi\n";
			showEnvVarsInLog = 0;
		};
		2CA668AB182184EE003D0AF1 /* ShellScript */ = {
			isa = PBXShellScriptBuildPhase;
			buildActionMask = 2147483647;
			files = (
			);
			inputPaths = (
			);
			outputPaths = (
			);
			runOnlyForDeploymentPostprocessing = 0;
			shellPath = /bin/sh;
			shellScript = "xcodebuild -scheme Loopy -configuration ${CONFIGURATION} -sdk iphonesimulator\nxcodebuild -scheme Loopy -configuration ${CONFIGURATION} -sdk iphoneos";
			showEnvVarsInLog = 0;
		};
		2CA668AC18218516003D0AF1 /* ShellScript */ = {
			isa = PBXShellScriptBuildPhase;
			buildActionMask = 2147483647;
			files = (
			);
			inputPaths = (
			);
			outputPaths = (
			);
			runOnlyForDeploymentPostprocessing = 0;
			shellPath = /bin/sh;
			shellScript = ./Scripts/iOSFramework.sh;
			showEnvVarsInLog = 0;
		};
		2CB8BF2B1804A4EA009DCB50 /* ShellScript */ = {
			isa = PBXShellScriptBuildPhase;
			buildActionMask = 2147483647;
			files = (
			);
			inputPaths = (
			);
			outputPaths = (
			);
			runOnlyForDeploymentPostprocessing = 0;
			shellPath = /bin/sh;
			shellScript = "if [ \"$GHUNIT_CLI\" == 1 ]; then\ncd XcodeCoverage\n./getcov\nfi\n";
			showEnvVarsInLog = 0;
		};
		2CE116D21803627A00EFF9E4 /* ShellScript */ = {
			isa = PBXShellScriptBuildPhase;
			buildActionMask = 2147483647;
			files = (
			);
			inputPaths = (
			);
			outputPaths = (
			);
			runOnlyForDeploymentPostprocessing = 0;
			shellPath = /bin/sh;
			shellScript = "if [ \"$GHUNIT_CLI\" == 1 ]; then\n    cd XcodeCoverage\n    ./getcov\nfi\n";
			showEnvVarsInLog = 0;
		};
		55B23CB551514882AC930B89 /* Check Pods Manifest.lock */ = {
			isa = PBXShellScriptBuildPhase;
			buildActionMask = 2147483647;
			files = (
			);
			inputPaths = (
			);
			name = "Check Pods Manifest.lock";
			outputPaths = (
			);
			runOnlyForDeploymentPostprocessing = 0;
			shellPath = /bin/sh;
			shellScript = "diff \"${PODS_ROOT}/../Podfile.lock\" \"${PODS_ROOT}/Manifest.lock\" > /dev/null\nif [[ $? != 0 ]] ; then\n    cat << EOM\nerror: The sandbox is not in sync with the Podfile.lock. Run 'pod install' or update your CocoaPods installation.\nEOM\n    exit 1\nfi\n";
			showEnvVarsInLog = 0;
		};
/* End PBXShellScriptBuildPhase section */

/* Begin PBXSourcesBuildPhase section */
		2C1B5B9317E2783D00855D0D /* Sources */ = {
			isa = PBXSourcesBuildPhase;
			buildActionMask = 2147483647;
			files = (
				2CF479D91864B2D800150721 /* STConstants.m in Sources */,
				2CF479DA1864B2D800150721 /* STReachability.m in Sources */,
				2CF479DB1864B2D800150721 /* STShare.m in Sources */,
				2CF479DC1864B2D800150721 /* STFacebookActivity.m in Sources */,
				2CF479DD1864B2D800150721 /* STTwitterActivity.m in Sources */,
				2CF479DE1864B2D800150721 /* STAPIClient.m in Sources */,
				2CF479DF1864B2D800150721 /* STJSONUtils.m in Sources */,
				2C34326D17FB6CE60039A2D8 /* STTestUtils.m in Sources */,
				2C3C15ED1819C71E00793F9B /* STShareCallbackTests.m in Sources */,
				2C34326C17FB40E10039A2D8 /* STAPIEndpointTests.m in Sources */,
				2C5F2EBA185685110032BA75 /* STAPISessionTests.m in Sources */,
				2C1B5BCE17E278FC00855D0D /* main.m in Sources */,
			);
			runOnlyForDeploymentPostprocessing = 0;
		};
		2C44DDDC18207EC20026938A /* Sources */ = {
			isa = PBXSourcesBuildPhase;
			buildActionMask = 2147483647;
			files = (
				2C44DE11182081210026938A /* STConstants.m in Sources */,
				2C44DE12182081240026938A /* STShare.m in Sources */,
				2C44DE13182081260026938A /* STFacebookActivity.m in Sources */,
				2C8D99E11834519E00D9BB4E /* STReachability.m in Sources */,
				2C44DE141820812A0026938A /* STTwitterActivity.m in Sources */,
				2C44DE151820812E0026938A /* STAPIClient.m in Sources */,
				2C44DE16182081300026938A /* STJSONUtils.m in Sources */,
			);
			runOnlyForDeploymentPostprocessing = 0;
		};
		2C48EAEB17DF87F200181C3E /* Sources */ = {
			isa = PBXSourcesBuildPhase;
			buildActionMask = 2147483647;
			files = (
				2C34327017FB70270039A2D8 /* STTestUtils.m in Sources */,
				2C8C1E1B17E10BB80075B527 /* main.m in Sources */,
				2C250E2C1804C8EC00A788AC /* STRootViewController.m in Sources */,
				2C8C1E1C17E10BB80075B527 /* STTestAppDelegate.m in Sources */,
			);
			runOnlyForDeploymentPostprocessing = 0;
		};
		2C941ED818AC4CDF003D770D /* Sources */ = {
			isa = PBXSourcesBuildPhase;
			buildActionMask = 2147483647;
			files = (
				2C941EE718AC4CDF003D770D /* main.m in Sources */,
				2C941EEB18AC4CDF003D770D /* SZTestAppDelegate.m in Sources */,
			);
			runOnlyForDeploymentPostprocessing = 0;
		};
		2C941EEE18AC4CDF003D770D /* Sources */ = {
			isa = PBXSourcesBuildPhase;
			buildActionMask = 2147483647;
			files = (
				2C941EFF18AC4CDF003D770D /* TestAppNoInitTests.m in Sources */,
			);
			runOnlyForDeploymentPostprocessing = 0;
		};
		2CDE0E6B17E122A20048B055 /* Sources */ = {
			isa = PBXSourcesBuildPhase;
			buildActionMask = 2147483647;
			files = (
				2CF479D21864B2C100150721 /* STConstants.m in Sources */,
				2CF479D31864B2C100150721 /* STReachability.m in Sources */,
				2CF479D41864B2C100150721 /* STShare.m in Sources */,
				2CF479D51864B2C100150721 /* STFacebookActivity.m in Sources */,
				2CF479D61864B2C100150721 /* STTwitterActivity.m in Sources */,
				2CF479D71864B2C100150721 /* STAPIClient.m in Sources */,
				2CF479D81864B2C100150721 /* STJSONUtils.m in Sources */,
				2C3C15EA1819C1FB00793F9B /* STActivityTests.m in Sources */,
				2C314A0917E13143003CA1A0 /* STAPIClientTests.m in Sources */,
				2CDE0E7A17E122A30048B055 /* main.m in Sources */,
				2C5ADD4B181879EC00BAC4DC /* STShareTests.m in Sources */,
				2C3E069517FA418C00FF751B /* STTestUtils.m in Sources */,
				2C3E069217FA26B700FF751B /* STJSONUtilsTests.m in Sources */,
			);
			runOnlyForDeploymentPostprocessing = 0;
		};
/* End PBXSourcesBuildPhase section */

/* Begin PBXTargetDependency section */
		2C941EF718AC4CDF003D770D /* PBXTargetDependency */ = {
			isa = PBXTargetDependency;
			target = 2C941EDB18AC4CDF003D770D /* TestAppNoInit */;
			targetProxy = 2C941EF618AC4CDF003D770D /* PBXContainerItemProxy */;
		};
/* End PBXTargetDependency section */

/* Begin PBXVariantGroup section */
		2C1B5BD317E2793000855D0D /* InfoPlist.strings */ = {
			isa = PBXVariantGroup;
			children = (
				2C1B5BD417E2793000855D0D /* en */,
			);
			name = InfoPlist.strings;
			sourceTree = "<group>";
		};
		2C8C1E0F17E10BB80075B527 /* InfoPlist.strings */ = {
			isa = PBXVariantGroup;
			children = (
				2C8C1E1017E10BB80075B527 /* en */,
			);
			name = InfoPlist.strings;
			sourceTree = "<group>";
		};
		2C941EE318AC4CDF003D770D /* InfoPlist.strings */ = {
			isa = PBXVariantGroup;
			children = (
				2C941EE418AC4CDF003D770D /* en */,
			);
			name = InfoPlist.strings;
			sourceTree = "<group>";
		};
		2C941EFB18AC4CDF003D770D /* InfoPlist.strings */ = {
			isa = PBXVariantGroup;
			children = (
				2C941EFC18AC4CDF003D770D /* en */,
			);
			name = InfoPlist.strings;
			sourceTree = "<group>";
		};
		2CDE0E7617E122A30048B055 /* InfoPlist.strings */ = {
			isa = PBXVariantGroup;
			children = (
				2CDE0E7717E122A30048B055 /* en */,
			);
			name = InfoPlist.strings;
			sourceTree = "<group>";
		};
/* End PBXVariantGroup section */

/* Begin XCBuildConfiguration section */
		2C1B5BBB17E2783D00855D0D /* Debug */ = {
			isa = XCBuildConfiguration;
			baseConfigurationReference = 20AC7383AFAB491BB995F927 /* Pods.xcconfig */;
			buildSettings = {
				ASSETCATALOG_COMPILER_APPICON_NAME = AppIcon;
				ASSETCATALOG_COMPILER_LAUNCHIMAGE_NAME = LaunchImage;
				CLANG_ENABLE_MODULES = YES;
				CLANG_WARN_BOOL_CONVERSION = YES;
				CLANG_WARN_DIRECT_OBJC_ISA_USAGE = YES_ERROR;
				CLANG_WARN_OBJC_ROOT_CLASS = YES_ERROR;
				FRAMEWORK_SEARCH_PATHS = "$(inherited)";
				GCC_PRECOMPILE_PREFIX_HEADER = YES;
				GCC_PREFIX_HEADER = "IntegrationTests/IntegrationTests-Prefix.pch";
				GCC_PREPROCESSOR_DEFINITIONS = (
					"DEBUG=1",
					"$(inherited)",
				);
				GCC_WARN_64_TO_32_BIT_CONVERSION = YES;
				GCC_WARN_ABOUT_RETURN_TYPE = YES_ERROR;
				GCC_WARN_UNDECLARED_SELECTOR = YES;
				GCC_WARN_UNUSED_FUNCTION = YES;
				HEADER_SEARCH_PATHS = (
					"\"${PODS_ROOT}/Headers\"",
					"\"${PODS_ROOT}/Headers/GHUnitIOS\"",
					"\"${PODS_ROOT}/Headers/OCMock\"",
					"\"${PODS_ROOT}/Headers/SZNetworking\"",
				);
				INFOPLIST_FILE = "IntegrationTests/IntegrationTests-Info.plist";
				IPHONEOS_DEPLOYMENT_TARGET = 6.1;
				LIBRARY_SEARCH_PATHS = "$(inherited)";
				OTHER_LDFLAGS = (
					"-all_load",
					"-ObjC",
				);
				PRODUCT_NAME = "$(TARGET_NAME)";
				WRAPPER_EXTENSION = app;
			};
			name = Debug;
		};
		2C1B5BBC17E2783D00855D0D /* Release */ = {
			isa = XCBuildConfiguration;
			baseConfigurationReference = 20AC7383AFAB491BB995F927 /* Pods.xcconfig */;
			buildSettings = {
				ASSETCATALOG_COMPILER_APPICON_NAME = AppIcon;
				ASSETCATALOG_COMPILER_LAUNCHIMAGE_NAME = LaunchImage;
				CLANG_ENABLE_MODULES = YES;
				CLANG_WARN_BOOL_CONVERSION = YES;
				CLANG_WARN_DIRECT_OBJC_ISA_USAGE = YES_ERROR;
				CLANG_WARN_OBJC_ROOT_CLASS = YES_ERROR;
				ENABLE_NS_ASSERTIONS = NO;
				FRAMEWORK_SEARCH_PATHS = "$(inherited)";
				GCC_PRECOMPILE_PREFIX_HEADER = YES;
				GCC_PREFIX_HEADER = "IntegrationTests/IntegrationTests-Prefix.pch";
				GCC_WARN_64_TO_32_BIT_CONVERSION = YES;
				GCC_WARN_ABOUT_RETURN_TYPE = YES_ERROR;
				GCC_WARN_UNDECLARED_SELECTOR = YES;
				GCC_WARN_UNUSED_FUNCTION = YES;
				HEADER_SEARCH_PATHS = (
					"\"${PODS_ROOT}/Headers\"",
					"\"${PODS_ROOT}/Headers/GHUnitIOS\"",
					"\"${PODS_ROOT}/Headers/OCMock\"",
					"\"${PODS_ROOT}/Headers/SZNetworking\"",
				);
				INFOPLIST_FILE = "IntegrationTests/IntegrationTests-Info.plist";
				IPHONEOS_DEPLOYMENT_TARGET = 6.1;
				LIBRARY_SEARCH_PATHS = "$(inherited)";
				OTHER_LDFLAGS = (
					"-all_load",
					"-ObjC",
				);
				PRODUCT_NAME = "$(TARGET_NAME)";
				WRAPPER_EXTENSION = app;
			};
			name = Release;
		};
		2C44DDFD18207EC30026938A /* Debug */ = {
			isa = XCBuildConfiguration;
			buildSettings = {
				CLANG_ENABLE_MODULES = YES;
				CLANG_WARN_BOOL_CONVERSION = YES;
				CLANG_WARN_DIRECT_OBJC_ISA_USAGE = YES_ERROR;
				CLANG_WARN_OBJC_ROOT_CLASS = YES_ERROR;
				DSTROOT = /tmp/Loopy.dst;
				GCC_PRECOMPILE_PREFIX_HEADER = YES;
				GCC_PREFIX_HEADER = "Loopy/Loopy-Prefix.pch";
				GCC_PREPROCESSOR_DEFINITIONS = (
					"DEBUG=1",
					"$(inherited)",
				);
				GCC_WARN_64_TO_32_BIT_CONVERSION = YES;
				GCC_WARN_ABOUT_RETURN_TYPE = YES_ERROR;
				GCC_WARN_UNDECLARED_SELECTOR = YES;
				GCC_WARN_UNUSED_FUNCTION = YES;
				HEADER_SEARCH_PATHS = (
					"\"${SRCROOT}/Pods/Headers/SZNetworking\"",
					"\"${SRCROOT}/Pods/Headers\"",
				);
				IPHONEOS_DEPLOYMENT_TARGET = 7.0;
				OTHER_LDFLAGS = "-ObjC";
				PRODUCT_NAME = "$(TARGET_NAME)";
				SKIP_INSTALL = YES;
			};
			name = Debug;
		};
		2C44DDFE18207EC30026938A /* Release */ = {
			isa = XCBuildConfiguration;
			buildSettings = {
				CLANG_ENABLE_MODULES = YES;
				CLANG_WARN_BOOL_CONVERSION = YES;
				CLANG_WARN_DIRECT_OBJC_ISA_USAGE = YES_ERROR;
				CLANG_WARN_OBJC_ROOT_CLASS = YES_ERROR;
				DSTROOT = /tmp/Loopy.dst;
				ENABLE_NS_ASSERTIONS = NO;
				GCC_PRECOMPILE_PREFIX_HEADER = YES;
				GCC_PREFIX_HEADER = "Loopy/Loopy-Prefix.pch";
				GCC_WARN_64_TO_32_BIT_CONVERSION = YES;
				GCC_WARN_ABOUT_RETURN_TYPE = YES_ERROR;
				GCC_WARN_UNDECLARED_SELECTOR = YES;
				GCC_WARN_UNUSED_FUNCTION = YES;
				HEADER_SEARCH_PATHS = (
					"\"${SRCROOT}/Pods/Headers/SZNetworking\"",
					"\"${SRCROOT}/Pods/Headers\"",
				);
				IPHONEOS_DEPLOYMENT_TARGET = 7.0;
				OTHER_LDFLAGS = "-ObjC";
				PRODUCT_NAME = "$(TARGET_NAME)";
				SKIP_INSTALL = YES;
			};
			name = Release;
		};
		2C48EB0A17DF87F200181C3E /* Debug */ = {
			isa = XCBuildConfiguration;
			buildSettings = {
				ALWAYS_SEARCH_USER_PATHS = NO;
				CLANG_CXX_LANGUAGE_STANDARD = "gnu++0x";
				CLANG_CXX_LIBRARY = "libc++";
				CLANG_ENABLE_OBJC_ARC = YES;
				CLANG_WARN_CONSTANT_CONVERSION = YES;
				CLANG_WARN_EMPTY_BODY = YES;
				CLANG_WARN_ENUM_CONVERSION = YES;
				CLANG_WARN_INT_CONVERSION = YES;
				CLANG_WARN__DUPLICATE_METHOD_MATCH = YES;
				"CODE_SIGN_IDENTITY[sdk=iphoneos*]" = "iPhone Developer";
				COPY_PHASE_STRIP = NO;
				GCC_C_LANGUAGE_STANDARD = gnu99;
				GCC_DYNAMIC_NO_PIC = NO;
				GCC_GENERATE_TEST_COVERAGE_FILES = YES;
				GCC_INSTRUMENT_PROGRAM_FLOW_ARCS = YES;
				GCC_OPTIMIZATION_LEVEL = 0;
				GCC_PREPROCESSOR_DEFINITIONS = (
					"DEBUG=1",
					"$(inherited)",
				);
				GCC_SYMBOLS_PRIVATE_EXTERN = NO;
				GCC_WARN_ABOUT_RETURN_TYPE = YES;
				GCC_WARN_UNINITIALIZED_AUTOS = YES;
				GCC_WARN_UNUSED_VARIABLE = YES;
				GENERATE_PROFILING_CODE = YES;
				IPHONEOS_DEPLOYMENT_TARGET = 6.1;
				ONLY_ACTIVE_ARCH = YES;
				SDKROOT = iphoneos;
				TARGETED_DEVICE_FAMILY = "1,2";
			};
			name = Debug;
		};
		2C48EB0B17DF87F200181C3E /* Release */ = {
			isa = XCBuildConfiguration;
			buildSettings = {
				ALWAYS_SEARCH_USER_PATHS = NO;
				CLANG_CXX_LANGUAGE_STANDARD = "gnu++0x";
				CLANG_CXX_LIBRARY = "libc++";
				CLANG_ENABLE_OBJC_ARC = YES;
				CLANG_WARN_CONSTANT_CONVERSION = YES;
				CLANG_WARN_EMPTY_BODY = YES;
				CLANG_WARN_ENUM_CONVERSION = YES;
				CLANG_WARN_INT_CONVERSION = YES;
				CLANG_WARN__DUPLICATE_METHOD_MATCH = YES;
				"CODE_SIGN_IDENTITY[sdk=iphoneos*]" = "iPhone Developer";
				COPY_PHASE_STRIP = YES;
				GCC_C_LANGUAGE_STANDARD = gnu99;
				GCC_GENERATE_TEST_COVERAGE_FILES = NO;
				GCC_INSTRUMENT_PROGRAM_FLOW_ARCS = NO;
				GCC_WARN_ABOUT_RETURN_TYPE = YES;
				GCC_WARN_UNINITIALIZED_AUTOS = YES;
				GCC_WARN_UNUSED_VARIABLE = YES;
				GENERATE_PROFILING_CODE = NO;
				IPHONEOS_DEPLOYMENT_TARGET = 6.1;
				OTHER_CFLAGS = "-DNS_BLOCK_ASSERTIONS=1";
				SDKROOT = iphoneos;
				TARGETED_DEVICE_FAMILY = "1,2";
				VALIDATE_PRODUCT = YES;
			};
			name = Release;
		};
		2C48EB0D17DF87F200181C3E /* Debug */ = {
			isa = XCBuildConfiguration;
			baseConfigurationReference = 20AC7383AFAB491BB995F927 /* Pods.xcconfig */;
			buildSettings = {
				CODE_SIGN_IDENTITY = "iPhone Developer";
				"CODE_SIGN_IDENTITY[sdk=iphoneos*]" = "iPhone Developer";
				GCC_PRECOMPILE_PREFIX_HEADER = YES;
				GCC_PREFIX_HEADER = "TestApp/Loopy-Prefix.pch";
				GCC_WARN_UNUSED_VALUE = YES;
				GCC_WARN_UNUSED_VARIABLE = YES;
				INFOPLIST_FILE = "TestApp/Loopy-Info.plist";
				PRODUCT_NAME = "$(TARGET_NAME)";
				PROVISIONING_PROFILE = "";
				WRAPPER_EXTENSION = app;
			};
			name = Debug;
		};
		2C48EB0E17DF87F200181C3E /* Release */ = {
			isa = XCBuildConfiguration;
			baseConfigurationReference = 20AC7383AFAB491BB995F927 /* Pods.xcconfig */;
			buildSettings = {
				CODE_SIGN_IDENTITY = "iPhone Developer";
				"CODE_SIGN_IDENTITY[sdk=iphoneos*]" = "iPhone Developer";
				GCC_PRECOMPILE_PREFIX_HEADER = YES;
				GCC_PREFIX_HEADER = "TestApp/Loopy-Prefix.pch";
				GCC_WARN_UNUSED_VALUE = YES;
				GCC_WARN_UNUSED_VARIABLE = YES;
				INFOPLIST_FILE = "TestApp/Loopy-Info.plist";
				PRODUCT_NAME = "$(TARGET_NAME)";
				PROVISIONING_PROFILE = "";
				WRAPPER_EXTENSION = app;
			};
			name = Release;
		};
		2C941F0018AC4CDF003D770D /* Debug */ = {
			isa = XCBuildConfiguration;
			buildSettings = {
				ARCHS = "$(ARCHS_STANDARD_INCLUDING_64_BIT)";
				ASSETCATALOG_COMPILER_APPICON_NAME = AppIcon;
				ASSETCATALOG_COMPILER_LAUNCHIMAGE_NAME = LaunchImage;
				CLANG_ENABLE_MODULES = YES;
				CLANG_WARN_BOOL_CONVERSION = YES;
				CLANG_WARN_DIRECT_OBJC_ISA_USAGE = YES_ERROR;
				CLANG_WARN_OBJC_ROOT_CLASS = YES_ERROR;
				GCC_PRECOMPILE_PREFIX_HEADER = YES;
				GCC_PREFIX_HEADER = "TestAppNoInit/TestAppNoInit-Prefix.pch";
				GCC_PREPROCESSOR_DEFINITIONS = (
					"DEBUG=1",
					"$(inherited)",
				);
				GCC_WARN_64_TO_32_BIT_CONVERSION = YES;
				GCC_WARN_ABOUT_RETURN_TYPE = YES_ERROR;
				GCC_WARN_UNDECLARED_SELECTOR = YES;
				GCC_WARN_UNUSED_FUNCTION = YES;
				HEADER_SEARCH_PATHS = (
					"\"${PODS_ROOT}/Headers/OCMock\"",
					"\"${PODS_ROOT}/Headers/GHUnitIOS\"",
					"\"${PODS_ROOT}/Headers/AFNetworking\"",
					"\"${PODS_ROOT}/Headers\"",
					"$(inherited)",
				);
				INFOPLIST_FILE = "TestAppNoInit/TestAppNoInit-Info.plist";
				IPHONEOS_DEPLOYMENT_TARGET = 7.0;
				PRODUCT_NAME = "$(TARGET_NAME)";
				WRAPPER_EXTENSION = app;
			};
			name = Debug;
		};
		2C941F0118AC4CDF003D770D /* Release */ = {
			isa = XCBuildConfiguration;
			buildSettings = {
				ARCHS = "$(ARCHS_STANDARD_INCLUDING_64_BIT)";
				ASSETCATALOG_COMPILER_APPICON_NAME = AppIcon;
				ASSETCATALOG_COMPILER_LAUNCHIMAGE_NAME = LaunchImage;
				CLANG_ENABLE_MODULES = YES;
				CLANG_WARN_BOOL_CONVERSION = YES;
				CLANG_WARN_DIRECT_OBJC_ISA_USAGE = YES_ERROR;
				CLANG_WARN_OBJC_ROOT_CLASS = YES_ERROR;
				ENABLE_NS_ASSERTIONS = NO;
				GCC_PRECOMPILE_PREFIX_HEADER = YES;
				GCC_PREFIX_HEADER = "TestAppNoInit/TestAppNoInit-Prefix.pch";
				GCC_WARN_64_TO_32_BIT_CONVERSION = YES;
				GCC_WARN_ABOUT_RETURN_TYPE = YES_ERROR;
				GCC_WARN_UNDECLARED_SELECTOR = YES;
				GCC_WARN_UNUSED_FUNCTION = YES;
				HEADER_SEARCH_PATHS = (
					"\"${PODS_ROOT}/Headers/OCMock\"",
					"\"${PODS_ROOT}/Headers/GHUnitIOS\"",
					"\"${PODS_ROOT}/Headers/AFNetworking\"",
					"\"${PODS_ROOT}/Headers\"",
					"$(inherited)",
				);
				INFOPLIST_FILE = "TestAppNoInit/TestAppNoInit-Info.plist";
				IPHONEOS_DEPLOYMENT_TARGET = 7.0;
				PRODUCT_NAME = "$(TARGET_NAME)";
				WRAPPER_EXTENSION = app;
			};
			name = Release;
		};
		2C941F0218AC4CDF003D770D /* Debug */ = {
			isa = XCBuildConfiguration;
			buildSettings = {
				ARCHS = "$(ARCHS_STANDARD_INCLUDING_64_BIT)";
				BUNDLE_LOADER = "$(BUILT_PRODUCTS_DIR)/TestApp.app/TestApp";
				CLANG_ENABLE_MODULES = YES;
				CLANG_WARN_BOOL_CONVERSION = YES;
				CLANG_WARN_DIRECT_OBJC_ISA_USAGE = YES_ERROR;
				CLANG_WARN_OBJC_ROOT_CLASS = YES_ERROR;
				FRAMEWORK_SEARCH_PATHS = (
					"$(SDKROOT)/Developer/Library/Frameworks",
					"$(inherited)",
					"$(DEVELOPER_FRAMEWORKS_DIR)",
				);
				GCC_PRECOMPILE_PREFIX_HEADER = YES;
				GCC_PREFIX_HEADER = "TestAppNoInit/TestAppNoInit-Prefix.pch";
				GCC_PREPROCESSOR_DEFINITIONS = (
					"DEBUG=1",
					"$(inherited)",
				);
				GCC_WARN_64_TO_32_BIT_CONVERSION = YES;
				GCC_WARN_ABOUT_RETURN_TYPE = YES_ERROR;
				GCC_WARN_UNDECLARED_SELECTOR = YES;
				GCC_WARN_UNUSED_FUNCTION = YES;
				INFOPLIST_FILE = "TestAppNoInitTests/TestAppNoInitTests-Info.plist";
				IPHONEOS_DEPLOYMENT_TARGET = 7.0;
				PRODUCT_NAME = "$(TARGET_NAME)";
				TEST_HOST = "$(BUNDLE_LOADER)";
				WRAPPER_EXTENSION = xctest;
			};
			name = Debug;
		};
		2C941F0318AC4CDF003D770D /* Release */ = {
			isa = XCBuildConfiguration;
			buildSettings = {
				ARCHS = "$(ARCHS_STANDARD_INCLUDING_64_BIT)";
				BUNDLE_LOADER = "$(BUILT_PRODUCTS_DIR)/TestApp.app/TestApp";
				CLANG_ENABLE_MODULES = YES;
				CLANG_WARN_BOOL_CONVERSION = YES;
				CLANG_WARN_DIRECT_OBJC_ISA_USAGE = YES_ERROR;
				CLANG_WARN_OBJC_ROOT_CLASS = YES_ERROR;
				ENABLE_NS_ASSERTIONS = NO;
				FRAMEWORK_SEARCH_PATHS = (
					"$(SDKROOT)/Developer/Library/Frameworks",
					"$(inherited)",
					"$(DEVELOPER_FRAMEWORKS_DIR)",
				);
				GCC_PRECOMPILE_PREFIX_HEADER = YES;
				GCC_PREFIX_HEADER = "TestAppNoInit/TestAppNoInit-Prefix.pch";
				GCC_WARN_64_TO_32_BIT_CONVERSION = YES;
				GCC_WARN_ABOUT_RETURN_TYPE = YES_ERROR;
				GCC_WARN_UNDECLARED_SELECTOR = YES;
				GCC_WARN_UNUSED_FUNCTION = YES;
				INFOPLIST_FILE = "TestAppNoInitTests/TestAppNoInitTests-Info.plist";
				IPHONEOS_DEPLOYMENT_TARGET = 7.0;
				PRODUCT_NAME = "$(TARGET_NAME)";
				TEST_HOST = "$(BUNDLE_LOADER)";
				WRAPPER_EXTENSION = xctest;
			};
			name = Release;
		};
		2CA668A818218334003D0AF1 /* Debug */ = {
			isa = XCBuildConfiguration;
			buildSettings = {
				PRODUCT_NAME = "$(TARGET_NAME)";
			};
			name = Debug;
		};
		2CA668A918218334003D0AF1 /* Release */ = {
			isa = XCBuildConfiguration;
			buildSettings = {
				PRODUCT_NAME = "$(TARGET_NAME)";
			};
			name = Release;
		};
		2CDE0E9517E122A30048B055 /* Debug */ = {
			isa = XCBuildConfiguration;
			baseConfigurationReference = 20AC7383AFAB491BB995F927 /* Pods.xcconfig */;
			buildSettings = {
				ASSETCATALOG_COMPILER_APPICON_NAME = AppIcon;
				ASSETCATALOG_COMPILER_LAUNCHIMAGE_NAME = LaunchImage;
				CLANG_ENABLE_MODULES = YES;
				CLANG_WARN_BOOL_CONVERSION = YES;
				CLANG_WARN_DIRECT_OBJC_ISA_USAGE = YES_ERROR;
				CLANG_WARN_OBJC_ROOT_CLASS = YES_ERROR;
				FRAMEWORK_SEARCH_PATHS = "$(inherited)";
				GCC_GENERATE_TEST_COVERAGE_FILES = YES;
				GCC_INSTRUMENT_PROGRAM_FLOW_ARCS = YES;
				GCC_PRECOMPILE_PREFIX_HEADER = YES;
				GCC_PREFIX_HEADER = "UnitTests/UnitTests-Prefix.pch";
				GCC_PREPROCESSOR_DEFINITIONS = (
					"DEBUG=1",
					"$(inherited)",
				);
				GCC_WARN_64_TO_32_BIT_CONVERSION = YES;
				GCC_WARN_ABOUT_RETURN_TYPE = YES_ERROR;
				GCC_WARN_UNDECLARED_SELECTOR = YES;
				GCC_WARN_UNUSED_FUNCTION = YES;
				GENERATE_PROFILING_CODE = YES;
				HEADER_SEARCH_PATHS = (
					"\"${PODS_ROOT}/Headers\"",
					"\"${PODS_ROOT}/Headers/GHUnitIOS\"",
					"\"${PODS_ROOT}/Headers/OCMock\"",
					"\"${PODS_ROOT}/Headers/SZNetworking\"",
				);
				INFOPLIST_FILE = "UnitTests/UnitTests-Info.plist";
				IPHONEOS_DEPLOYMENT_TARGET = 6.1;
				LIBRARY_SEARCH_PATHS = "$(inherited)";
				OTHER_CFLAGS = "";
				OTHER_LDFLAGS = (
					"-all_load",
					"-ObjC",
				);
				PRODUCT_NAME = "$(TARGET_NAME)";
				WRAPPER_EXTENSION = app;
			};
			name = Debug;
		};
		2CDE0E9617E122A30048B055 /* Release */ = {
			isa = XCBuildConfiguration;
			baseConfigurationReference = 20AC7383AFAB491BB995F927 /* Pods.xcconfig */;
			buildSettings = {
				ASSETCATALOG_COMPILER_APPICON_NAME = AppIcon;
				ASSETCATALOG_COMPILER_LAUNCHIMAGE_NAME = LaunchImage;
				CLANG_ENABLE_MODULES = YES;
				CLANG_WARN_BOOL_CONVERSION = YES;
				CLANG_WARN_DIRECT_OBJC_ISA_USAGE = YES_ERROR;
				CLANG_WARN_OBJC_ROOT_CLASS = YES_ERROR;
				ENABLE_NS_ASSERTIONS = NO;
				FRAMEWORK_SEARCH_PATHS = "$(inherited)";
				GCC_GENERATE_TEST_COVERAGE_FILES = YES;
				GCC_INSTRUMENT_PROGRAM_FLOW_ARCS = YES;
				GCC_PRECOMPILE_PREFIX_HEADER = YES;
				GCC_PREFIX_HEADER = "UnitTests/UnitTests-Prefix.pch";
				GCC_WARN_64_TO_32_BIT_CONVERSION = YES;
				GCC_WARN_ABOUT_RETURN_TYPE = YES_ERROR;
				GCC_WARN_UNDECLARED_SELECTOR = YES;
				GCC_WARN_UNUSED_FUNCTION = YES;
				GENERATE_PROFILING_CODE = YES;
				HEADER_SEARCH_PATHS = (
					"\"${PODS_ROOT}/Headers\"",
					"\"${PODS_ROOT}/Headers/GHUnitIOS\"",
					"\"${PODS_ROOT}/Headers/OCMock\"",
					"\"${PODS_ROOT}/Headers/SZNetworking\"",
				);
				INFOPLIST_FILE = "UnitTests/UnitTests-Info.plist";
				IPHONEOS_DEPLOYMENT_TARGET = 6.1;
				LIBRARY_SEARCH_PATHS = "$(inherited)";
				OTHER_CFLAGS = "";
				OTHER_LDFLAGS = (
					"-all_load",
					"-ObjC",
				);
				PRODUCT_NAME = "$(TARGET_NAME)";
				WRAPPER_EXTENSION = app;
			};
			name = Release;
		};
/* End XCBuildConfiguration section */

/* Begin XCConfigurationList section */
		2C1B5BC617E2783D00855D0D /* Build configuration list for PBXNativeTarget "IntegrationTests" */ = {
			isa = XCConfigurationList;
			buildConfigurations = (
				2C1B5BBB17E2783D00855D0D /* Debug */,
				2C1B5BBC17E2783D00855D0D /* Release */,
			);
			defaultConfigurationIsVisible = 0;
			defaultConfigurationName = Release;
		};
		2C44DDFC18207EC30026938A /* Build configuration list for PBXNativeTarget "Loopy" */ = {
			isa = XCConfigurationList;
			buildConfigurations = (
				2C44DDFD18207EC30026938A /* Debug */,
				2C44DDFE18207EC30026938A /* Release */,
			);
			defaultConfigurationIsVisible = 0;
			defaultConfigurationName = Release;
		};
		2C48EAEA17DF87F100181C3E /* Build configuration list for PBXProject "Loopy" */ = {
			isa = XCConfigurationList;
			buildConfigurations = (
				2C48EB0A17DF87F200181C3E /* Debug */,
				2C48EB0B17DF87F200181C3E /* Release */,
			);
			defaultConfigurationIsVisible = 0;
			defaultConfigurationName = Release;
		};
		2C48EB0C17DF87F200181C3E /* Build configuration list for PBXNativeTarget "TestApp" */ = {
			isa = XCConfigurationList;
			buildConfigurations = (
				2C48EB0D17DF87F200181C3E /* Debug */,
				2C48EB0E17DF87F200181C3E /* Release */,
			);
			defaultConfigurationIsVisible = 0;
			defaultConfigurationName = Release;
		};
		2C941F0418AC4CDF003D770D /* Build configuration list for PBXNativeTarget "TestAppNoInit" */ = {
			isa = XCConfigurationList;
			buildConfigurations = (
				2C941F0018AC4CDF003D770D /* Debug */,
				2C941F0118AC4CDF003D770D /* Release */,
			);
			defaultConfigurationIsVisible = 0;
			defaultConfigurationName = Release;
		};
		2C941F0518AC4CDF003D770D /* Build configuration list for PBXNativeTarget "TestAppNoInitTests" */ = {
			isa = XCConfigurationList;
			buildConfigurations = (
				2C941F0218AC4CDF003D770D /* Debug */,
				2C941F0318AC4CDF003D770D /* Release */,
			);
			defaultConfigurationIsVisible = 0;
			defaultConfigurationName = Release;
		};
		2CA668AA18218334003D0AF1 /* Build configuration list for PBXAggregateTarget "Loopy Framework" */ = {
			isa = XCConfigurationList;
			buildConfigurations = (
				2CA668A818218334003D0AF1 /* Debug */,
				2CA668A918218334003D0AF1 /* Release */,
			);
			defaultConfigurationIsVisible = 0;
			defaultConfigurationName = Release;
		};
		2CDE0E9417E122A30048B055 /* Build configuration list for PBXNativeTarget "UnitTests" */ = {
			isa = XCConfigurationList;
			buildConfigurations = (
				2CDE0E9517E122A30048B055 /* Debug */,
				2CDE0E9617E122A30048B055 /* Release */,
			);
			defaultConfigurationIsVisible = 0;
			defaultConfigurationName = Release;
		};
/* End XCConfigurationList section */
	};
	rootObject = 2C48EAE717DF87F100181C3E /* Project object */;
}
