PODS:
  - GHUnitIOS (0.5.6)
  - OCMock (2.2.1)

DEPENDENCIES:
  - GHUnitIOS (from `https://raw.github.com/CocoaPods/Specs/master/GHUnitIOS/0.5.6/GHUnitIOS.podspec`)
  - OCMock (from `https://raw.github.com/CocoaPods/Specs/master/OCMock/2.2.1/OCMock.podspec`)

EXTERNAL SOURCES:
  GHUnitIOS:
    :podspec: https://raw.github.com/CocoaPods/Specs/master/GHUnitIOS/0.5.6/GHUnitIOS.podspec
  OCMock:
    :podspec: https://raw.github.com/CocoaPods/Specs/master/OCMock/2.2.1/OCMock.podspec

SPEC CHECKSUMS:
  GHUnitIOS: bf149b2c44084eee2785ce4ac3675c3a699e509d
  OCMock: 80e4cfbc71a0e1bd28caf10a9fda27da7c4c8402

COCOAPODS: 0.25.0
